
Microsoft Visual Studio Solution File, Format Version 12.00
# Visual Studio Version 16
VisualStudioVersion = 16.0.29102.190
MinimumVisualStudioVersion = 10.0.40219.1
Project("{8BC9CEB8-8B4A-11D0-8D11-00A0C91BC942}") = "StockAnalysis", "StockAnalysis\StockAnalysis.vcxproj", "{37404DD5-58A1-46DC-A0A9-23D4FF0E007D}"
EndProject
Project("{8BC9CEB8-8B4A-11D0-8D11-00A0C91BC942}") = "UnitTest", "GoogleUnitTest\UnitTest.vcxproj", "{B59E4FFF-9041-490E-96BF-E492C1DD7C23}"
EndProject
Project("{2150E333-8FDC-42A3-9474-1A3956D46DE8}") = "Solution Items", "Solution Items", "{4F3BADE0-1F2E-4169-AA65-EDF785723F38}"
EndProject
Global
	GlobalSection(SolutionConfigurationPlatforms) = preSolution
		ASANRelease|x64 = ASANRelease|x64
		ASANRelease|x86 = ASANRelease|x86
		Debug|x64 = Debug|x64
		Debug|x86 = Debug|x86
		Release|x64 = Release|x64
		Release|x86 = Release|x86
	EndGlobalSection
	GlobalSection(ProjectConfigurationPlatforms) = postSolution
		{37404DD5-58A1-46DC-A0A9-23D4FF0E007D}.ASANRelease|x64.ActiveCfg = ASANRelease|x64
		{37404DD5-58A1-46DC-A0A9-23D4FF0E007D}.ASANRelease|x64.Build.0 = ASANRelease|x64
		{37404DD5-58A1-46DC-A0A9-23D4FF0E007D}.ASANRelease|x86.ActiveCfg = ASANRelease|Win32
		{37404DD5-58A1-46DC-A0A9-23D4FF0E007D}.ASANRelease|x86.Build.0 = ASANRelease|Win32
		{37404DD5-58A1-46DC-A0A9-23D4FF0E007D}.Debug|x64.ActiveCfg = Debug|x64
		{37404DD5-58A1-46DC-A0A9-23D4FF0E007D}.Debug|x64.Build.0 = Debug|x64
		{37404DD5-58A1-46DC-A0A9-23D4FF0E007D}.Debug|x86.ActiveCfg = Debug|Win32
		{37404DD5-58A1-46DC-A0A9-23D4FF0E007D}.Debug|x86.Build.0 = Debug|Win32
		{37404DD5-58A1-46DC-A0A9-23D4FF0E007D}.Release|x64.ActiveCfg = Release|x64
		{37404DD5-58A1-46DC-A0A9-23D4FF0E007D}.Release|x64.Build.0 = Release|x64
		{37404DD5-58A1-46DC-A0A9-23D4FF0E007D}.Release|x86.ActiveCfg = Release|Win32
		{37404DD5-58A1-46DC-A0A9-23D4FF0E007D}.Release|x86.Build.0 = Release|Win32
		{B59E4FFF-9041-490E-96BF-E492C1DD7C23}.ASANRelease|x64.ActiveCfg = ASANRelease|x64
		{B59E4FFF-9041-490E-96BF-E492C1DD7C23}.ASANRelease|x64.Build.0 = ASANRelease|x64
		{B59E4FFF-9041-490E-96BF-E492C1DD7C23}.ASANRelease|x86.ActiveCfg = ASANRelease|Win32
		{B59E4FFF-9041-490E-96BF-E492C1DD7C23}.ASANRelease|x86.Build.0 = ASANRelease|Win32
		{B59E4FFF-9041-490E-96BF-E492C1DD7C23}.Debug|x64.ActiveCfg = Debug|x64
		{B59E4FFF-9041-490E-96BF-E492C1DD7C23}.Debug|x64.Build.0 = Debug|x64
		{B59E4FFF-9041-490E-96BF-E492C1DD7C23}.Debug|x86.ActiveCfg = Debug|Win32
		{B59E4FFF-9041-490E-96BF-E492C1DD7C23}.Debug|x86.Build.0 = Debug|Win32
		{B59E4FFF-9041-490E-96BF-E492C1DD7C23}.Release|x64.ActiveCfg = Debug|x64
		{B59E4FFF-9041-490E-96BF-E492C1DD7C23}.Release|x64.Build.0 = Debug|x64
		{B59E4FFF-9041-490E-96BF-E492C1DD7C23}.Release|x86.ActiveCfg = Release|Win32
		{B59E4FFF-9041-490E-96BF-E492C1DD7C23}.Release|x86.Build.0 = Release|Win32
	EndGlobalSection
	GlobalSection(SolutionProperties) = preSolution
		HideSolutionNode = FALSE
	EndGlobalSection
	GlobalSection(ExtensibilityGlobals) = postSolution
		SolutionGuid = {AA133977-CE72-40A9-B1FA-1160D437FF5E}
	EndGlobalSection
EndGlobal
