<?xml version="1.0" encoding="utf-8"?>
<Project ToolsVersion="4.0" xmlns="http://schemas.microsoft.com/developer/msbuild/2003">
  <ItemGroup>
    <Filter Include="源文件">
      <UniqueIdentifier>{4FC737F1-C7A5-4376-A066-2A32D752A2FF}</UniqueIdentifier>
      <Extensions>cpp;c;cc;cxx;def;odl;idl;hpj;bat;asm;asmx</Extensions>
    </Filter>
    <Filter Include="头文件">
      <UniqueIdentifier>{93995380-89BD-4b04-88EB-625FBE52EBFB}</UniqueIdentifier>
      <Extensions>h;hh;hpp;hxx;hm;inl;inc;ipp;xsd</Extensions>
    </Filter>
    <Filter Include="资源文件">
      <UniqueIdentifier>{67DA6AB6-F800-4c08-8B7A-83BB121AAD01}</UniqueIdentifier>
      <Extensions>rc;ico;cur;bmp;dlg;rc2;rct;bin;rgs;gif;jpg;jpeg;jpe;resx;tiff;tif;png;wav;mfcribbon-ms</Extensions>
    </Filter>
    <Filter Include="头文件\辅助类和函数">
      <UniqueIdentifier>{e9fe89bd-789b-4bbc-8d76-2b466f9f63b1}</UniqueIdentifier>
    </Filter>
    <Filter Include="源文件\辅助类和函数">
      <UniqueIdentifier>{c15f47f1-9278-47e2-8f5d-465ca7ccf999}</UniqueIdentifier>
    </Filter>
    <Filter Include="头文件\Windows界面">
      <UniqueIdentifier>{ff91081d-aab4-4a5b-8015-494761ebc4f1}</UniqueIdentifier>
    </Filter>
    <Filter Include="源文件\windows界面">
      <UniqueIdentifier>{7f374a32-c51a-484f-9711-e3e79cc75b9f}</UniqueIdentifier>
    </Filter>
    <Filter Include="头文件\网络数据提取器">
      <UniqueIdentifier>{d3a3ad51-6024-4a9e-94df-151326f729ea}</UniqueIdentifier>
    </Filter>
    <Filter Include="源文件\网络数据提取器">
      <UniqueIdentifier>{72c0370f-98bb-40af-9cd0-d0eb922a24c9}</UniqueIdentifier>
    </Filter>
    <Filter Include="头文件\Crweber.com Market">
      <UniqueIdentifier>{fde15843-a652-49bd-b756-9bf24abc38bb}</UniqueIdentifier>
    </Filter>
    <Filter Include="头文件\Poten Daily Briefing Market">
      <UniqueIdentifier>{928679be-5389-4503-a809-8cea8f203509}</UniqueIdentifier>
    </Filter>
    <Filter Include="源文件\Crweber.com Market">
      <UniqueIdentifier>{0046b2db-442f-404f-85e7-0fd6b6512cea}</UniqueIdentifier>
    </Filter>
    <Filter Include="源文件\Poten Daily Briefing Market">
      <UniqueIdentifier>{52662461-24bd-43ef-85a1-e88fca5a96fb}</UniqueIdentifier>
    </Filter>
    <Filter Include="源文件\China Market">
      <UniqueIdentifier>{bbdb3553-c794-4b3a-9b9e-e276966333b8}</UniqueIdentifier>
    </Filter>
    <Filter Include="源文件\China Market\网络通信">
      <UniqueIdentifier>{2611ccea-99cc-46b4-b539-0ef79cf1189e}</UniqueIdentifier>
    </Filter>
    <Filter Include="源文件\China Market\数据库">
      <UniqueIdentifier>{2f1ae1e8-661f-4971-a472-5e96e8380eb2}</UniqueIdentifier>
    </Filter>
    <Filter Include="源文件\China Market\工作线程">
      <UniqueIdentifier>{614cba05-4bb4-404e-a5e0-ba0aead33e53}</UniqueIdentifier>
    </Filter>
    <Filter Include="源文件\China Market\基础数据类">
      <UniqueIdentifier>{b513de86-de3e-4c50-b7fa-466fae532773}</UniqueIdentifier>
    </Filter>
    <Filter Include="头文件\World Market">
      <UniqueIdentifier>{85ee978d-cd8c-4997-9e78-b66061c85a83}</UniqueIdentifier>
    </Filter>
    <Filter Include="头文件\World Market\实现">
      <UniqueIdentifier>{62262c0c-fefc-423b-8865-905bc6154cd9}</UniqueIdentifier>
    </Filter>
    <Filter Include="头文件\World Market\网络通信">
      <UniqueIdentifier>{93c51bfc-3e6e-44e6-96ba-17ed5465cb2b}</UniqueIdentifier>
    </Filter>
    <Filter Include="源文件\World Market">
      <UniqueIdentifier>{23275e11-b50c-4b14-9534-fa11e3ab2c89}</UniqueIdentifier>
    </Filter>
    <Filter Include="源文件\World Market\实现">
      <UniqueIdentifier>{7f3fff23-b4a5-4f22-b8ae-548f9da2c5f5}</UniqueIdentifier>
    </Filter>
    <Filter Include="源文件\World Market\工作线程">
      <UniqueIdentifier>{0cb3bc8a-0fb0-4e26-a115-e59d0a1772e6}</UniqueIdentifier>
    </Filter>
    <Filter Include="源文件\World Market\网络通信">
      <UniqueIdentifier>{7e6320d9-417b-45fd-aa3d-a30d5249b0d3}</UniqueIdentifier>
    </Filter>
    <Filter Include="头文件\China Market">
      <UniqueIdentifier>{16557625-a09d-4e58-97a5-4f794fb65075}</UniqueIdentifier>
    </Filter>
    <Filter Include="头文件\China Market\数据库">
      <UniqueIdentifier>{13ecdaff-a4be-49d7-8e13-b37df1208114}</UniqueIdentifier>
    </Filter>
    <Filter Include="头文件\China Market\网络通信">
      <UniqueIdentifier>{73cf621c-e037-44e4-9071-f8e73c30f28f}</UniqueIdentifier>
    </Filter>
    <Filter Include="头文件\China Market\基础数据类">
      <UniqueIdentifier>{97e4e119-3a03-47c2-8d22-4e6459d54f25}</UniqueIdentifier>
    </Filter>
    <Filter Include="头文件\China Market\基类">
      <UniqueIdentifier>{736b912a-bcfd-4f4d-8623-95fc3d43028f}</UniqueIdentifier>
    </Filter>
    <Filter Include="源文件\China Market\基类">
      <UniqueIdentifier>{6bc823fd-4718-4603-9453-614fb5c07332}</UniqueIdentifier>
    </Filter>
    <Filter Include="头文件\World Market\数据库">
      <UniqueIdentifier>{fb1337e7-27d8-46b2-be67-46d0c97ace66}</UniqueIdentifier>
    </Filter>
    <Filter Include="头文件\World Market\类型">
      <UniqueIdentifier>{6c99dadd-719f-4a11-ac93-1ceb6e62d26b}</UniqueIdentifier>
    </Filter>
    <Filter Include="源文件\World Market\数据库">
      <UniqueIdentifier>{93432e80-4cf4-49eb-ba7e-969344fdab6a}</UniqueIdentifier>
    </Filter>
    <Filter Include="源文件\World Market\类型">
      <UniqueIdentifier>{0106f414-d766-4ad6-91dd-f3e5d5bb8448}</UniqueIdentifier>
    </Filter>
    <Filter Include="头文件\Base Class">
      <UniqueIdentifier>{f63ea7c3-d856-4cac-bc80-f5f8267cb1b8}</UniqueIdentifier>
    </Filter>
    <Filter Include="源文件\Base Class">
      <UniqueIdentifier>{8e686ba3-15b6-4540-bb77-449cdb398b0a}</UniqueIdentifier>
    </Filter>
  </ItemGroup>
  <ItemGroup>
    <ClInclude Include="stdafx.h">
      <Filter>头文件</Filter>
    </ClInclude>
    <ClInclude Include="source\DayLine.h">
      <Filter>头文件\China Market\基础数据类</Filter>
    </ClInclude>
    <ClInclude Include="source\OneDeal.h">
      <Filter>头文件\China Market\基础数据类</Filter>
    </ClInclude>
    <ClInclude Include="source\globedef.h">
      <Filter>头文件</Filter>
    </ClInclude>
    <ClInclude Include="source\Accessory.h">
      <Filter>头文件\辅助类和函数</Filter>
    </ClInclude>
    <ClInclude Include="source\SystemMessage.h">
      <Filter>头文件\辅助类和函数</Filter>
    </ClInclude>
    <ClInclude Include="ChildFrm.h">
      <Filter>头文件\Windows界面</Filter>
    </ClInclude>
    <ClInclude Include="OutputWnd.h">
      <Filter>头文件\Windows界面</Filter>
    </ClInclude>
    <ClInclude Include="StockAnalysis.h">
      <Filter>头文件\Windows界面</Filter>
    </ClInclude>
    <ClInclude Include="StockAnalysisDoc.h">
      <Filter>头文件\Windows界面</Filter>
    </ClInclude>
    <ClInclude Include="StockAnalysisView.h">
      <Filter>头文件\Windows界面</Filter>
    </ClInclude>
    <ClInclude Include="MainFrm.h">
      <Filter>头文件\Windows界面</Filter>
    </ClInclude>
    <ClInclude Include="targetver.h">
      <Filter>头文件\Windows界面</Filter>
    </ClInclude>
    <ClInclude Include="source\Semaphore.h">
      <Filter>头文件\辅助类和函数</Filter>
    </ClInclude>
    <ClInclude Include="source\QueueWebData.h">
      <Filter>头文件\网络数据提取器</Filter>
    </ClInclude>
    <ClInclude Include="source\WebInquirer.h">
      <Filter>头文件\网络数据提取器</Filter>
    </ClInclude>
    <ClInclude Include="source\ThreadStatus.h">
      <Filter>头文件\辅助类和函数</Filter>
    </ClInclude>
    <ClInclude Include="source\Thread.h">
      <Filter>头文件\辅助类和函数</Filter>
    </ClInclude>
    <ClInclude Include="source\WebData.h">
      <Filter>头文件\辅助类和函数</Filter>
    </ClInclude>
    <ClInclude Include="source\Guadan.h">
      <Filter>头文件\China Market\基础数据类</Filter>
    </ClInclude>
    <ClInclude Include="source\DataBase\SetChoicedStock.h">
      <Filter>头文件\China Market\数据库</Filter>
    </ClInclude>
    <ClInclude Include="source\DataBase\SetDayLineBasicInfo.h">
      <Filter>头文件\China Market\数据库</Filter>
    </ClInclude>
    <ClInclude Include="source\DataBase\SetDayLineExtendInfo.h">
      <Filter>头文件\China Market\数据库</Filter>
    </ClInclude>
    <ClInclude Include="source\DataBase\SetDayLineToday.h">
      <Filter>头文件\China Market\数据库</Filter>
    </ClInclude>
    <ClInclude Include="source\DataBase\SetOption.h">
      <Filter>头文件\China Market\数据库</Filter>
    </ClInclude>
    <ClInclude Include="source\DataBase\SetOptionChinaStockMarket.h">
      <Filter>头文件\China Market\数据库</Filter>
    </ClInclude>
    <ClInclude Include="source\DataBase\SetRealTimeData.h">
      <Filter>头文件\China Market\数据库</Filter>
    </ClInclude>
    <ClInclude Include="source\DataBase\SetRSOption.h">
      <Filter>头文件\China Market\数据库</Filter>
    </ClInclude>
    <ClInclude Include="source\DataBase\SetRSStrong1Stock.h">
      <Filter>头文件\China Market\数据库</Filter>
    </ClInclude>
    <ClInclude Include="source\DataBase\SetRSStrong2Stock.h">
      <Filter>头文件\China Market\数据库</Filter>
    </ClInclude>
    <ClInclude Include="source\DataBase\SetRSStrongStock.h">
      <Filter>头文件\China Market\数据库</Filter>
    </ClInclude>
    <ClInclude Include="source\DataBase\SetStockCode.h">
      <Filter>头文件\China Market\数据库</Filter>
    </ClInclude>
    <ClInclude Include="source\DataBase\SetCrweberIndex.h">
      <Filter>头文件\Crweber.com Market</Filter>
    </ClInclude>
    <ClInclude Include="source\DataBase\SetPotenDailyBriefing.h">
      <Filter>头文件\Poten Daily Briefing Market</Filter>
    </ClInclude>
    <ClInclude Include="source\DataBase\SetWeekLineBasicInfo.h">
      <Filter>头文件\China Market\数据库</Filter>
    </ClInclude>
    <ClInclude Include="source\DataBase\SetWeekLineExtendInfo.h">
      <Filter>头文件\China Market\数据库</Filter>
    </ClInclude>
    <ClInclude Include="source\WeekLine.h">
      <Filter>头文件\China Market\基础数据类</Filter>
    </ClInclude>
    <ClInclude Include="source\DayLineContainer.h">
      <Filter>头文件\China Market\基础数据类</Filter>
    </ClInclude>
    <ClInclude Include="source\WeekLineContainer.h">
      <Filter>头文件\China Market\基础数据类</Filter>
    </ClInclude>
    <ClInclude Include="source\WebRTData.h">
      <Filter>头文件\China Market\基础数据类</Filter>
    </ClInclude>
    <ClInclude Include="source\WebRTDataContainer.h">
      <Filter>头文件\辅助类和函数</Filter>
    </ClInclude>
    <ClInclude Include="source\PriorityQueueWebRTData.h">
      <Filter>头文件\辅助类和函数</Filter>
    </ClInclude>
    <ClInclude Include="source\QueueWebRTData.h">
      <Filter>头文件\辅助类和函数</Filter>
    </ClInclude>
    <ClInclude Include="source\DataBase\SetWeekLineInfo.h">
      <Filter>头文件\China Market\数据库</Filter>
    </ClInclude>
    <ClInclude Include="GlobeSymbolDef.h">
      <Filter>头文件</Filter>
    </ClInclude>
    <ClInclude Include="source\AmericaMarket\QuandlWebInquiry.h">
      <Filter>头文件\World Market\网络通信</Filter>
    </ClInclude>
    <ClInclude Include="source\AmericaMarket\TiingoWebInquiry.h">
      <Filter>头文件\World Market\网络通信</Filter>
    </ClInclude>
    <ClInclude Include="source\AmericaMarket\TiingoStock.h">
      <Filter>头文件\World Market\类型</Filter>
    </ClInclude>
    <ClInclude Include="source\AmericaMarket\FinnhubForexSymbol.h">
      <Filter>头文件\World Market\类型</Filter>
    </ClInclude>
    <ClInclude Include="source\AmericaMarket\Country.h">
      <Filter>头文件\World Market\类型</Filter>
    </ClInclude>
    <ClInclude Include="source\AmericaMarket\EPSSurprise.h">
      <Filter>头文件\World Market\类型</Filter>
    </ClInclude>
    <ClInclude Include="source\AmericaMarket\EconomicCalendar.h">
      <Filter>头文件\World Market\类型</Filter>
    </ClInclude>
    <ClInclude Include="source\AmericaMarket\FinnhubExchange.h">
      <Filter>头文件\World Market\类型</Filter>
    </ClInclude>
    <ClInclude Include="source\AmericaMarket\WorldStock.h">
      <Filter>头文件\World Market</Filter>
    </ClInclude>
    <ClInclude Include="source\AmericaMarket\WorldMarket.h">
      <Filter>头文件\World Market</Filter>
    </ClInclude>
    <ClInclude Include="source\AmericaMarket\FinnHubWebInquiry.h">
      <Filter>头文件\World Market\网络通信</Filter>
    </ClInclude>
    <ClInclude Include="source\Crweber\CrweberIndex.h">
      <Filter>头文件\Crweber.com Market</Filter>
    </ClInclude>
    <ClInclude Include="source\Crweber\CrweberIndexMarket.h">
      <Filter>头文件\Crweber.com Market</Filter>
    </ClInclude>
    <ClInclude Include="source\Crweber\CrweberIndexWebInquiry.h">
      <Filter>头文件\Crweber.com Market</Filter>
    </ClInclude>
    <ClInclude Include="source\Poten Daily\PotenDailyBriefing.h">
      <Filter>头文件\Poten Daily Briefing Market</Filter>
    </ClInclude>
    <ClInclude Include="source\Poten Daily\PotenDailyBriefingMarket.h">
      <Filter>头文件\Poten Daily Briefing Market</Filter>
    </ClInclude>
    <ClInclude Include="source\Poten Daily\PotenDailyBriefingWebInquiry.h">
      <Filter>头文件\Poten Daily Briefing Market</Filter>
    </ClInclude>
    <ClInclude Include="source\ChinaMarket\NeteaseDayLineWebInquiry.h">
      <Filter>头文件\China Market\网络通信</Filter>
    </ClInclude>
    <ClInclude Include="source\ChinaMarket\NeteaseRTWebInquiry.h">
      <Filter>头文件\China Market\网络通信</Filter>
    </ClInclude>
    <ClInclude Include="source\ChinaMarket\SinaRTWebInquiry.h">
      <Filter>头文件\China Market\网络通信</Filter>
    </ClInclude>
    <ClInclude Include="source\ChinaMarket\TengxunRTWebInquiry.h">
      <Filter>头文件\China Market\网络通信</Filter>
    </ClInclude>
    <ClInclude Include="source\ChinaMarket\ChinaMarket.h">
      <Filter>头文件\China Market</Filter>
    </ClInclude>
    <ClInclude Include="resource.h">
      <Filter>头文件</Filter>
    </ClInclude>
    <ClInclude Include="source\ChinaMarket\ChinaStock.h">
      <Filter>头文件\China Market</Filter>
    </ClInclude>
    <ClInclude Include="source\DataBase\SetStockSection.h">
      <Filter>头文件\China Market\数据库</Filter>
    </ClInclude>
    <ClInclude Include="source\ChinaStockHistoryData.h">
      <Filter>头文件\China Market\基类</Filter>
    </ClInclude>
    <ClInclude Include="source\ChinaStockHistoryDataContainer.h">
      <Filter>头文件\China Market\基类</Filter>
    </ClInclude>
    <ClInclude Include="source\ChinaMarket\StockSection.h">
      <Filter>头文件\China Market\基础数据类</Filter>
    </ClInclude>
    <ClInclude Include="source\AmericaMarket\SICIndustry.h">
      <Filter>头文件\World Market\类型</Filter>
    </ClInclude>
    <ClInclude Include="source\AmericaMarket\NaicsIndustry.h">
      <Filter>头文件\World Market\类型</Filter>
    </ClInclude>
    <ClInclude Include="source\AmericaMarket\TiingoIndustry.h">
      <Filter>头文件\World Market\类型</Filter>
    </ClInclude>
    <ClInclude Include="source\Base Class\VirtualHistoryData.h">
      <Filter>头文件\Base Class</Filter>
    </ClInclude>
    <ClInclude Include="source\Base Class\VirtualMarket.h">
      <Filter>头文件\Base Class</Filter>
    </ClInclude>
    <ClInclude Include="source\Base Class\VirtualStock.h">
      <Filter>头文件\Base Class</Filter>
    </ClInclude>
    <ClInclude Include="source\Base Class\VirtualWebInquiry.h">
      <Filter>头文件\Base Class</Filter>
    </ClInclude>
    <ClInclude Include="source\AmericaMarket\DataBase\SetCountry.h">
      <Filter>头文件\World Market\数据库</Filter>
    </ClInclude>
    <ClInclude Include="source\AmericaMarket\DataBase\SetEconomicCalendar.h">
      <Filter>头文件\World Market\数据库</Filter>
    </ClInclude>
    <ClInclude Include="source\AmericaMarket\DataBase\SetEPSSurprise.h">
      <Filter>头文件\World Market\数据库</Filter>
    </ClInclude>
    <ClInclude Include="source\AmericaMarket\DataBase\SetFinnhubExchange.h">
      <Filter>头文件\World Market\数据库</Filter>
    </ClInclude>
    <ClInclude Include="source\AmericaMarket\DataBase\SetFinnhubForexExchange.h">
      <Filter>头文件\World Market\数据库</Filter>
    </ClInclude>
    <ClInclude Include="source\AmericaMarket\DataBase\SetFinnhubForexSymbol.h">
      <Filter>头文件\World Market\数据库</Filter>
    </ClInclude>
    <ClInclude Include="source\AmericaMarket\DataBase\SetForexDayLine.h">
      <Filter>头文件\World Market\数据库</Filter>
    </ClInclude>
    <ClInclude Include="source\AmericaMarket\DataBase\SetNaicsIndustry.h">
      <Filter>头文件\World Market\数据库</Filter>
    </ClInclude>
    <ClInclude Include="source\AmericaMarket\DataBase\SetSICIndustry.h">
      <Filter>头文件\World Market\数据库</Filter>
    </ClInclude>
    <ClInclude Include="source\AmericaMarket\DataBase\SetTiingoIndustry.h">
      <Filter>头文件\World Market\数据库</Filter>
    </ClInclude>
    <ClInclude Include="source\AmericaMarket\DataBase\SetTiingoStock.h">
      <Filter>头文件\World Market\数据库</Filter>
    </ClInclude>
    <ClInclude Include="source\AmericaMarket\DataBase\SetWorldChoicedStock.h">
      <Filter>头文件\World Market\数据库</Filter>
    </ClInclude>
    <ClInclude Include="source\AmericaMarket\DataBase\SetWorldMarketOption.h">
      <Filter>头文件\World Market\数据库</Filter>
    </ClInclude>
    <ClInclude Include="source\AmericaMarket\DataBase\SetWorldStock.h">
      <Filter>头文件\World Market\数据库</Filter>
    </ClInclude>
    <ClInclude Include="source\AmericaMarket\DataBase\SetWorldStockDayLine.h">
      <Filter>头文件\World Market\数据库</Filter>
    </ClInclude>
    <ClInclude Include="source\AmericaMarket\InsiderTransaction.h">
      <Filter>头文件\World Market\类型</Filter>
    </ClInclude>
    <ClInclude Include="source\AmericaMarket\DataBase\SetInsiderTransaction.h">
      <Filter>头文件\World Market\数据库</Filter>
    </ClInclude>
  </ItemGroup>
  <ItemGroup>
    <ClCompile Include="stdafx.cpp">
      <Filter>源文件</Filter>
    </ClCompile>
    <ClCompile Include="source\DayLine.cpp">
      <Filter>源文件\China Market\基础数据类</Filter>
    </ClCompile>
    <ClCompile Include="source\OneDeal.cpp">
      <Filter>源文件\China Market\基础数据类</Filter>
    </ClCompile>
    <ClCompile Include="source\globedef.cpp">
      <Filter>源文件</Filter>
    </ClCompile>
    <ClCompile Include="source\Accessory.cpp">
      <Filter>源文件\辅助类和函数</Filter>
    </ClCompile>
    <ClCompile Include="source\SystemMessage.cpp">
      <Filter>源文件\辅助类和函数</Filter>
    </ClCompile>
    <ClCompile Include="ChildFrm.cpp">
      <Filter>源文件\windows界面</Filter>
    </ClCompile>
    <ClCompile Include="MainFrm.cpp">
      <Filter>源文件\windows界面</Filter>
    </ClCompile>
    <ClCompile Include="OutputWnd.cpp">
      <Filter>源文件\windows界面</Filter>
    </ClCompile>
    <ClCompile Include="StockAnalysis.cpp">
      <Filter>源文件\windows界面</Filter>
    </ClCompile>
    <ClCompile Include="StockAnalysisDoc.cpp">
      <Filter>源文件\windows界面</Filter>
    </ClCompile>
    <ClCompile Include="StockAnalysisView.cpp">
      <Filter>源文件\windows界面</Filter>
    </ClCompile>
    <ClCompile Include="source\QueueWebData.cpp">
      <Filter>源文件\辅助类和函数</Filter>
    </ClCompile>
    <ClCompile Include="source\WebInquirer.cpp">
      <Filter>源文件\网络数据提取器</Filter>
    </ClCompile>
    <ClCompile Include="source\ThreadStatus.cpp">
      <Filter>源文件\辅助类和函数</Filter>
    </ClCompile>
    <ClCompile Include="source\Guadan.cpp">
      <Filter>源文件\China Market\基础数据类</Filter>
    </ClCompile>
    <ClCompile Include="source\DataBase\SetChoicedStock.cpp">
      <Filter>源文件\China Market\数据库</Filter>
    </ClCompile>
    <ClCompile Include="source\DataBase\SetDayLineBasicInfo.cpp">
      <Filter>源文件\China Market\数据库</Filter>
    </ClCompile>
    <ClCompile Include="source\DataBase\SetDayLineExtendInfo.cpp">
      <Filter>源文件\China Market\数据库</Filter>
    </ClCompile>
    <ClCompile Include="source\DataBase\SetDayLineToday.cpp">
      <Filter>源文件\China Market\数据库</Filter>
    </ClCompile>
    <ClCompile Include="source\DataBase\SetOption.cpp">
      <Filter>源文件\China Market\数据库</Filter>
    </ClCompile>
    <ClCompile Include="source\DataBase\SetOptionChinaStockMarket.cpp">
      <Filter>源文件\China Market\数据库</Filter>
    </ClCompile>
    <ClCompile Include="source\DataBase\SetRealTimeData.cpp">
      <Filter>源文件\China Market\数据库</Filter>
    </ClCompile>
    <ClCompile Include="source\DataBase\SetRSOption.cpp">
      <Filter>源文件\China Market\数据库</Filter>
    </ClCompile>
    <ClCompile Include="source\DataBase\SetRSStrong1Stock.cpp">
      <Filter>源文件\China Market\数据库</Filter>
    </ClCompile>
    <ClCompile Include="source\DataBase\SetRSStrong2Stcok.cpp">
      <Filter>源文件\China Market\数据库</Filter>
    </ClCompile>
    <ClCompile Include="source\DataBase\SetRSStrongStock.cpp">
      <Filter>源文件\China Market\数据库</Filter>
    </ClCompile>
    <ClCompile Include="source\DataBase\SetStockCode.cpp">
      <Filter>源文件\China Market\数据库</Filter>
    </ClCompile>
    <ClCompile Include="source\DataBase\SetCrweberIndex.cpp">
      <Filter>源文件\Crweber.com Market</Filter>
    </ClCompile>
    <ClCompile Include="source\DataBase\SetPotenDailyBriefing.cpp">
      <Filter>源文件\Poten Daily Briefing Market</Filter>
    </ClCompile>
    <ClCompile Include="source\DataBase\SetWeekLineBasicInfo.cpp">
      <Filter>源文件\China Market\数据库</Filter>
    </ClCompile>
    <ClCompile Include="source\DataBase\SetWeekLinextendInfo.cpp">
      <Filter>源文件\China Market\数据库</Filter>
    </ClCompile>
    <ClCompile Include="source\WeekLine.cpp">
      <Filter>源文件\China Market\基础数据类</Filter>
    </ClCompile>
    <ClCompile Include="source\DayLineContainer.cpp">
      <Filter>源文件\China Market\基础数据类</Filter>
    </ClCompile>
    <ClCompile Include="source\WeekLineContainer.cpp">
      <Filter>源文件\China Market\基础数据类</Filter>
    </ClCompile>
    <ClCompile Include="source\WebRTData.cpp">
      <Filter>源文件\China Market\基础数据类</Filter>
    </ClCompile>
    <ClCompile Include="source\WebRTDataContainer.cpp">
      <Filter>源文件\辅助类和函数</Filter>
    </ClCompile>
    <ClCompile Include="source\PriorityQueueWebRTData.cpp">
      <Filter>源文件\辅助类和函数</Filter>
    </ClCompile>
    <ClCompile Include="source\QueueWebRTData.cpp">
      <Filter>源文件\辅助类和函数</Filter>
    </ClCompile>
    <ClCompile Include="source\DataBase\SetWeekLineInfo.cpp">
      <Filter>源文件\China Market\数据库</Filter>
    </ClCompile>
    <ClCompile Include="source\WebData.cpp">
      <Filter>源文件\辅助类和函数</Filter>
    </ClCompile>
    <ClCompile Include="source\AmericaMarket\ThreadUpdateForexDayLineDB.cpp">
      <Filter>源文件\World Market\工作线程</Filter>
    </ClCompile>
    <ClCompile Include="source\AmericaMarket\ThreadUpdateForexSymbolDB.cpp">
      <Filter>源文件\World Market\工作线程</Filter>
    </ClCompile>
    <ClCompile Include="source\AmericaMarket\ThreadUpdateCountryList.cpp">
      <Filter>源文件\World Market\工作线程</Filter>
    </ClCompile>
    <ClCompile Include="source\AmericaMarket\ThreadUpdateEPSSurpriseDB.cpp">
      <Filter>源文件\World Market\工作线程</Filter>
    </ClCompile>
    <ClCompile Include="source\AmericaMarket\ThreadReadTiingoData.cpp">
      <Filter>源文件\World Market\工作线程</Filter>
    </ClCompile>
    <ClCompile Include="source\AmericaMarket\ThreadReadQuandlData.cpp">
      <Filter>源文件\World Market\工作线程</Filter>
    </ClCompile>
    <ClCompile Include="source\AmericaMarket\ProcessFinnhubWebData.cpp">
      <Filter>源文件\World Market\实现</Filter>
    </ClCompile>
    <ClCompile Include="source\AmericaMarket\ProcessTiingoWebData.cpp">
      <Filter>源文件\World Market\实现</Filter>
    </ClCompile>
    <ClCompile Include="source\AmericaMarket\QuandlWebInquiry.cpp">
      <Filter>源文件\World Market\网络通信</Filter>
    </ClCompile>
    <ClCompile Include="source\AmericaMarket\TiingoWebInquiry.cpp">
      <Filter>源文件\World Market\网络通信</Filter>
    </ClCompile>
    <ClCompile Include="source\AmericaMarket\ThreadUpdateDayLineStartEndDate.cpp">
      <Filter>源文件\World Market\工作线程</Filter>
    </ClCompile>
    <ClCompile Include="source\AmericaMarket\TiingoStock.cpp">
      <Filter>源文件\World Market\类型</Filter>
    </ClCompile>
    <ClCompile Include="source\AmericaMarket\FinnhubForexSymbol.cpp">
      <Filter>源文件\World Market\类型</Filter>
    </ClCompile>
    <ClCompile Include="source\AmericaMarket\Country.cpp">
      <Filter>源文件\World Market\类型</Filter>
    </ClCompile>
    <ClCompile Include="source\AmericaMarket\EPSSurprise.cpp">
      <Filter>源文件\World Market\类型</Filter>
    </ClCompile>
    <ClCompile Include="source\AmericaMarket\EconomicCalendar.cpp">
      <Filter>源文件\World Market\类型</Filter>
    </ClCompile>
    <ClCompile Include="source\AmericaMarket\FinnhubExchange.cpp">
      <Filter>源文件\World Market\类型</Filter>
    </ClCompile>
    <ClCompile Include="source\AmericaMarket\WorldStock.cpp">
      <Filter>源文件\World Market</Filter>
    </ClCompile>
    <ClCompile Include="source\AmericaMarket\WorldMarket.cpp">
      <Filter>源文件\World Market</Filter>
    </ClCompile>
    <ClCompile Include="source\AmericaMarket\FinnHubWebInquiry.cpp">
      <Filter>源文件\World Market\网络通信</Filter>
    </ClCompile>
    <ClCompile Include="source\AmericaMarket\ThreadReadFinnHubData.cpp">
      <Filter>源文件\World Market\工作线程</Filter>
    </ClCompile>
    <ClCompile Include="source\Crweber\CrweberIndex.cpp">
      <Filter>源文件\Crweber.com Market</Filter>
    </ClCompile>
    <ClCompile Include="source\Crweber\CrweberIndexMarket.cpp">
      <Filter>源文件\Crweber.com Market</Filter>
    </ClCompile>
    <ClCompile Include="source\Crweber\CrweberIndexWebInquiry.cpp">
      <Filter>源文件\Crweber.com Market</Filter>
    </ClCompile>
    <ClCompile Include="source\Crweber\ThreadReadCrweberIndex.cpp">
      <Filter>源文件\Crweber.com Market</Filter>
    </ClCompile>
    <ClCompile Include="source\Crweber\ThreadSaveCrweberDB.cpp">
      <Filter>源文件\Crweber.com Market</Filter>
    </ClCompile>
    <ClCompile Include="source\Poten Daily\PotenDailyBriefing.cpp">
      <Filter>源文件\Poten Daily Briefing Market</Filter>
    </ClCompile>
    <ClCompile Include="source\Poten Daily\PotenDailyBriefingMarket.cpp">
      <Filter>源文件\Poten Daily Briefing Market</Filter>
    </ClCompile>
    <ClCompile Include="source\Poten Daily\PotenDailyBriefingWebInquiry.cpp">
      <Filter>源文件\Poten Daily Briefing Market</Filter>
    </ClCompile>
    <ClCompile Include="source\Poten Daily\ThreadReadPotenDailyBriefing.cpp">
      <Filter>源文件\Poten Daily Briefing Market</Filter>
    </ClCompile>
    <ClCompile Include="source\ChinaMarket\NeteaseDayLineWebInquiry.cpp">
      <Filter>源文件\China Market\网络通信</Filter>
    </ClCompile>
    <ClCompile Include="source\ChinaMarket\NeteaseRTWebInquiry.cpp">
      <Filter>源文件\China Market\网络通信</Filter>
    </ClCompile>
    <ClCompile Include="source\ChinaMarket\SinaRTWebInquiry.cpp">
      <Filter>源文件\China Market\网络通信</Filter>
    </ClCompile>
    <ClCompile Include="source\ChinaMarket\TengxunRTWebInquiry.cpp">
      <Filter>源文件\China Market\网络通信</Filter>
    </ClCompile>
    <ClCompile Include="source\ChinaMarket\ChinaMarket.cpp">
      <Filter>源文件\China Market</Filter>
    </ClCompile>
    <ClCompile Include="source\ChinaMarket\ThreadBuildDayLineRS.cpp">
      <Filter>源文件\China Market\工作线程</Filter>
    </ClCompile>
    <ClCompile Include="source\ChinaMarket\ThreadBuildWeekLine.cpp">
      <Filter>源文件\China Market\工作线程</Filter>
    </ClCompile>
    <ClCompile Include="source\ChinaMarket\ThreadBuildWeekLineRS.cpp">
      <Filter>源文件\China Market\工作线程</Filter>
    </ClCompile>
    <ClCompile Include="source\ChinaMarket\ThreadChoice10RSStrongSTockSet.cpp">
      <Filter>源文件\China Market\工作线程</Filter>
    </ClCompile>
    <ClCompile Include="source\ChinaMarket\ThreadLoadDayLine.cpp">
      <Filter>源文件\China Market\工作线程</Filter>
    </ClCompile>
    <ClCompile Include="source\ChinaMarket\ThreadLoadWeekLine.cpp">
      <Filter>源文件\China Market\工作线程</Filter>
    </ClCompile>
    <ClCompile Include="source\ChinaMarket\ThreadMaintainDayLineDB.cpp">
      <Filter>源文件\China Market\工作线程</Filter>
    </ClCompile>
    <ClCompile Include="source\ChinaMarket\ThreadProcessCurrentTradeDayStock.cpp">
      <Filter>源文件\China Market\工作线程</Filter>
    </ClCompile>
    <ClCompile Include="source\ChinaMarket\ThreadReadNeteaseDayLine.cpp">
      <Filter>源文件\China Market\工作线程</Filter>
    </ClCompile>
    <ClCompile Include="source\ChinaMarket\ThreadReadNeteaseRTData.cpp">
      <Filter>源文件\China Market\工作线程</Filter>
    </ClCompile>
    <ClCompile Include="source\ChinaMarket\ThreadReadSinaRTData.cpp">
      <Filter>源文件\China Market\工作线程</Filter>
    </ClCompile>
    <ClCompile Include="source\ChinaMarket\ThreadReadTengxunRTData.cpp">
      <Filter>源文件\China Market\工作线程</Filter>
    </ClCompile>
    <ClCompile Include="source\ChinaMarket\ThreadSaveDayLine.cpp">
      <Filter>源文件\China Market\工作线程</Filter>
    </ClCompile>
    <ClCompile Include="source\ChinaMarket\ThreadSaveRTData.cpp">
      <Filter>源文件\China Market\工作线程</Filter>
    </ClCompile>
    <ClCompile Include="source\ChinaMarket\ThreadSaveTempRTData.cpp">
      <Filter>源文件\China Market\工作线程</Filter>
    </ClCompile>
    <ClCompile Include="source\ChinaMarket\ThreadUpdateStockCodeDB.cpp">
      <Filter>源文件\China Market\工作线程</Filter>
    </ClCompile>
    <ClCompile Include="source\ChinaMarket\ChinaStock.cpp">
      <Filter>源文件\China Market</Filter>
    </ClCompile>
    <ClCompile Include="source\DataBase\SetStockSection.cpp">
      <Filter>源文件\China Market\数据库</Filter>
    </ClCompile>
    <ClCompile Include="source\ChinaStockHistoryData.cpp">
      <Filter>源文件\China Market\基类</Filter>
    </ClCompile>
    <ClCompile Include="source\ChinaStockHistoryDataContainer.cpp">
      <Filter>源文件\China Market\基类</Filter>
    </ClCompile>
    <ClCompile Include="source\ChinaMarket\StockSection.cpp">
      <Filter>源文件\China Market\基础数据类</Filter>
    </ClCompile>
    <ClCompile Include="source\ChinaMarket\ThreadSaveActiveStockCode.cpp">
      <Filter>源文件\China Market\工作线程</Filter>
    </ClCompile>
    <ClCompile Include="source\AmericaMarket\ThreadUpdateAmericaStockDayLine.cpp">
      <Filter>源文件\World Market\工作线程</Filter>
    </ClCompile>
    <ClCompile Include="source\AmericaMarket\ThreadUpdateStockProfileDB.cpp">
      <Filter>源文件\World Market\工作线程</Filter>
    </ClCompile>
    <ClCompile Include="source\AmericaMarket\SICIndustry.cpp">
      <Filter>源文件\World Market\类型</Filter>
    </ClCompile>
    <ClCompile Include="source\AmericaMarket\NaicesIndustry.cpp">
      <Filter>源文件\World Market\类型</Filter>
    </ClCompile>
    <ClCompile Include="source\AmericaMarket\ThreadUpdateTiingoStockDB.cpp">
      <Filter>源文件\World Market\工作线程</Filter>
    </ClCompile>
    <ClCompile Include="source\AmericaMarket\TiingoIndustry.cpp">
      <Filter>源文件\World Market\类型</Filter>
    </ClCompile>
    <ClCompile Include="source\AmericaMarket\ThreadUpdateTiingoIndustry.cpp">
      <Filter>源文件\World Market\工作线程</Filter>
    </ClCompile>
    <ClCompile Include="source\AmericaMarket\ThreadUpdateSICIndustry.cpp">
      <Filter>源文件\World Market\工作线程</Filter>
    </ClCompile>
    <ClCompile Include="source\AmericaMarket\ThreadUpdateNaicsIndustry.cpp">
      <Filter>源文件\World Market\工作线程</Filter>
    </ClCompile>
    <ClCompile Include="source\Base Class\VirtualHistoryData.cpp">
      <Filter>源文件\Base Class</Filter>
    </ClCompile>
    <ClCompile Include="source\Base Class\VirtualMarket.cpp">
      <Filter>源文件\Base Class</Filter>
    </ClCompile>
    <ClCompile Include="source\Base Class\VirtualStock.cpp">
      <Filter>源文件\Base Class</Filter>
    </ClCompile>
    <ClCompile Include="source\Base Class\VirtualWebInquiry.cpp">
      <Filter>源文件\Base Class</Filter>
    </ClCompile>
    <ClCompile Include="source\AmericaMarket\DataBase\SetCountry.cpp">
      <Filter>源文件\World Market\数据库</Filter>
    </ClCompile>
    <ClCompile Include="source\AmericaMarket\DataBase\SetEconimicCalendar.cpp">
      <Filter>源文件\World Market\数据库</Filter>
    </ClCompile>
    <ClCompile Include="source\AmericaMarket\DataBase\SetEPSSurprise.cpp">
      <Filter>源文件\World Market\数据库</Filter>
    </ClCompile>
    <ClCompile Include="source\AmericaMarket\DataBase\SetFinnhubExchange.cpp">
      <Filter>源文件\World Market\数据库</Filter>
    </ClCompile>
    <ClCompile Include="source\AmericaMarket\DataBase\SetFinnhubForexExchange.cpp">
      <Filter>源文件\World Market\数据库</Filter>
    </ClCompile>
    <ClCompile Include="source\AmericaMarket\DataBase\SetFinnhubForexSymbol.cpp">
      <Filter>源文件\World Market\数据库</Filter>
    </ClCompile>
    <ClCompile Include="source\AmericaMarket\DataBase\SetForexDayLine.cpp">
      <Filter>源文件\World Market\数据库</Filter>
    </ClCompile>
    <ClCompile Include="source\AmericaMarket\DataBase\SetNaicsIndustry.cpp">
      <Filter>源文件\World Market\数据库</Filter>
    </ClCompile>
    <ClCompile Include="source\AmericaMarket\DataBase\SetSICIndustry.cpp">
      <Filter>源文件\World Market\数据库</Filter>
    </ClCompile>
    <ClCompile Include="source\AmericaMarket\DataBase\SetTiingoIndustry.cpp">
      <Filter>源文件\World Market\数据库</Filter>
    </ClCompile>
    <ClCompile Include="source\AmericaMarket\DataBase\SetTiingoStock.cpp">
      <Filter>源文件\World Market\数据库</Filter>
    </ClCompile>
    <ClCompile Include="source\AmericaMarket\DataBase\SetWorldChoicedStock.cpp">
      <Filter>源文件\World Market\数据库</Filter>
    </ClCompile>
    <ClCompile Include="source\AmericaMarket\DataBase\SetWorldMarketOption.cpp">
      <Filter>源文件\World Market\数据库</Filter>
    </ClCompile>
    <ClCompile Include="source\AmericaMarket\DataBase\SetWorldStock.cpp">
      <Filter>源文件\World Market\数据库</Filter>
    </ClCompile>
    <ClCompile Include="source\AmericaMarket\DataBase\SetWorldStockDayLine.cpp">
      <Filter>源文件\World Market\数据库</Filter>
    </ClCompile>
    <ClCompile Include="source\AmericaMarket\DataBase\SetInsiderTransaction.cpp">
      <Filter>源文件\World Market\数据库</Filter>
    </ClCompile>
    <ClCompile Include="source\AmericaMarket\InsiderTransaction.cpp">
      <Filter>源文件\World Market\类型</Filter>
    </ClCompile>
    <ClCompile Include="source\AmericaMarket\ThreadUpdateInsiderTransactionDB.cpp">
      <Filter>源文件\World Market\工作线程</Filter>
    </ClCompile>
    <ClCompile Include="source\AmericaMarket\ThreadUpdateForexExchangeDB.cpp">
      <Filter>源文件\World Market\工作线程</Filter>
    </ClCompile>
  </ItemGroup>
  <ItemGroup>
    <ResourceCompile Include="StockAnalysis.rc">
      <Filter>资源文件</Filter>
    </ResourceCompile>
  </ItemGroup>
  <ItemGroup>
    <Image Include="res\output_wnd.ico">
      <Filter>资源文件</Filter>
    </Image>
    <Image Include="res\output_wnd_hc.ico">
      <Filter>资源文件</Filter>
    </Image>
    <Image Include="res\userimages.bmp">
      <Filter>资源文件</Filter>
    </Image>
    <Image Include="res\StockAnalysisDoc.ico">
      <Filter>资源文件</Filter>
    </Image>
    <Image Include="res\StockAnalysis.ico">
      <Filter>资源文件</Filter>
    </Image>
    <Image Include="res\Toolbar.bmp">
      <Filter>资源文件</Filter>
    </Image>
    <Image Include="res\Toolbar256.bmp">
      <Filter>资源文件</Filter>
    </Image>
    <Image Include="res\bitmap1.bmp">
      <Filter>资源文件</Filter>
    </Image>
    <Image Include="RES\IDR_MAIN.BMP">
      <Filter>资源文件</Filter>
    </Image>
  </ItemGroup>
  <ItemGroup>
    <None Include="res\StockAnalysis.rc2">
      <Filter>资源文件</Filter>
    </None>
    <None Include="..\readme.md" />
    <None Include="packages.config" />
  </ItemGroup>
</Project>