<?xml version="1.0" encoding="utf-8"?>
<Project ToolsVersion="4.0" xmlns="http://schemas.microsoft.com/developer/msbuild/2003">
  <ItemGroup>
    <Filter Include="源文件">
      <UniqueIdentifier>{4FC737F1-C7A5-4376-A066-2A32D752A2FF}</UniqueIdentifier>
      <Extensions>cpp;c;cc;cxx;def;odl;idl;hpj;bat;asm;asmx</Extensions>
    </Filter>
    <Filter Include="头文件">
      <UniqueIdentifier>{93995380-89BD-4b04-88EB-625FBE52EBFB}</UniqueIdentifier>
      <Extensions>h;hh;hpp;hxx;hm;inl;inc;ipp;xsd</Extensions>
    </Filter>
    <Filter Include="资源文件">
      <UniqueIdentifier>{67DA6AB6-F800-4c08-8B7A-83BB121AAD01}</UniqueIdentifier>
      <Extensions>rc;ico;cur;bmp;dlg;rc2;rct;bin;rgs;gif;jpg;jpeg;jpe;resx;tiff;tif;png;wav;mfcribbon-ms</Extensions>
    </Filter>
    <Filter Include="头文件\实现类">
      <UniqueIdentifier>{97e4e119-3a03-47c2-8d22-4e6459d54f25}</UniqueIdentifier>
    </Filter>
    <Filter Include="头文件\数据库">
      <UniqueIdentifier>{a1fe4dd0-a07a-4fac-8e77-595b2c79d08b}</UniqueIdentifier>
    </Filter>
    <Filter Include="源文件\实现类">
      <UniqueIdentifier>{b513de86-de3e-4c50-b7fa-466fae532773}</UniqueIdentifier>
    </Filter>
    <Filter Include="源文件\数据库">
      <UniqueIdentifier>{fad8b004-f8ce-49d4-a1ce-8cbebe538b4c}</UniqueIdentifier>
    </Filter>
    <Filter Include="源文件\工作线程">
      <UniqueIdentifier>{afa4e90e-fd75-4f18-b402-d12a0f75d833}</UniqueIdentifier>
    </Filter>
    <Filter Include="头文件\工作线程">
      <UniqueIdentifier>{20d5a37d-8e89-4f7b-bf66-b3260b0142ee}</UniqueIdentifier>
    </Filter>
    <Filter Include="源文件\网络通信">
      <UniqueIdentifier>{046a774c-ac48-4cf0-96f1-c2a7f01315a5}</UniqueIdentifier>
    </Filter>
    <Filter Include="头文件\网络通信">
      <UniqueIdentifier>{0203b3b7-62eb-4f8a-8e1d-fd4d450d6bc9}</UniqueIdentifier>
    </Filter>
    <Filter Include="头文件\辅助类和函数">
      <UniqueIdentifier>{e9fe89bd-789b-4bbc-8d76-2b466f9f63b1}</UniqueIdentifier>
    </Filter>
    <Filter Include="源文件\辅助类和函数">
      <UniqueIdentifier>{c15f47f1-9278-47e2-8f5d-465ca7ccf999}</UniqueIdentifier>
    </Filter>
    <Filter Include="源文件\Crweber.com">
      <UniqueIdentifier>{0046b2db-442f-404f-85e7-0fd6b6512cea}</UniqueIdentifier>
    </Filter>
    <Filter Include="头文件\Crweber.com">
      <UniqueIdentifier>{fde15843-a652-49bd-b756-9bf24abc38bb}</UniqueIdentifier>
    </Filter>
    <Filter Include="头文件\Windows界面">
      <UniqueIdentifier>{ff91081d-aab4-4a5b-8015-494761ebc4f1}</UniqueIdentifier>
    </Filter>
    <Filter Include="源文件\windows界面">
      <UniqueIdentifier>{7f374a32-c51a-484f-9711-e3e79cc75b9f}</UniqueIdentifier>
    </Filter>
    <Filter Include="头文件\Stock">
      <UniqueIdentifier>{95ea4f37-63d6-42c7-8c2c-732d1e8f4bd4}</UniqueIdentifier>
    </Filter>
    <Filter Include="头文件\Market">
      <UniqueIdentifier>{f63ea7c3-d856-4cac-bc80-f5f8267cb1b8}</UniqueIdentifier>
    </Filter>
    <Filter Include="源文件\Stock">
      <UniqueIdentifier>{8e686ba3-15b6-4540-bb77-449cdb398b0a}</UniqueIdentifier>
    </Filter>
    <Filter Include="源文件\Market">
      <UniqueIdentifier>{3998e40a-13f1-46fe-94d1-746d19b3bb8b}</UniqueIdentifier>
    </Filter>
    <Filter Include="头文件\网络数据提取器">
      <UniqueIdentifier>{d3a3ad51-6024-4a9e-94df-151326f729ea}</UniqueIdentifier>
    </Filter>
    <Filter Include="源文件\网络数据提取器">
      <UniqueIdentifier>{72c0370f-98bb-40af-9cd0-d0eb922a24c9}</UniqueIdentifier>
    </Filter>
    <Filter Include="头文件\Poten Daily Briefing">
      <UniqueIdentifier>{928679be-5389-4503-a809-8cea8f203509}</UniqueIdentifier>
    </Filter>
    <Filter Include="源文件\Poten Daily Briefing">
      <UniqueIdentifier>{52662461-24bd-43ef-85a1-e88fca5a96fb}</UniqueIdentifier>
    </Filter>
  </ItemGroup>
  <ItemGroup>
    <ClInclude Include="stdafx.h">
      <Filter>头文件</Filter>
    </ClInclude>
    <ClInclude Include="Resource.h">
      <Filter>头文件</Filter>
    </ClInclude>
    <ClInclude Include="source\SetChoicedStock.h">
      <Filter>头文件\数据库</Filter>
    </ClInclude>
    <ClInclude Include="source\SetDayLine.h">
      <Filter>头文件\数据库</Filter>
    </ClInclude>
    <ClInclude Include="source\SetDayLineInfo.h">
      <Filter>头文件\数据库</Filter>
    </ClInclude>
    <ClInclude Include="source\SetOption.h">
      <Filter>头文件\数据库</Filter>
    </ClInclude>
    <ClInclude Include="source\SetRealTimeData.h">
      <Filter>头文件\数据库</Filter>
    </ClInclude>
    <ClInclude Include="source\SetStockCode.h">
      <Filter>头文件\数据库</Filter>
    </ClInclude>
    <ClInclude Include="source\DayLine.h">
      <Filter>头文件\实现类</Filter>
    </ClInclude>
    <ClInclude Include="source\OneDeal.h">
      <Filter>头文件\实现类</Filter>
    </ClInclude>
    <ClInclude Include="source\RTData.h">
      <Filter>头文件\实现类</Filter>
    </ClInclude>
    <ClInclude Include="source\globedef.h">
      <Filter>头文件</Filter>
    </ClInclude>
    <ClInclude Include="source\Thread.h">
      <Filter>头文件\工作线程</Filter>
    </ClInclude>
    <ClInclude Include="source\ThreadStatus.h">
      <Filter>头文件\工作线程</Filter>
    </ClInclude>
    <ClInclude Include="source\WebData.h">
      <Filter>头文件\网络通信</Filter>
    </ClInclude>
    <ClInclude Include="source\CrweberIndexWebData.h">
      <Filter>头文件\网络通信</Filter>
    </ClInclude>
    <ClInclude Include="source\SetCrweberIndex.h">
      <Filter>头文件\数据库</Filter>
    </ClInclude>
    <ClInclude Include="source\SetDayLineToday.h">
      <Filter>头文件\数据库</Filter>
    </ClInclude>
    <ClInclude Include="source\Accessory.h">
      <Filter>头文件\辅助类和函数</Filter>
    </ClInclude>
    <ClInclude Include="source\CrweberIndex.h">
      <Filter>头文件\Crweber.com</Filter>
    </ClInclude>
    <ClInclude Include="source\SystemMessage.h">
      <Filter>头文件\辅助类和函数</Filter>
    </ClInclude>
    <ClInclude Include="source\SystemTime.h">
      <Filter>头文件\辅助类和函数</Filter>
    </ClInclude>
    <ClInclude Include="ChildFrm.h">
      <Filter>头文件\Windows界面</Filter>
    </ClInclude>
    <ClInclude Include="OutputWnd.h">
      <Filter>头文件\Windows界面</Filter>
    </ClInclude>
    <ClInclude Include="StockAnalysis.h">
      <Filter>头文件\Windows界面</Filter>
    </ClInclude>
    <ClInclude Include="StockAnalysisDoc.h">
      <Filter>头文件\Windows界面</Filter>
    </ClInclude>
    <ClInclude Include="StockAnalysisView.h">
      <Filter>头文件\Windows界面</Filter>
    </ClInclude>
    <ClInclude Include="MainFrm.h">
      <Filter>头文件\Windows界面</Filter>
    </ClInclude>
    <ClInclude Include="targetver.h">
      <Filter>头文件\Windows界面</Filter>
    </ClInclude>
    <ClInclude Include="source\TransferSharedPtr.h">
      <Filter>头文件\辅助类和函数</Filter>
    </ClInclude>
    <ClInclude Include="source\PriorityQueueRTData.h">
      <Filter>头文件\辅助类和函数</Filter>
    </ClInclude>
    <ClInclude Include="source\Semaphore.h">
      <Filter>头文件\辅助类和函数</Filter>
    </ClInclude>
    <ClInclude Include="source\NeteaseWebRTData.h">
      <Filter>头文件\网络通信</Filter>
    </ClInclude>
    <ClInclude Include="source\SinaWebRTData.h">
      <Filter>头文件\网络通信</Filter>
    </ClInclude>
    <ClInclude Include="source\TengxunWebRTData.h">
      <Filter>头文件\网络通信</Filter>
    </ClInclude>
    <ClInclude Include="source\NeteaseWebDayLineData.h">
      <Filter>头文件\网络通信</Filter>
    </ClInclude>
    <ClInclude Include="source\Stock.h">
      <Filter>头文件\Stock</Filter>
    </ClInclude>
    <ClInclude Include="source\StockBasicInfo.h">
      <Filter>头文件\Stock</Filter>
    </ClInclude>
    <ClInclude Include="source\StockCalculatedInfo.h">
      <Filter>头文件\Stock</Filter>
    </ClInclude>
    <ClInclude Include="source\QueueRTDataImp.h">
      <Filter>头文件\辅助类和函数</Filter>
    </ClInclude>
    <ClInclude Include="source\QueueRTData.h">
      <Filter>头文件\Market</Filter>
    </ClInclude>
    <ClInclude Include="source\WebDataInquirer.h">
      <Filter>头文件\网络数据提取器</Filter>
    </ClInclude>
    <ClInclude Include="source\QueueWebData.h">
      <Filter>头文件\网络数据提取器</Filter>
    </ClInclude>
    <ClInclude Include="source\VirtualMarket.h">
      <Filter>头文件\Market</Filter>
    </ClInclude>
    <ClInclude Include="source\CrweberIndexMarket.h">
      <Filter>头文件\Market</Filter>
    </ClInclude>
    <ClInclude Include="source\PotenDailyBriefingWebData.h">
      <Filter>头文件\网络通信</Filter>
    </ClInclude>
    <ClInclude Include="source\SetPotenDailyBriefing.h">
      <Filter>头文件\数据库</Filter>
    </ClInclude>
    <ClInclude Include="source\PotenDailyBriefing.h">
      <Filter>头文件\Poten Daily Briefing</Filter>
    </ClInclude>
    <ClInclude Include="source\ChinaMarket.h">
      <Filter>头文件\Market</Filter>
    </ClInclude>
    <ClInclude Include="source\WebDataReceived.h">
      <Filter>头文件\Market</Filter>
    </ClInclude>
    <ClInclude Include="source\PotenDailyBriefingMarket.h">
      <Filter>头文件\Market</Filter>
    </ClInclude>
  </ItemGroup>
  <ItemGroup>
    <ClCompile Include="stdafx.cpp">
      <Filter>源文件</Filter>
    </ClCompile>
    <ClCompile Include="source\SetChoicedStock.cpp">
      <Filter>源文件\数据库</Filter>
    </ClCompile>
    <ClCompile Include="source\SetDayLine.cpp">
      <Filter>源文件\数据库</Filter>
    </ClCompile>
    <ClCompile Include="source\SetDayLineInfo.cpp">
      <Filter>源文件\数据库</Filter>
    </ClCompile>
    <ClCompile Include="source\SetOption.cpp">
      <Filter>源文件\数据库</Filter>
    </ClCompile>
    <ClCompile Include="source\SetRealTimeData.cpp">
      <Filter>源文件\数据库</Filter>
    </ClCompile>
    <ClCompile Include="source\SetStockCode.cpp">
      <Filter>源文件\数据库</Filter>
    </ClCompile>
    <ClCompile Include="source\DayLine.cpp">
      <Filter>源文件\实现类</Filter>
    </ClCompile>
    <ClCompile Include="source\OneDeal.cpp">
      <Filter>源文件\实现类</Filter>
    </ClCompile>
    <ClCompile Include="source\RTData.cpp">
      <Filter>源文件\实现类</Filter>
    </ClCompile>
    <ClCompile Include="source\globedef.cpp">
      <Filter>源文件</Filter>
    </ClCompile>
    <ClCompile Include="source\ThreadStatus.cpp">
      <Filter>源文件\工作线程</Filter>
    </ClCompile>
    <ClCompile Include="source\ThreadLoadDayLine.cpp">
      <Filter>源文件\工作线程</Filter>
    </ClCompile>
    <ClCompile Include="source\ThreadReadNeteaseDayLine.cpp">
      <Filter>源文件\工作线程</Filter>
    </ClCompile>
    <ClCompile Include="source\ThreadReadTengxunRTData.cpp">
      <Filter>源文件\工作线程</Filter>
    </ClCompile>
    <ClCompile Include="source\ThreadReadSinaRTData.cpp">
      <Filter>源文件\工作线程</Filter>
    </ClCompile>
    <ClCompile Include="source\ThreadSaveTempRTData.cpp">
      <Filter>源文件\工作线程</Filter>
    </ClCompile>
    <ClCompile Include="source\ThreadSavDayLine.cpp">
      <Filter>源文件\工作线程</Filter>
    </ClCompile>
    <ClCompile Include="source\WebData.cpp">
      <Filter>源文件\网络通信</Filter>
    </ClCompile>
    <ClCompile Include="source\CrweberIndexWebData.cpp">
      <Filter>源文件\网络通信</Filter>
    </ClCompile>
    <ClCompile Include="source\SetCrweberIndex.cpp">
      <Filter>源文件\数据库</Filter>
    </ClCompile>
    <ClCompile Include="source\SetDayLineToday.cpp">
      <Filter>源文件\数据库</Filter>
    </ClCompile>
    <ClCompile Include="source\Accessory.cpp">
      <Filter>源文件\辅助类和函数</Filter>
    </ClCompile>
    <ClCompile Include="source\CrweberIndex.cpp">
      <Filter>源文件\Crweber.com</Filter>
    </ClCompile>
    <ClCompile Include="source\SystemMessage.cpp">
      <Filter>源文件\辅助类和函数</Filter>
    </ClCompile>
    <ClCompile Include="source\SystemTime.cpp">
      <Filter>源文件\辅助类和函数</Filter>
    </ClCompile>
    <ClCompile Include="ChildFrm.cpp">
      <Filter>源文件\windows界面</Filter>
    </ClCompile>
    <ClCompile Include="MainFrm.cpp">
      <Filter>源文件\windows界面</Filter>
    </ClCompile>
    <ClCompile Include="OutputWnd.cpp">
      <Filter>源文件\windows界面</Filter>
    </ClCompile>
    <ClCompile Include="StockAnalysis.cpp">
      <Filter>源文件\windows界面</Filter>
    </ClCompile>
    <ClCompile Include="StockAnalysisDoc.cpp">
      <Filter>源文件\windows界面</Filter>
    </ClCompile>
    <ClCompile Include="StockAnalysisView.cpp">
      <Filter>源文件\windows界面</Filter>
    </ClCompile>
    <ClCompile Include="source\ThreadReadCrweberIndex.cpp">
      <Filter>源文件\工作线程</Filter>
    </ClCompile>
    <ClCompile Include="source\ThreadReadNeteaseRTData.cpp">
      <Filter>源文件\工作线程</Filter>
    </ClCompile>
    <ClCompile Include="source\ThreadUpdateStockCodeDB.cpp">
      <Filter>源文件\工作线程</Filter>
    </ClCompile>
    <ClCompile Include="source\PriorityQueueRTData.cpp">
      <Filter>源文件\辅助类和函数</Filter>
    </ClCompile>
    <ClCompile Include="source\ThreadMaintainDayLineDB.cpp">
      <Filter>源文件\工作线程</Filter>
    </ClCompile>
    <ClCompile Include="source\NeteaseWebDayLineData.cpp">
      <Filter>源文件\网络通信</Filter>
    </ClCompile>
    <ClCompile Include="source\NeteaseWebRTData.cpp">
      <Filter>源文件\网络通信</Filter>
    </ClCompile>
    <ClCompile Include="source\SinaWebRTData.cpp">
      <Filter>源文件\网络通信</Filter>
    </ClCompile>
    <ClCompile Include="source\TengxunWebRTData.cpp">
      <Filter>源文件\网络通信</Filter>
    </ClCompile>
    <ClCompile Include="source\Stock.cpp">
      <Filter>源文件\Stock</Filter>
    </ClCompile>
    <ClCompile Include="source\StockBasicInfo.cpp">
      <Filter>源文件\Stock</Filter>
    </ClCompile>
    <ClCompile Include="source\StockCalculatedInfo.cpp">
      <Filter>源文件\Stock</Filter>
    </ClCompile>
    <ClCompile Include="source\ThreadCalculateDayLineRS.cpp">
      <Filter>源文件\工作线程</Filter>
    </ClCompile>
    <ClCompile Include="source\ThreadProcessCurrentTradeDayStock.cpp">
      <Filter>源文件\工作线程</Filter>
    </ClCompile>
    <ClCompile Include="source\QueueWebData.cpp">
      <Filter>源文件\辅助类和函数</Filter>
    </ClCompile>
    <ClCompile Include="source\QueueRTDataImp.cpp">
      <Filter>源文件\辅助类和函数</Filter>
    </ClCompile>
    <ClCompile Include="source\WebDataInquirer.cpp">
      <Filter>源文件\网络数据提取器</Filter>
    </ClCompile>
    <ClCompile Include="source\CrweberIndexMarket.cpp">
      <Filter>源文件\Market</Filter>
    </ClCompile>
    <ClCompile Include="source\PotenDailyBriefingWebData.cpp">
      <Filter>源文件\网络通信</Filter>
    </ClCompile>
    <ClCompile Include="source\ThreadReadPotenDailyBriefing.cpp">
      <Filter>源文件\工作线程</Filter>
    </ClCompile>
    <ClCompile Include="source\SetPotenDailyBriefing.cpp">
      <Filter>源文件\数据库</Filter>
    </ClCompile>
    <ClCompile Include="source\PotenDailyBriefing.cpp">
      <Filter>源文件\Poten Daily Briefing</Filter>
    </ClCompile>
    <ClCompile Include="source\ChinaMarket.cpp">
      <Filter>源文件\Market</Filter>
    </ClCompile>
    <ClCompile Include="source\PotenDailyBriefingMarket.cpp">
      <Filter>源文件\Market</Filter>
    </ClCompile>
  </ItemGroup>
  <ItemGroup>
    <ResourceCompile Include="StockAnalysis.rc">
      <Filter>资源文件</Filter>
    </ResourceCompile>
  </ItemGroup>
  <ItemGroup>
    <Image Include="res\output_wnd.ico">
      <Filter>资源文件</Filter>
    </Image>
    <Image Include="res\output_wnd_hc.ico">
      <Filter>资源文件</Filter>
    </Image>
    <Image Include="res\userimages.bmp">
      <Filter>资源文件</Filter>
    </Image>
    <Image Include="res\StockAnalysisDoc.ico">
      <Filter>资源文件</Filter>
    </Image>
    <Image Include="res\StockAnalysis.ico">
      <Filter>资源文件</Filter>
    </Image>
    <Image Include="res\Toolbar.bmp">
      <Filter>资源文件</Filter>
    </Image>
    <Image Include="res\Toolbar256.bmp">
      <Filter>资源文件</Filter>
    </Image>
  </ItemGroup>
  <ItemGroup>
    <None Include="res\StockAnalysis.rc2">
      <Filter>资源文件</Filter>
    </None>
    <None Include="packages.config" />
    <None Include="..\readme.md" />
  </ItemGroup>
</Project>