<?xml version="1.0" encoding="utf-8"?>
<Project ToolsVersion="4.0" xmlns="http://schemas.microsoft.com/developer/msbuild/2003">
  <ItemGroup>
    <Filter Include="源文件">
      <UniqueIdentifier>{4FC737F1-C7A5-4376-A066-2A32D752A2FF}</UniqueIdentifier>
      <Extensions>cpp;c;cc;cxx;def;odl;idl;hpj;bat;asm;asmx</Extensions>
    </Filter>
    <Filter Include="头文件">
      <UniqueIdentifier>{93995380-89BD-4b04-88EB-625FBE52EBFB}</UniqueIdentifier>
      <Extensions>h;hh;hpp;hxx;hm;inl;inc;ipp;xsd</Extensions>
    </Filter>
    <Filter Include="资源文件">
      <UniqueIdentifier>{67DA6AB6-F800-4c08-8B7A-83BB121AAD01}</UniqueIdentifier>
      <Extensions>rc;ico;cur;bmp;dlg;rc2;rct;bin;rgs;gif;jpg;jpeg;jpe;resx;tiff;tif;png;wav;mfcribbon-ms</Extensions>
    </Filter>
    <Filter Include="头文件\辅助类和函数">
      <UniqueIdentifier>{e9fe89bd-789b-4bbc-8d76-2b466f9f63b1}</UniqueIdentifier>
    </Filter>
    <Filter Include="源文件\辅助类和函数">
      <UniqueIdentifier>{c15f47f1-9278-47e2-8f5d-465ca7ccf999}</UniqueIdentifier>
    </Filter>
    <Filter Include="头文件\Windows界面">
      <UniqueIdentifier>{ff91081d-aab4-4a5b-8015-494761ebc4f1}</UniqueIdentifier>
    </Filter>
    <Filter Include="源文件\windows界面">
      <UniqueIdentifier>{7f374a32-c51a-484f-9711-e3e79cc75b9f}</UniqueIdentifier>
    </Filter>
    <Filter Include="头文件\网络数据提取器">
      <UniqueIdentifier>{d3a3ad51-6024-4a9e-94df-151326f729ea}</UniqueIdentifier>
    </Filter>
    <Filter Include="源文件\网络数据提取器">
      <UniqueIdentifier>{72c0370f-98bb-40af-9cd0-d0eb922a24c9}</UniqueIdentifier>
    </Filter>
    <Filter Include="头文件\China Stock Market">
      <UniqueIdentifier>{16557625-a09d-4e58-97a5-4f794fb65075}</UniqueIdentifier>
    </Filter>
    <Filter Include="头文件\China Stock Market\数据库">
      <UniqueIdentifier>{13ecdaff-a4be-49d7-8e13-b37df1208114}</UniqueIdentifier>
    </Filter>
    <Filter Include="头文件\China Stock Market\网络通信">
      <UniqueIdentifier>{73cf621c-e037-44e4-9071-f8e73c30f28f}</UniqueIdentifier>
    </Filter>
    <Filter Include="源文件\China Stock Market">
      <UniqueIdentifier>{bbdb3553-c794-4b3a-9b9e-e276966333b8}</UniqueIdentifier>
    </Filter>
    <Filter Include="源文件\China Stock Market\网络通信">
      <UniqueIdentifier>{2611ccea-99cc-46b4-b539-0ef79cf1189e}</UniqueIdentifier>
    </Filter>
    <Filter Include="源文件\China Stock Market\数据库">
      <UniqueIdentifier>{2f1ae1e8-661f-4971-a472-5e96e8380eb2}</UniqueIdentifier>
    </Filter>
    <Filter Include="源文件\China Stock Market\工作线程">
      <UniqueIdentifier>{614cba05-4bb4-404e-a5e0-ba0aead33e53}</UniqueIdentifier>
    </Filter>
    <Filter Include="源文件\基类">
      <UniqueIdentifier>{8e686ba3-15b6-4540-bb77-449cdb398b0a}</UniqueIdentifier>
    </Filter>
    <Filter Include="头文件\基类">
      <UniqueIdentifier>{f63ea7c3-d856-4cac-bc80-f5f8267cb1b8}</UniqueIdentifier>
    </Filter>
    <Filter Include="头文件\Crweber.com Market">
      <UniqueIdentifier>{fde15843-a652-49bd-b756-9bf24abc38bb}</UniqueIdentifier>
    </Filter>
    <Filter Include="头文件\Poten Daily Briefing Market">
      <UniqueIdentifier>{928679be-5389-4503-a809-8cea8f203509}</UniqueIdentifier>
    </Filter>
    <Filter Include="源文件\Crweber.com Market">
      <UniqueIdentifier>{0046b2db-442f-404f-85e7-0fd6b6512cea}</UniqueIdentifier>
    </Filter>
    <Filter Include="源文件\Poten Daily Briefing Market">
      <UniqueIdentifier>{52662461-24bd-43ef-85a1-e88fca5a96fb}</UniqueIdentifier>
    </Filter>
    <Filter Include="头文件\China Stock Market\基础数据类">
      <UniqueIdentifier>{97e4e119-3a03-47c2-8d22-4e6459d54f25}</UniqueIdentifier>
    </Filter>
    <Filter Include="源文件\China Stock Market\基础数据类">
      <UniqueIdentifier>{b513de86-de3e-4c50-b7fa-466fae532773}</UniqueIdentifier>
    </Filter>
  </ItemGroup>
  <ItemGroup>
    <ClInclude Include="stdafx.h">
      <Filter>头文件</Filter>
    </ClInclude>
    <ClInclude Include="Resource.h">
      <Filter>头文件</Filter>
    </ClInclude>
    <ClInclude Include="source\DayLine.h">
      <Filter>头文件\China Stock Market\基础数据类</Filter>
    </ClInclude>
    <ClInclude Include="source\OneDeal.h">
      <Filter>头文件\China Stock Market\基础数据类</Filter>
    </ClInclude>
    <ClInclude Include="source\globedef.h">
      <Filter>头文件</Filter>
    </ClInclude>
    <ClInclude Include="source\Accessory.h">
      <Filter>头文件\辅助类和函数</Filter>
    </ClInclude>
    <ClInclude Include="source\CrweberIndex.h">
      <Filter>头文件\Crweber.com Market</Filter>
    </ClInclude>
    <ClInclude Include="source\SystemMessage.h">
      <Filter>头文件\辅助类和函数</Filter>
    </ClInclude>
    <ClInclude Include="ChildFrm.h">
      <Filter>头文件\Windows界面</Filter>
    </ClInclude>
    <ClInclude Include="OutputWnd.h">
      <Filter>头文件\Windows界面</Filter>
    </ClInclude>
    <ClInclude Include="StockAnalysis.h">
      <Filter>头文件\Windows界面</Filter>
    </ClInclude>
    <ClInclude Include="StockAnalysisDoc.h">
      <Filter>头文件\Windows界面</Filter>
    </ClInclude>
    <ClInclude Include="StockAnalysisView.h">
      <Filter>头文件\Windows界面</Filter>
    </ClInclude>
    <ClInclude Include="MainFrm.h">
      <Filter>头文件\Windows界面</Filter>
    </ClInclude>
    <ClInclude Include="targetver.h">
      <Filter>头文件\Windows界面</Filter>
    </ClInclude>
    <ClInclude Include="source\Semaphore.h">
      <Filter>头文件\辅助类和函数</Filter>
    </ClInclude>
    <ClInclude Include="source\QueueWebData.h">
      <Filter>头文件\网络数据提取器</Filter>
    </ClInclude>
    <ClInclude Include="source\VirtualMarket.h">
      <Filter>头文件\基类</Filter>
    </ClInclude>
    <ClInclude Include="source\PotenDailyBriefing.h">
      <Filter>头文件\Poten Daily Briefing Market</Filter>
    </ClInclude>
    <ClInclude Include="source\WebInquirer.h">
      <Filter>头文件\网络数据提取器</Filter>
    </ClInclude>
    <ClInclude Include="source\CrweberIndexWebInquiry.h">
      <Filter>头文件\Crweber.com Market</Filter>
    </ClInclude>
    <ClInclude Include="source\PotenDailyBriefingWebInquiry.h">
      <Filter>头文件\Poten Daily Briefing Market</Filter>
    </ClInclude>
    <ClInclude Include="source\ChinaMarket.h">
      <Filter>头文件\China Stock Market</Filter>
    </ClInclude>
    <ClInclude Include="source\CrweberIndexMarket.h">
      <Filter>头文件\Crweber.com Market</Filter>
    </ClInclude>
    <ClInclude Include="source\PotenDailyBriefingMarket.h">
      <Filter>头文件\Poten Daily Briefing Market</Filter>
    </ClInclude>
    <ClInclude Include="source\NeteaseDayLineWebInquiry.h">
      <Filter>头文件\China Stock Market\网络通信</Filter>
    </ClInclude>
    <ClInclude Include="source\NeteaseRTWebInquiry.h">
      <Filter>头文件\China Stock Market\网络通信</Filter>
    </ClInclude>
    <ClInclude Include="source\SinaRTWebInquiry.h">
      <Filter>头文件\China Stock Market\网络通信</Filter>
    </ClInclude>
    <ClInclude Include="source\TengxunRTWebInquiry.h">
      <Filter>头文件\China Stock Market\网络通信</Filter>
    </ClInclude>
    <ClInclude Include="source\ChinaStock.h">
      <Filter>头文件\China Stock Market</Filter>
    </ClInclude>
    <ClInclude Include="source\VirtualWebInquiry.h">
      <Filter>头文件\基类</Filter>
    </ClInclude>
    <ClInclude Include="source\ThreadStatus.h">
      <Filter>头文件\辅助类和函数</Filter>
    </ClInclude>
    <ClInclude Include="source\Thread.h">
      <Filter>头文件\辅助类和函数</Filter>
    </ClInclude>
    <ClInclude Include="source\WebData.h">
      <Filter>头文件\辅助类和函数</Filter>
    </ClInclude>
    <ClInclude Include="source\Guadan.h">
      <Filter>头文件\China Stock Market\基础数据类</Filter>
    </ClInclude>
    <ClInclude Include="source\DataBase\SetChoicedStock.h">
      <Filter>头文件\China Stock Market\数据库</Filter>
    </ClInclude>
    <ClInclude Include="source\DataBase\SetDayLineBasicInfo.h">
      <Filter>头文件\China Stock Market\数据库</Filter>
    </ClInclude>
    <ClInclude Include="source\DataBase\SetDayLineExtendInfo.h">
      <Filter>头文件\China Stock Market\数据库</Filter>
    </ClInclude>
    <ClInclude Include="source\DataBase\SetDayLineToday.h">
      <Filter>头文件\China Stock Market\数据库</Filter>
    </ClInclude>
    <ClInclude Include="source\DataBase\SetOption.h">
      <Filter>头文件\China Stock Market\数据库</Filter>
    </ClInclude>
    <ClInclude Include="source\DataBase\SetOptionChinaStockMarket.h">
      <Filter>头文件\China Stock Market\数据库</Filter>
    </ClInclude>
    <ClInclude Include="source\DataBase\SetRealTimeData.h">
      <Filter>头文件\China Stock Market\数据库</Filter>
    </ClInclude>
    <ClInclude Include="source\DataBase\SetRSOption.h">
      <Filter>头文件\China Stock Market\数据库</Filter>
    </ClInclude>
    <ClInclude Include="source\DataBase\SetRSStrong1Stock.h">
      <Filter>头文件\China Stock Market\数据库</Filter>
    </ClInclude>
    <ClInclude Include="source\DataBase\SetRSStrong2Stock.h">
      <Filter>头文件\China Stock Market\数据库</Filter>
    </ClInclude>
    <ClInclude Include="source\DataBase\SetRSStrongStock.h">
      <Filter>头文件\China Stock Market\数据库</Filter>
    </ClInclude>
    <ClInclude Include="source\DataBase\SetStockCode.h">
      <Filter>头文件\China Stock Market\数据库</Filter>
    </ClInclude>
    <ClInclude Include="source\DataBase\SetCrweberIndex.h">
      <Filter>头文件\Crweber.com Market</Filter>
    </ClInclude>
    <ClInclude Include="source\DataBase\SetPotenDailyBriefing.h">
      <Filter>头文件\Poten Daily Briefing Market</Filter>
    </ClInclude>
    <ClInclude Include="source\DataBase\SetWeekLineBasicInfo.h">
      <Filter>头文件\China Stock Market\数据库</Filter>
    </ClInclude>
    <ClInclude Include="source\DataBase\SetWeekLineExtendInfo.h">
      <Filter>头文件\China Stock Market\数据库</Filter>
    </ClInclude>
    <ClInclude Include="source\WeekLine.h">
      <Filter>头文件\China Stock Market\基础数据类</Filter>
    </ClInclude>
    <ClInclude Include="source\ChinaStockHistoryData.h">
      <Filter>头文件\基类</Filter>
    </ClInclude>
    <ClInclude Include="source\ChinaStockHistoryDataContainer.h">
      <Filter>头文件\基类</Filter>
    </ClInclude>
    <ClInclude Include="source\DayLineContainer.h">
      <Filter>头文件\China Stock Market\基础数据类</Filter>
    </ClInclude>
    <ClInclude Include="source\WeekLineContainer.h">
      <Filter>头文件\China Stock Market\基础数据类</Filter>
    </ClInclude>
    <ClInclude Include="source\WebRTData.h">
      <Filter>头文件\China Stock Market\基础数据类</Filter>
    </ClInclude>
    <ClInclude Include="source\WebRTDataContainer.h">
      <Filter>头文件\辅助类和函数</Filter>
    </ClInclude>
    <ClInclude Include="source\PriorityQueueWebRTData.h">
      <Filter>头文件\辅助类和函数</Filter>
    </ClInclude>
    <ClInclude Include="source\QueueWebRTData.h">
      <Filter>头文件\辅助类和函数</Filter>
    </ClInclude>
  </ItemGroup>
  <ItemGroup>
    <ClCompile Include="stdafx.cpp">
      <Filter>源文件</Filter>
    </ClCompile>
    <ClCompile Include="source\DayLine.cpp">
      <Filter>源文件\China Stock Market\基础数据类</Filter>
    </ClCompile>
    <ClCompile Include="source\OneDeal.cpp">
      <Filter>源文件\China Stock Market\基础数据类</Filter>
    </ClCompile>
    <ClCompile Include="source\globedef.cpp">
      <Filter>源文件</Filter>
    </ClCompile>
    <ClCompile Include="source\Accessory.cpp">
      <Filter>源文件\辅助类和函数</Filter>
    </ClCompile>
    <ClCompile Include="source\CrweberIndex.cpp">
      <Filter>源文件\Crweber.com Market</Filter>
    </ClCompile>
    <ClCompile Include="source\SystemMessage.cpp">
      <Filter>源文件\辅助类和函数</Filter>
    </ClCompile>
    <ClCompile Include="ChildFrm.cpp">
      <Filter>源文件\windows界面</Filter>
    </ClCompile>
    <ClCompile Include="MainFrm.cpp">
      <Filter>源文件\windows界面</Filter>
    </ClCompile>
    <ClCompile Include="OutputWnd.cpp">
      <Filter>源文件\windows界面</Filter>
    </ClCompile>
    <ClCompile Include="StockAnalysis.cpp">
      <Filter>源文件\windows界面</Filter>
    </ClCompile>
    <ClCompile Include="StockAnalysisDoc.cpp">
      <Filter>源文件\windows界面</Filter>
    </ClCompile>
    <ClCompile Include="StockAnalysisView.cpp">
      <Filter>源文件\windows界面</Filter>
    </ClCompile>
    <ClCompile Include="source\QueueWebData.cpp">
      <Filter>源文件\辅助类和函数</Filter>
    </ClCompile>
    <ClCompile Include="source\PotenDailyBriefing.cpp">
      <Filter>源文件\Poten Daily Briefing Market</Filter>
    </ClCompile>
    <ClCompile Include="source\WebInquirer.cpp">
      <Filter>源文件\网络数据提取器</Filter>
    </ClCompile>
    <ClCompile Include="source\CrweberIndexWebInquiry.cpp">
      <Filter>源文件\Crweber.com Market</Filter>
    </ClCompile>
    <ClCompile Include="source\PotenDailyBriefingWebInquiry.cpp">
      <Filter>源文件\Poten Daily Briefing Market</Filter>
    </ClCompile>
    <ClCompile Include="source\NeteaseDayLineWebInquiry.cpp">
      <Filter>源文件\China Stock Market\网络通信</Filter>
    </ClCompile>
    <ClCompile Include="source\NeteaseRTWebInquiry.cpp">
      <Filter>源文件\China Stock Market\网络通信</Filter>
    </ClCompile>
    <ClCompile Include="source\SinaRTWebInquiry.cpp">
      <Filter>源文件\China Stock Market\网络通信</Filter>
    </ClCompile>
    <ClCompile Include="source\TengxunRTWebInquiry.cpp">
      <Filter>源文件\China Stock Market\网络通信</Filter>
    </ClCompile>
    <ClCompile Include="source\ChinaStock.cpp">
      <Filter>源文件\China Stock Market</Filter>
    </ClCompile>
    <ClCompile Include="source\ChinaMarket.cpp">
      <Filter>源文件\China Stock Market</Filter>
    </ClCompile>
    <ClCompile Include="source\CrweberIndexMarket.cpp">
      <Filter>源文件\Crweber.com Market</Filter>
    </ClCompile>
    <ClCompile Include="source\PotenDailyBriefingMarket.cpp">
      <Filter>源文件\Poten Daily Briefing Market</Filter>
    </ClCompile>
    <ClCompile Include="source\ThreadLoadDayLine.cpp">
      <Filter>源文件\China Stock Market\工作线程</Filter>
    </ClCompile>
    <ClCompile Include="source\ThreadMaintainDayLineDB.cpp">
      <Filter>源文件\China Stock Market\工作线程</Filter>
    </ClCompile>
    <ClCompile Include="source\ThreadProcessCurrentTradeDayStock.cpp">
      <Filter>源文件\China Stock Market\工作线程</Filter>
    </ClCompile>
    <ClCompile Include="source\ThreadReadCrweberIndex.cpp">
      <Filter>源文件\Crweber.com Market</Filter>
    </ClCompile>
    <ClCompile Include="source\ThreadReadPotenDailyBriefing.cpp">
      <Filter>源文件\Poten Daily Briefing Market</Filter>
    </ClCompile>
    <ClCompile Include="source\ThreadUpdateStockCodeDB.cpp">
      <Filter>源文件\China Stock Market\工作线程</Filter>
    </ClCompile>
    <ClCompile Include="source\ThreadSaveTempRTData.cpp">
      <Filter>源文件\China Stock Market\工作线程</Filter>
    </ClCompile>
    <ClCompile Include="source\ThreadReadNeteaseDayLine.cpp">
      <Filter>源文件\China Stock Market\工作线程</Filter>
    </ClCompile>
    <ClCompile Include="source\ThreadReadNeteaseRTData.cpp">
      <Filter>源文件\China Stock Market\工作线程</Filter>
    </ClCompile>
    <ClCompile Include="source\ThreadReadSinaRTData.cpp">
      <Filter>源文件\China Stock Market\工作线程</Filter>
    </ClCompile>
    <ClCompile Include="source\ThreadReadTengxunRTData.cpp">
      <Filter>源文件\China Stock Market\工作线程</Filter>
    </ClCompile>
    <ClCompile Include="source\ThreadSaveRTData.cpp">
      <Filter>源文件\China Stock Market\工作线程</Filter>
    </ClCompile>
    <ClCompile Include="source\VirtualMarket.cpp">
      <Filter>源文件\基类</Filter>
    </ClCompile>
    <ClCompile Include="source\VirtualWebInquiry.cpp">
      <Filter>源文件\基类</Filter>
    </ClCompile>
    <ClCompile Include="source\ThreadStatus.cpp">
      <Filter>源文件\辅助类和函数</Filter>
    </ClCompile>
    <ClCompile Include="source\ThreadSaveDayLine.cpp">
      <Filter>源文件\China Stock Market\工作线程</Filter>
    </ClCompile>
    <ClCompile Include="source\ThreadChoice10RSStrongSTockSet.cpp">
      <Filter>源文件\China Stock Market\工作线程</Filter>
    </ClCompile>
    <ClCompile Include="source\ThreadSaveCrweberDB.cpp">
      <Filter>源文件\Crweber.com Market</Filter>
    </ClCompile>
    <ClCompile Include="source\Guadan.cpp">
      <Filter>源文件\China Stock Market\基础数据类</Filter>
    </ClCompile>
    <ClCompile Include="source\DataBase\SetChoicedStock.cpp">
      <Filter>源文件\China Stock Market\数据库</Filter>
    </ClCompile>
    <ClCompile Include="source\DataBase\SetDayLineBasicInfo.cpp">
      <Filter>源文件\China Stock Market\数据库</Filter>
    </ClCompile>
    <ClCompile Include="source\DataBase\SetDayLineExtendInfo.cpp">
      <Filter>源文件\China Stock Market\数据库</Filter>
    </ClCompile>
    <ClCompile Include="source\DataBase\SetDayLineToday.cpp">
      <Filter>源文件\China Stock Market\数据库</Filter>
    </ClCompile>
    <ClCompile Include="source\DataBase\SetOption.cpp">
      <Filter>源文件\China Stock Market\数据库</Filter>
    </ClCompile>
    <ClCompile Include="source\DataBase\SetOptionChinaStockMarket.cpp">
      <Filter>源文件\China Stock Market\数据库</Filter>
    </ClCompile>
    <ClCompile Include="source\DataBase\SetRealTimeData.cpp">
      <Filter>源文件\China Stock Market\数据库</Filter>
    </ClCompile>
    <ClCompile Include="source\DataBase\SetRSOption.cpp">
      <Filter>源文件\China Stock Market\数据库</Filter>
    </ClCompile>
    <ClCompile Include="source\DataBase\SetRSStrong1Stock.cpp">
      <Filter>源文件\China Stock Market\数据库</Filter>
    </ClCompile>
    <ClCompile Include="source\DataBase\SetRSStrong2Stcok.cpp">
      <Filter>源文件\China Stock Market\数据库</Filter>
    </ClCompile>
    <ClCompile Include="source\DataBase\SetRSStrongStock.cpp">
      <Filter>源文件\China Stock Market\数据库</Filter>
    </ClCompile>
    <ClCompile Include="source\DataBase\SetStockCode.cpp">
      <Filter>源文件\China Stock Market\数据库</Filter>
    </ClCompile>
    <ClCompile Include="source\DataBase\SetCrweberIndex.cpp">
      <Filter>源文件\Crweber.com Market</Filter>
    </ClCompile>
    <ClCompile Include="source\DataBase\SetPotenDailyBriefing.cpp">
      <Filter>源文件\Poten Daily Briefing Market</Filter>
    </ClCompile>
    <ClCompile Include="source\DataBase\SetWeekLineBasicInfo.cpp">
      <Filter>源文件\China Stock Market\数据库</Filter>
    </ClCompile>
    <ClCompile Include="source\DataBase\SetWeekLinextendInfo.cpp">
      <Filter>源文件\China Stock Market\数据库</Filter>
    </ClCompile>
    <ClCompile Include="source\ChinaStockHistoryData.cpp">
      <Filter>源文件\基类</Filter>
    </ClCompile>
    <ClCompile Include="source\WeekLine.cpp">
      <Filter>源文件\China Stock Market\基础数据类</Filter>
    </ClCompile>
    <ClCompile Include="source\ThreadBuildWeekLine.cpp">
      <Filter>源文件\China Stock Market\工作线程</Filter>
    </ClCompile>
    <ClCompile Include="source\ThreadLoadWeekLine.cpp">
      <Filter>源文件\China Stock Market\工作线程</Filter>
    </ClCompile>
    <ClCompile Include="source\ThreadBuildWeekLineRS.cpp">
      <Filter>源文件\China Stock Market\工作线程</Filter>
    </ClCompile>
    <ClCompile Include="source\ThreadBuildDayLineRS.cpp">
      <Filter>源文件\China Stock Market\工作线程</Filter>
    </ClCompile>
    <ClCompile Include="source\ChinaStockHistoryDataContainer.cpp">
      <Filter>源文件\基类</Filter>
    </ClCompile>
    <ClCompile Include="source\DayLineContainer.cpp">
      <Filter>源文件\China Stock Market\基础数据类</Filter>
    </ClCompile>
    <ClCompile Include="source\WeekLineContainer.cpp">
      <Filter>源文件\China Stock Market\基础数据类</Filter>
    </ClCompile>
    <ClCompile Include="source\WebRTData.cpp">
      <Filter>源文件\China Stock Market\基础数据类</Filter>
    </ClCompile>
    <ClCompile Include="source\WebRTDataContainer.cpp">
      <Filter>源文件\辅助类和函数</Filter>
    </ClCompile>
    <ClCompile Include="source\PriorityQueueWebRTData.cpp">
      <Filter>源文件\辅助类和函数</Filter>
    </ClCompile>
    <ClCompile Include="source\QueueWebRTData.cpp">
      <Filter>源文件\辅助类和函数</Filter>
    </ClCompile>
  </ItemGroup>
  <ItemGroup>
    <ResourceCompile Include="StockAnalysis.rc">
      <Filter>资源文件</Filter>
    </ResourceCompile>
  </ItemGroup>
  <ItemGroup>
    <Image Include="res\output_wnd.ico">
      <Filter>资源文件</Filter>
    </Image>
    <Image Include="res\output_wnd_hc.ico">
      <Filter>资源文件</Filter>
    </Image>
    <Image Include="res\userimages.bmp">
      <Filter>资源文件</Filter>
    </Image>
    <Image Include="res\StockAnalysisDoc.ico">
      <Filter>资源文件</Filter>
    </Image>
    <Image Include="res\StockAnalysis.ico">
      <Filter>资源文件</Filter>
    </Image>
    <Image Include="res\Toolbar.bmp">
      <Filter>资源文件</Filter>
    </Image>
    <Image Include="res\Toolbar256.bmp">
      <Filter>资源文件</Filter>
    </Image>
    <Image Include="res\bitmap1.bmp">
      <Filter>资源文件</Filter>
    </Image>
    <Image Include="RES\IDR_MAIN.BMP">
      <Filter>资源文件</Filter>
    </Image>
  </ItemGroup>
  <ItemGroup>
    <None Include="res\StockAnalysis.rc2">
      <Filter>资源文件</Filter>
    </None>
    <None Include="..\readme.md" />
  </ItemGroup>
</Project>