<?xml version="1.0" encoding="utf-8"?>
<Project ToolsVersion="4.0" xmlns="http://schemas.microsoft.com/developer/msbuild/2003">
  <ItemGroup>
    <Filter Include="头文件">
      <UniqueIdentifier>{3a8a3fb9-f8ec-418b-a620-00520805fcbd}</UniqueIdentifier>
    </Filter>
    <Filter Include="源文件">
      <UniqueIdentifier>{4663b185-3a9c-45e2-a0f2-aef45b8b19d8}</UniqueIdentifier>
    </Filter>
    <Filter Include="头文件\System">
      <UniqueIdentifier>{ea741a88-b3c4-434f-ba47-7a69edbe7a7e}</UniqueIdentifier>
    </Filter>
    <Filter Include="源文件\System">
      <UniqueIdentifier>{a51191d0-6561-4ab5-9ee9-5d21d81d7d11}</UniqueIdentifier>
    </Filter>
    <Filter Include="头文件\Data container">
      <UniqueIdentifier>{4f7f2b4e-30c2-4807-88c0-d1eaa0e3e32d}</UniqueIdentifier>
    </Filter>
    <Filter Include="头文件\Data container\Finnhub">
      <UniqueIdentifier>{cd299452-9398-4ee2-9165-1cc3c94a0e58}</UniqueIdentifier>
    </Filter>
    <Filter Include="头文件\Data container\Tiingo">
      <UniqueIdentifier>{bc91b495-7b4a-4ba3-9aa1-a4270def5934}</UniqueIdentifier>
    </Filter>
    <Filter Include="头文件\Data container\China Market">
      <UniqueIdentifier>{495b8275-5277-4365-be95-2d9235b90bdd}</UniqueIdentifier>
    </Filter>
    <Filter Include="源文件\Data container">
      <UniqueIdentifier>{107cf94d-eda4-4438-a081-7246d11dc4e3}</UniqueIdentifier>
    </Filter>
    <Filter Include="源文件\Data container\Finnhub">
      <UniqueIdentifier>{b4e78c57-95a6-48b6-a66c-a5fcdb109874}</UniqueIdentifier>
    </Filter>
    <Filter Include="源文件\Data container\Tiingo">
      <UniqueIdentifier>{bcb4b930-521d-410c-a40a-ba064df92c84}</UniqueIdentifier>
    </Filter>
    <Filter Include="源文件\Data container\China Market">
      <UniqueIdentifier>{1ca960b7-a7ac-4422-b6e6-9ded4ecd11b6}</UniqueIdentifier>
    </Filter>
    <Filter Include="源文件\Type">
      <UniqueIdentifier>{b294b92d-0cb6-4f5b-8947-5d49ad7f6ab4}</UniqueIdentifier>
    </Filter>
    <Filter Include="源文件\Type\China market">
      <UniqueIdentifier>{2452158e-07ba-4983-838a-2e482eb7aada}</UniqueIdentifier>
    </Filter>
    <Filter Include="源文件\Type\America market">
      <UniqueIdentifier>{89320398-5e1a-480c-ba8a-528c209f1cdc}</UniqueIdentifier>
    </Filter>
    <Filter Include="头文件\Market">
      <UniqueIdentifier>{e2dc640b-5f01-4c76-9fac-2b03e454382b}</UniqueIdentifier>
    </Filter>
    <Filter Include="源文件\Market">
      <UniqueIdentifier>{8a803185-2520-4215-bcf0-1d461de24aec}</UniqueIdentifier>
    </Filter>
    <Filter Include="头文件\Accessory">
      <UniqueIdentifier>{41a95767-0fae-4bdb-9deb-a148393038c1}</UniqueIdentifier>
    </Filter>
    <Filter Include="源文件\Accessory">
      <UniqueIdentifier>{7f85d622-7785-44a6-b36a-041722b580ed}</UniqueIdentifier>
    </Filter>
    <Filter Include="头文件\Stock">
      <UniqueIdentifier>{ff059202-b73a-4e76-a256-2b1d7540e083}</UniqueIdentifier>
    </Filter>
    <Filter Include="源文件\Stock">
      <UniqueIdentifier>{5031620d-c1d6-4a77-91d3-48e87247233a}</UniqueIdentifier>
    </Filter>
    <Filter Include="头文件\Type">
      <UniqueIdentifier>{70d8ca58-0e4f-43e4-834b-f64ff16e361d}</UniqueIdentifier>
    </Filter>
    <Filter Include="头文件\Type\China market">
      <UniqueIdentifier>{fe52d73c-aa6c-4cfd-b623-099b2983c084}</UniqueIdentifier>
    </Filter>
    <Filter Include="头文件\Type\America market">
      <UniqueIdentifier>{79e1e93a-7b63-4191-9da5-231d14886c24}</UniqueIdentifier>
    </Filter>
    <Filter Include="头文件\Data Source">
      <UniqueIdentifier>{2b47277a-47dc-488f-89f8-41d5e695fb38}</UniqueIdentifier>
    </Filter>
    <Filter Include="头文件\Data Source\WorldMarket">
      <UniqueIdentifier>{bfb23590-d931-4a45-b5fa-8d7509e1b3a3}</UniqueIdentifier>
    </Filter>
    <Filter Include="源文件\Data Source">
      <UniqueIdentifier>{24ec8f03-914a-4a32-b165-8447cac1b5f4}</UniqueIdentifier>
    </Filter>
    <Filter Include="源文件\Data Source\WorldMarket">
      <UniqueIdentifier>{a3d7e92b-095d-43f0-9815-972fe4f5af3f}</UniqueIdentifier>
    </Filter>
    <Filter Include="头文件\Web Socket">
      <UniqueIdentifier>{4770675b-0e3b-4450-9a7f-a04e94192386}</UniqueIdentifier>
    </Filter>
    <Filter Include="源文件\Web Socket">
      <UniqueIdentifier>{341d2226-0fda-4739-8404-5796deb51dc1}</UniqueIdentifier>
    </Filter>
    <Filter Include="源文件\Data Source\China market">
      <UniqueIdentifier>{3defefa3-b137-4390-8e74-74bbfdbac703}</UniqueIdentifier>
    </Filter>
    <Filter Include="头文件\Data container\Chosen">
      <UniqueIdentifier>{237ef972-1915-4cf5-a62b-f1fef65ddc84}</UniqueIdentifier>
    </Filter>
    <Filter Include="源文件\Data container\Chosen">
      <UniqueIdentifier>{631fa874-ea26-40a2-b29e-39ec0aea5c8f}</UniqueIdentifier>
    </Filter>
    <Filter Include="头文件\Data Source\China market">
      <UniqueIdentifier>{d6ae6ebf-aa91-4881-a6ac-2fb919c6240f}</UniqueIdentifier>
    </Filter>
    <Filter Include="头文件\Stock\Tiingo">
      <UniqueIdentifier>{e8392b50-66ef-4d71-9d23-921bd4858338}</UniqueIdentifier>
    </Filter>
    <Filter Include="源文件\Stock\Tiingo">
      <UniqueIdentifier>{e527fcca-05f0-48c1-8e01-b6f69933d969}</UniqueIdentifier>
    </Filter>
    <Filter Include="源文件\Stock\Finnhub">
      <UniqueIdentifier>{e183b9c0-c66d-4e11-8459-2e65ab62c52d}</UniqueIdentifier>
    </Filter>
    <Filter Include="头文件\Stock\Finnhub">
      <UniqueIdentifier>{24d3a4ca-9f15-4559-a896-5185977024dc}</UniqueIdentifier>
    </Filter>
    <Filter Include="源文件\Factory-Product">
      <UniqueIdentifier>{76a0a4a8-1be9-4831-b858-e46a43132bc1}</UniqueIdentifier>
    </Filter>
    <Filter Include="源文件\Factory-Product\Finnhub">
      <UniqueIdentifier>{92ad6536-d0d4-4019-b937-b2831ee5259e}</UniqueIdentifier>
    </Filter>
    <Filter Include="源文件\Factory-Product\Tiingo">
      <UniqueIdentifier>{1a872a98-5840-425b-891d-e0da9f7d1f25}</UniqueIdentifier>
    </Filter>
    <Filter Include="源文件\Factory-Product\ChinaMarket">
      <UniqueIdentifier>{37524ace-2a5f-48d4-8119-f50869cf2f1c}</UniqueIdentifier>
    </Filter>
    <Filter Include="头文件\Factory-Product">
      <UniqueIdentifier>{1fbeb56c-04dc-4922-b6bc-13a64060215b}</UniqueIdentifier>
    </Filter>
    <Filter Include="头文件\Factory-Product\Tiingo">
      <UniqueIdentifier>{f19c941b-0adf-427b-b3d4-bc480b8d0297}</UniqueIdentifier>
    </Filter>
    <Filter Include="头文件\Factory-Product\Finnhub">
      <UniqueIdentifier>{8e8d6719-4621-4305-9712-0705ae636df8}</UniqueIdentifier>
    </Filter>
    <Filter Include="头文件\Factory-Product\ChinaMarket">
      <UniqueIdentifier>{73b57d64-57b0-46ab-9a1c-f0df258bad20}</UniqueIdentifier>
    </Filter>
    <Filter Include="头文件\Type\America market\Tiingo">
      <UniqueIdentifier>{b2497ca9-967c-47a1-ad27-40ee5ca7ddb9}</UniqueIdentifier>
    </Filter>
    <Filter Include="头文件\Type\America market\Finnhub">
      <UniqueIdentifier>{3b6cb82e-a04e-47e7-85d8-7a03e3e0fa8f}</UniqueIdentifier>
    </Filter>
    <Filter Include="头文件\Factory-Product\Accessory">
      <UniqueIdentifier>{afe80ecb-e336-4750-9ec8-cc3528be72c0}</UniqueIdentifier>
    </Filter>
    <Filter Include="头文件\Data Source\Accessory">
      <UniqueIdentifier>{c984ee04-e97e-4511-b4ba-c0fb1940b16d}</UniqueIdentifier>
    </Filter>
    <Filter Include="源文件\Factory-Product\Accessory">
      <UniqueIdentifier>{01165a19-3b8f-4b65-8736-65e259a3fd1c}</UniqueIdentifier>
    </Filter>
    <Filter Include="源文件\Data Source\Accessory">
      <UniqueIdentifier>{960ee098-a702-4ba5-ab14-3acb4664490f}</UniqueIdentifier>
    </Filter>
    <Filter Include="源文件\Type\America market\Tiingo">
      <UniqueIdentifier>{9d1adf18-4f48-445d-bb90-b2833f09fad7}</UniqueIdentifier>
    </Filter>
    <Filter Include="源文件\Type\America market\Finnhub">
      <UniqueIdentifier>{6f70fd6e-91dd-4dc5-b18b-d5fdc5b237d1}</UniqueIdentifier>
    </Filter>
    <Filter Include="源文件\Type\TechAnalysis">
      <UniqueIdentifier>{2828e26b-108f-49e3-83c7-05cc1bf624d7}</UniqueIdentifier>
    </Filter>
    <Filter Include="头文件\Type\TechAnalysis">
      <UniqueIdentifier>{98f34aec-40ab-447f-9f6e-13bc2fb56afe}</UniqueIdentifier>
    </Filter>
    <Filter Include="头文件\Factory-Product\AlphaVantage">
      <UniqueIdentifier>{3821548c-13ae-49c5-b2e8-d78b1d812b75}</UniqueIdentifier>
    </Filter>
    <Filter Include="源文件\Factory-Product\AlphaVantage">
      <UniqueIdentifier>{d8805d14-9375-4e8e-afb3-76eec1a7c832}</UniqueIdentifier>
    </Filter>
  </ItemGroup>
  <ItemGroup>
    <ClInclude Include="..\src\targetver.h">
      <Filter>头文件</Filter>
    </ClInclude>
    <ClInclude Include="..\Lib\simdjson\simdjson.h">
      <Filter>头文件</Filter>
    </ClInclude>
  </ItemGroup>
  <ItemGroup>
    <ClCompile Include="..\src\accessory\ChinaStockCodeConverter.cpp">
      <Filter>源文件\Accessory</Filter>
    </ClCompile>
    <ClCompile Include="..\src\accessory\InfoReport.cpp">
      <Filter>源文件\Accessory</Filter>
    </ClCompile>
    <ClCompile Include="..\src\accessory\nlohmannJsonGetValue.cpp">
      <Filter>源文件\Accessory</Filter>
    </ClCompile>
    <ClCompile Include="..\src\accessory\JsonParse.cpp">
      <Filter>源文件\Accessory</Filter>
    </ClCompile>
    <ClCompile Include="..\src\accessory\PriorityQueueWebRTData.cpp">
      <Filter>源文件\Accessory</Filter>
    </ClCompile>
    <ClCompile Include="..\src\accessory\TimeConvert.cpp">
      <Filter>源文件\Accessory</Filter>
    </ClCompile>
    <ClCompile Include="..\src\Data Source\VirtualDataSource.cpp">
      <Filter>源文件\Data Source</Filter>
    </ClCompile>
    <ClCompile Include="..\src\Factory Product\ProductDummy.cpp">
      <Filter>源文件\Factory-Product</Filter>
    </ClCompile>
    <ClCompile Include="..\src\Factory Product\VirtualWebProduct.cpp">
      <Filter>源文件\Factory-Product</Filter>
    </ClCompile>
    <ClCompile Include="..\src\Market\ChinaMarket.cpp">
      <Filter>源文件\Market</Filter>
    </ClCompile>
    <ClCompile Include="..\src\Market\VirtualMarket.cpp">
      <Filter>源文件\Market</Filter>
    </ClCompile>
    <ClCompile Include="..\src\Market\WorldMarket.cpp">
      <Filter>源文件\Market</Filter>
    </ClCompile>
    <ClCompile Include="..\src\Stock\ChinaStock.cpp">
      <Filter>源文件\Stock</Filter>
    </ClCompile>
    <ClCompile Include="..\src\Stock\VirtualStock.cpp">
      <Filter>源文件\Stock</Filter>
    </ClCompile>
    <ClCompile Include="..\src\System\InaccessibleSymbol.cpp">
      <Filter>源文件\System</Filter>
    </ClCompile>
    <ClCompile Include="..\src\System\SystemConfiguration.cpp">
      <Filter>源文件\System</Filter>
    </ClCompile>
    <ClCompile Include="..\src\System\SystemMessage.cpp">
      <Filter>源文件\System</Filter>
    </ClCompile>
    <ClCompile Include="..\src\Type\America market\Country.cpp">
      <Filter>源文件\Type\America market</Filter>
    </ClCompile>
    <ClCompile Include="..\src\Type\America market\EconomicCalendar.cpp">
      <Filter>源文件\Type\America market</Filter>
    </ClCompile>
    <ClCompile Include="..\src\Type\America market\EPSSurprise.cpp">
      <Filter>源文件\Type\America market</Filter>
    </ClCompile>
    <ClCompile Include="..\src\Type\America market\InsiderSentment.cpp">
      <Filter>源文件\Type\America market</Filter>
    </ClCompile>
    <ClCompile Include="..\src\Type\America market\InsiderTransaction.cpp">
      <Filter>源文件\Type\America market</Filter>
    </ClCompile>
    <ClCompile Include="..\src\Type\America market\NaicesIndustry.cpp">
      <Filter>源文件\Type\America market</Filter>
    </ClCompile>
    <ClCompile Include="..\src\Type\China market\DayLine.cpp">
      <Filter>源文件\Type\China market</Filter>
    </ClCompile>
    <ClCompile Include="..\src\Type\China market\DayLineWebData.cpp">
      <Filter>源文件\Type\China market</Filter>
    </ClCompile>
    <ClCompile Include="..\src\Type\China market\StockSection.cpp">
      <Filter>源文件\Type\China market</Filter>
    </ClCompile>
    <ClCompile Include="..\src\Type\China market\WebData.cpp">
      <Filter>源文件\Type\China market</Filter>
    </ClCompile>
    <ClCompile Include="..\src\Type\China market\WebRTData.cpp">
      <Filter>源文件\Type\China market</Filter>
    </ClCompile>
    <ClCompile Include="..\src\Type\China market\WeekLine.cpp">
      <Filter>源文件\Type\China market</Filter>
    </ClCompile>
    <ClCompile Include="..\src\Type\VirtualHistoryCandle.cpp">
      <Filter>源文件\Type</Filter>
    </ClCompile>
    <ClCompile Include="..\src\WebSocket\FinnhubWebSocket.cpp">
      <Filter>源文件\Web Socket</Filter>
    </ClCompile>
    <ClCompile Include="..\src\WebSocket\TiingoCryptoWebSocket.cpp">
      <Filter>源文件\Web Socket</Filter>
    </ClCompile>
    <ClCompile Include="..\src\WebSocket\TiingoForexWebSocket.cpp">
      <Filter>源文件\Web Socket</Filter>
    </ClCompile>
    <ClCompile Include="..\src\WebSocket\TiingoIEXWebSocket.cpp">
      <Filter>源文件\Web Socket</Filter>
    </ClCompile>
    <ClCompile Include="..\src\WebSocket\VirtualWebSocket.cpp">
      <Filter>源文件\Web Socket</Filter>
    </ClCompile>
    <ClCompile Include="..\src\globedef.cpp">
      <Filter>源文件</Filter>
    </ClCompile>
    <ClCompile Include="..\src\Data Source\FinnhubDataSource.cpp">
      <Filter>源文件\Data Source\WorldMarket</Filter>
    </ClCompile>
    <ClCompile Include="..\src\Data Source\SinaRTDataSource.cpp">
      <Filter>源文件\Data Source\China market</Filter>
    </ClCompile>
    <ClCompile Include="..\src\Data Source\TiingoDataSource.cpp">
      <Filter>源文件\Data Source\WorldMarket</Filter>
    </ClCompile>
    <ClCompile Include="..\src\Factory Product\FinnhubFactory.cpp">
      <Filter>源文件\Factory-Product\Finnhub</Filter>
    </ClCompile>
    <ClCompile Include="..\src\Factory Product\ProductFinnhub.cpp">
      <Filter>源文件\Factory-Product\Finnhub</Filter>
    </ClCompile>
    <ClCompile Include="..\src\Factory Product\ProductFinnhubCompanyInsiderSentiment.cpp">
      <Filter>源文件\Factory-Product\Finnhub</Filter>
    </ClCompile>
    <ClCompile Include="..\src\Factory Product\ProductFinnhubCompanyInsiderTransaction.cpp">
      <Filter>源文件\Factory-Product\Finnhub</Filter>
    </ClCompile>
    <ClCompile Include="..\src\Factory Product\ProductFinnhubCompanyNews.cpp">
      <Filter>源文件\Factory-Product\Finnhub</Filter>
    </ClCompile>
    <ClCompile Include="..\src\Factory Product\ProductFinnhubCompanyPeer.cpp">
      <Filter>源文件\Factory-Product\Finnhub</Filter>
    </ClCompile>
    <ClCompile Include="..\src\Factory Product\ProductFinnhubCompanyProfile.cpp">
      <Filter>源文件\Factory-Product\Finnhub</Filter>
    </ClCompile>
    <ClCompile Include="..\src\Factory Product\ProductFinnhubCompanyProfileConcise.cpp">
      <Filter>源文件\Factory-Product\Finnhub</Filter>
    </ClCompile>
    <ClCompile Include="..\src\Factory Product\ProductFinnhubCryptoDayLine.cpp">
      <Filter>源文件\Factory-Product\Finnhub</Filter>
    </ClCompile>
    <ClCompile Include="..\src\Factory Product\ProductFinnhubCryptoExchange.cpp">
      <Filter>源文件\Factory-Product\Finnhub</Filter>
    </ClCompile>
    <ClCompile Include="..\src\Factory Product\ProductFinnhubCryptoSymbol.cpp">
      <Filter>源文件\Factory-Product\Finnhub</Filter>
    </ClCompile>
    <ClCompile Include="..\src\Factory Product\ProductFinnhubEconomicCalendar.cpp">
      <Filter>源文件\Factory-Product\Finnhub</Filter>
    </ClCompile>
    <ClCompile Include="..\src\Factory Product\ProductFinnhubEconomicCountryList.cpp">
      <Filter>源文件\Factory-Product\Finnhub</Filter>
    </ClCompile>
    <ClCompile Include="..\src\Factory Product\ProductFinnhubForexDayLine.cpp">
      <Filter>源文件\Factory-Product\Finnhub</Filter>
    </ClCompile>
    <ClCompile Include="..\src\Factory Product\ProductFinnhubForexExchange.cpp">
      <Filter>源文件\Factory-Product\Finnhub</Filter>
    </ClCompile>
    <ClCompile Include="..\src\Factory Product\ProductFinnhubForexSymbol.cpp">
      <Filter>源文件\Factory-Product\Finnhub</Filter>
    </ClCompile>
    <ClCompile Include="..\src\Factory Product\ProductFinnhubStockDayLine.cpp">
      <Filter>源文件\Factory-Product\Finnhub</Filter>
    </ClCompile>
    <ClCompile Include="..\src\Factory Product\ProductFinnhubStockEstimatesEPSSurprise.cpp">
      <Filter>源文件\Factory-Product\Finnhub</Filter>
    </ClCompile>
    <ClCompile Include="..\src\Factory Product\ProductFinnhubStockPriceQuote.cpp">
      <Filter>源文件\Factory-Product\Finnhub</Filter>
    </ClCompile>
    <ClCompile Include="..\src\Factory Product\ProductFinnhubStockSymbol.cpp">
      <Filter>源文件\Factory-Product\Finnhub</Filter>
    </ClCompile>
    <ClCompile Include="..\src\Factory Product\ProductTiingoCryptoSymbol.cpp">
      <Filter>源文件\Factory-Product\Tiingo</Filter>
    </ClCompile>
    <ClCompile Include="..\src\Factory Product\ProductTiingoStockDayLine.cpp">
      <Filter>源文件\Factory-Product\Tiingo</Filter>
    </ClCompile>
    <ClCompile Include="..\src\Factory Product\ProductTiingoStockProfile.cpp">
      <Filter>源文件\Factory-Product\Tiingo</Filter>
    </ClCompile>
    <ClCompile Include="..\src\Factory Product\TiingoFactory.cpp">
      <Filter>源文件\Factory-Product\Tiingo</Filter>
    </ClCompile>
    <ClCompile Include="..\src\FinnhubInquiryType.cpp">
      <Filter>源文件</Filter>
    </ClCompile>
    <ClCompile Include="..\src\Data Container\ContainerChinaStockDayLine.cpp">
      <Filter>源文件\Data container\China Market</Filter>
    </ClCompile>
    <ClCompile Include="..\src\Data Container\ContainerChinaStock.cpp">
      <Filter>源文件\Data container\China Market</Filter>
    </ClCompile>
    <ClCompile Include="..\src\Data Container\ContainerChinaWeekLine.cpp">
      <Filter>源文件\Data container\China Market</Filter>
    </ClCompile>
    <ClCompile Include="..\src\Data Container\containerChosenCrypto.cpp">
      <Filter>源文件\Data container\Chosen</Filter>
    </ClCompile>
    <ClCompile Include="..\src\Data Container\containerChosenForex.cpp">
      <Filter>源文件\Data container\Chosen</Filter>
    </ClCompile>
    <ClCompile Include="..\src\Data Container\ContainerTiingoChosenStock.cpp">
      <Filter>源文件\Data container\Chosen</Filter>
    </ClCompile>
    <ClCompile Include="..\src\Data Container\ContainerFinnhubCountry.cpp">
      <Filter>源文件\Data container\Finnhub</Filter>
    </ClCompile>
    <ClCompile Include="..\src\Data Container\ContainerFinnhubCryptoExchange.cpp">
      <Filter>源文件\Data container\Finnhub</Filter>
    </ClCompile>
    <ClCompile Include="..\src\Data Container\ContainerFinnhubCrypto.cpp">
      <Filter>源文件\Data container\Finnhub</Filter>
    </ClCompile>
    <ClCompile Include="..\src\Data Container\ContainerFinnhubEconomicCalendar.cpp">
      <Filter>源文件\Data container\Finnhub</Filter>
    </ClCompile>
    <ClCompile Include="..\src\Data Container\ContainerFinnhubForexExchange.cpp">
      <Filter>源文件\Data container\Finnhub</Filter>
    </ClCompile>
    <ClCompile Include="..\src\Data Container\ContainerFinnhubForexSymbol.cpp">
      <Filter>源文件\Data container\Finnhub</Filter>
    </ClCompile>
    <ClCompile Include="..\src\Data Container\ContainerTiingoCryptoSymbol.cpp">
      <Filter>源文件\Data container\Tiingo</Filter>
    </ClCompile>
    <ClCompile Include="..\src\Data Container\ContainerTiingoStock.cpp">
      <Filter>源文件\Data container\Tiingo</Filter>
    </ClCompile>
    <ClCompile Include="..\src\Data Container\ContainerVirtualStock.cpp">
      <Filter>源文件\Data container</Filter>
    </ClCompile>
    <ClCompile Include="..\src\Data Container\ContainerCryptoDayLine.cpp">
      <Filter>源文件\Data container</Filter>
    </ClCompile>
    <ClCompile Include="..\src\Data Container\ContainerForexDayLine.cpp">
      <Filter>源文件\Data container</Filter>
    </ClCompile>
    <ClCompile Include="..\src\Data Container\ContainerStockSymbol.cpp">
      <Filter>源文件\Data container</Filter>
    </ClCompile>
    <ClCompile Include="..\src\Data Source\TengxunRTDataSource.cpp">
      <Filter>源文件\Data Source\China market</Filter>
    </ClCompile>
    <ClCompile Include="..\src\Factory Product\ProductFinnhubMarketStatus.cpp">
      <Filter>源文件\Factory-Product\Finnhub</Filter>
    </ClCompile>
    <ClCompile Include="..\src\Factory Product\ProductFinnhubMarketHoliday.cpp">
      <Filter>源文件\Factory-Product\Finnhub</Filter>
    </ClCompile>
    <ClCompile Include="..\src\Factory Product\ProductTiingo.cpp">
      <Filter>源文件\Factory-Product\Tiingo</Filter>
    </ClCompile>
    <ClCompile Include="..\src\Factory Product\ProductSinaRT.cpp">
      <Filter>源文件\Factory-Product\ChinaMarket</Filter>
    </ClCompile>
    <ClCompile Include="..\src\Factory Product\ProductTengxunDayLine.cpp">
      <Filter>源文件\Factory-Product\ChinaMarket</Filter>
    </ClCompile>
    <ClCompile Include="..\src\Factory Product\ProductTengxunRT.cpp">
      <Filter>源文件\Factory-Product\ChinaMarket</Filter>
    </ClCompile>
    <ClCompile Include="..\src\Data Container\VirtualContainer.cpp">
      <Filter>源文件\Data container</Filter>
    </ClCompile>
    <ClCompile Include="..\src\accessory\simdjsonGetValue.cpp">
      <Filter>源文件\Accessory</Filter>
    </ClCompile>
    <ClCompile Include="..\src\Data Source\TengxunDayLineDataSource.cpp">
      <Filter>源文件\Data Source\China market</Filter>
    </ClCompile>
    <ClCompile Include="..\src\Data Source\InquireEngine.cpp">
      <Filter>源文件\Data Source</Filter>
    </ClCompile>
    <ClCompile Include="..\src\Factory Product\ProductFinnhubSECFilings.cpp">
      <Filter>源文件\Factory-Product\Finnhub</Filter>
    </ClCompile>
    <ClCompile Include="..\src\Type\SECFiling.cpp">
      <Filter>源文件\Type\America market</Filter>
    </ClCompile>
    <ClCompile Include="..\src\Factory Product\ProductTiingoMarketNews.cpp">
      <Filter>源文件\Factory-Product\Tiingo</Filter>
    </ClCompile>
    <ClCompile Include="..\src\Factory Product\ProductTiingoFundamentalDefinition.cpp">
      <Filter>源文件\Factory-Product\Tiingo</Filter>
    </ClCompile>
    <ClCompile Include="..\src\Factory Product\ProductTiingoForexDayLine.cpp">
      <Filter>源文件\Factory-Product\Tiingo</Filter>
    </ClCompile>
    <ClCompile Include="..\src\Factory Product\ProductTiingoCryptoDayLine.cpp">
      <Filter>源文件\Factory-Product\Tiingo</Filter>
    </ClCompile>
    <ClCompile Include="..\src\Data Container\ContainerTiingoFundamentalDefinition.cpp">
      <Filter>源文件\Data container\Tiingo</Filter>
    </ClCompile>
    <ClCompile Include="..\src\Factory Product\ProductTiingoFinancialState.cpp">
      <Filter>源文件\Factory-Product\Tiingo</Filter>
    </ClCompile>
    <ClCompile Include="..\src\Data Container\ContainerTiingoStockDayLine.cpp">
      <Filter>源文件\Data container\Tiingo</Filter>
    </ClCompile>
    <ClCompile Include="..\src\Stock\TiingoStock.cpp">
      <Filter>源文件\Stock\Tiingo</Filter>
    </ClCompile>
    <ClCompile Include="..\src\Stock\FinnhubCrypto.cpp">
      <Filter>源文件\Stock\Finnhub</Filter>
    </ClCompile>
    <ClCompile Include="..\src\Stock\FinnhubForex.cpp">
      <Filter>源文件\Stock\Finnhub</Filter>
    </ClCompile>
    <ClCompile Include="..\src\Stock\FinnhubStock.cpp">
      <Filter>源文件\Stock\Finnhub</Filter>
    </ClCompile>
    <ClCompile Include="..\src\System\Inaccessilbe.cpp">
      <Filter>源文件\System</Filter>
    </ClCompile>
    <ClCompile Include="..\src\Factory Product\ProductTiingoIEXTopOfBook.cpp">
      <Filter>源文件\Factory-Product\Tiingo</Filter>
    </ClCompile>
    <ClCompile Include="..\src\Factory Product\ProductTiingoStockDailyMeta.cpp">
      <Filter>源文件\Factory-Product\Tiingo</Filter>
    </ClCompile>
    <ClCompile Include="..\src\Data Container\ContainerTiingoNewSymbol.cpp">
      <Filter>源文件\Data container\Tiingo</Filter>
    </ClCompile>
    <ClCompile Include="..\src\Data Container\ContainerFinnhubStock.cpp">
      <Filter>源文件\Data container\Finnhub</Filter>
    </ClCompile>
    <ClCompile Include="..\src\Data Container\ContainerFinnhubStockDayLine.cpp">
      <Filter>源文件\Data container\Finnhub</Filter>
    </ClCompile>
    <ClCompile Include="..\src\Market\MarketTask.cpp">
      <Filter>源文件\Market</Filter>
    </ClCompile>
    <ClCompile Include="..\src\Market\MarketTaskQueue.cpp">
      <Filter>源文件\Market</Filter>
    </ClCompile>
    <ClCompile Include="..\src\Type\America market\StockExchange.cpp">
      <Filter>源文件\Type</Filter>
    </ClCompile>
    <ClCompile Include="..\src\Data Container\ContainerStockExchange.cpp">
      <Filter>源文件\Data container</Filter>
    </ClCompile>
    <ClCompile Include="..\src\Factory Product\AccessoryFactory.cpp">
      <Filter>源文件\Factory-Product\Accessory</Filter>
    </ClCompile>
    <ClCompile Include="..\src\Factory Product\ProductIndexNasdaq100Stocks.cpp">
      <Filter>源文件\Factory-Product\Accessory</Filter>
    </ClCompile>
    <ClCompile Include="..\src\Data Source\AccessoryDataSource.cpp">
      <Filter>源文件\Data Source\Accessory</Filter>
    </ClCompile>
    <ClCompile Include="..\src\Data Container\ContainerTiingoStockWeekLine.cpp">
      <Filter>源文件\Data container\Tiingo</Filter>
    </ClCompile>
    <ClCompile Include="..\src\Type\TiingoCompanyFinancialState.cpp">
      <Filter>源文件\Type\America market\Tiingo</Filter>
    </ClCompile>
    <ClCompile Include="..\src\Type\America market\TiingoCandleLine.cpp">
      <Filter>源文件\Type\America market\Tiingo</Filter>
    </ClCompile>
    <ClCompile Include="..\src\Type\America market\TiingoIEXTopOfBook.cpp">
      <Filter>源文件\Type\America market\Tiingo</Filter>
    </ClCompile>
    <ClCompile Include="..\src\Type\America market\TiingoIndustry.cpp">
      <Filter>源文件\Type\America market\Tiingo</Filter>
    </ClCompile>
    <ClCompile Include="..\src\Type\America market\TiingoMarketNews.cpp">
      <Filter>源文件\Type\America market\Tiingo</Filter>
    </ClCompile>
    <ClCompile Include="..\src\Type\America market\FinnhubCompanyNews.cpp">
      <Filter>源文件\Type\America market\Finnhub</Filter>
    </ClCompile>
    <ClCompile Include="..\src\Type\America market\FinnhubRecommendationTrends.cpp">
      <Filter>源文件\Type\America market\Finnhub</Filter>
    </ClCompile>
    <ClCompile Include="..\src\Type\TechAnalysis\IndicatorKDJ.cpp">
      <Filter>源文件\Type\TechAnalysis</Filter>
    </ClCompile>
    <ClCompile Include="..\src\Type\TechAnalysis\MovingAverage.cpp">
      <Filter>源文件\Type\TechAnalysis</Filter>
    </ClCompile>
    <ClCompile Include="..\src\Data Container\ContainerTiingoStockMonthLine.cpp">
      <Filter>源文件\Data container\Tiingo</Filter>
    </ClCompile>
    <ClCompile Include="..\src\System\Initialization.cpp">
      <Filter>源文件\System</Filter>
    </ClCompile>
    <ClCompile Include="..\src\Data Source\AlphaVantageDataSource.cpp">
      <Filter>源文件\Data Source\WorldMarket</Filter>
    </ClCompile>
    <ClCompile Include="..\src\Factory Product\AlphaVantageFactory.cpp">
      <Filter>源文件\Factory-Product\AlphaVantage</Filter>
    </ClCompile>
    <ClCompile Include="..\src\Factory Product\ProductAlphaVantageStockDayLine.cpp">
      <Filter>源文件\Factory-Product\AlphaVantage</Filter>
    </ClCompile>
    <ClCompile Include="..\src\Factory Product\ProductAlphaVantage.cpp">
      <Filter>源文件\Factory-Product\AlphaVantage</Filter>
    </ClCompile>
    <ClCompile Include="..\src\Factory Product\ProductAlphaVantageStockSplits.cpp">
      <Filter>源文件\Factory-Product\AlphaVantage</Filter>
    </ClCompile>
    <ClCompile Include="..\src\Factory Product\ProductFinnhubCompanySymbolChange.cpp">
      <Filter>源文件\Factory-Product\Finnhub</Filter>
    </ClCompile>
    <ClCompile Include="..\src\Type\America market\FinnhubCompanySymbolChange.cpp">
      <Filter>源文件\Type\America market\Finnhub</Filter>
    </ClCompile>
    <ClCompile Include="..\src\Type\VirtualDataHistoryCandle.cpp">
      <Filter>源文件\Type</Filter>
    </ClCompile>
    <ClCompile Include="..\src\Data Container\ContainerChinaMonthLine.cpp">
      <Filter>源文件\Data container\China Market</Filter>
    </ClCompile>
    <ClCompile Include="..\src\Type\China market\MonthLine.cpp">
      <Filter>源文件\Type\China market</Filter>
    </ClCompile>
    <ClCompile Include="..\src\Type\TechAnalysis\IndicatorMACD.cpp">
      <Filter>源文件\Type\TechAnalysis</Filter>
    </ClCompile>
    <ClCompile Include="..\src\Type\TechAnalysis\IndicatorRSI.cpp">
      <Filter>源文件\Type\TechAnalysis</Filter>
    </ClCompile>
    <ClCompile Include="..\src\Type\America market\TiingoFundamentalDefinition.cpp">
      <Filter>源文件\Type\America market\Tiingo</Filter>
    </ClCompile>
    <ClCompile Include="..\src\Type\America market\SICIndustry.cpp">
      <Filter>源文件\Type\America market\Finnhub</Filter>
    </ClCompile>
    <ClCompile Include="..\src\Type\TechAnalysis\IndicatorBoll.cpp">
      <Filter>源文件\Type\TechAnalysis</Filter>
    </ClCompile>
    <ClCompile Include="..\src\Data Source\EastMoneyDayLineDataSource.cpp">
      <Filter>源文件\Data Source\China market</Filter>
    </ClCompile>
    <ClCompile Include="..\src\Factory Product\ProductEastmoneyDayline.cpp">
      <Filter>源文件\Factory-Product\ChinaMarket</Filter>
    </ClCompile>
    <ClCompile Include="..\Lib\simdjson\simdjson.cpp">
      <Filter>源文件\Accessory</Filter>
    </ClCompile>
    <ClCompile Include="..\src\accessory\SaveAndLoad.cpp">
      <Filter>源文件\Accessory</Filter>
    </ClCompile>
    <ClCompile Include="..\src\accessory\InfoReport.ixx">
      <Filter>头文件\Accessory</Filter>
    </ClCompile>
    <ClCompile Include="..\src\accessory\ChinaStockCodeConverter.ixx">
      <Filter>头文件\Accessory</Filter>
    </ClCompile>
    <ClCompile Include="..\src\accessory\JsonParse.ixx">
      <Filter>头文件\Accessory</Filter>
    </ClCompile>
    <ClCompile Include="..\src\accessory\nlohmannJsonGetValue.ixx">
      <Filter>头文件\Accessory</Filter>
    </ClCompile>
    <ClCompile Include="..\src\accessory\PriorityQueueWebRTData.ixx">
      <Filter>头文件\Accessory</Filter>
    </ClCompile>
    <ClCompile Include="..\src\accessory\SaveAndLoad.ixx">
      <Filter>头文件\Accessory</Filter>
    </ClCompile>
    <ClCompile Include="..\src\accessory\simdjsonGetValue.ixx">
      <Filter>头文件\Accessory</Filter>
    </ClCompile>
    <ClCompile Include="..\src\accessory\spdlog_assert.ixx">
      <Filter>头文件\Accessory</Filter>
    </ClCompile>
    <ClCompile Include="..\src\accessory\TimeConvert.ixx">
      <Filter>头文件\Accessory</Filter>
    </ClCompile>
    <ClCompile Include="..\src\Data Container\ContainerChinaStock.ixx">
      <Filter>头文件\Data container\China Market</Filter>
    </ClCompile>
    <ClCompile Include="..\src\Data Container\ContainerChinaStockDayLine.ixx">
      <Filter>头文件\Data container\China Market</Filter>
    </ClCompile>
    <ClCompile Include="..\src\Data Container\ContainerChinaStockMonthLine.ixx">
      <Filter>头文件\Data container\China Market</Filter>
    </ClCompile>
    <ClCompile Include="..\src\Data Container\ContainerChinaStockWeekLine.ixx">
      <Filter>头文件\Data container\China Market</Filter>
    </ClCompile>
    <ClCompile Include="..\src\Data Container\containerChosenCrypto.ixx">
      <Filter>头文件\Data container\Chosen</Filter>
    </ClCompile>
    <ClCompile Include="..\src\Data Container\containerChosenForex.ixx">
      <Filter>头文件\Data container\Chosen</Filter>
    </ClCompile>
    <ClCompile Include="..\src\Data Container\containerTiingoChosenStock.ixx">
      <Filter>头文件\Data container\Chosen</Filter>
    </ClCompile>
    <ClCompile Include="..\src\Data Container\ContainerFinnhubCountry.ixx">
      <Filter>头文件\Data container\Finnhub</Filter>
    </ClCompile>
    <ClCompile Include="..\src\Data Container\ContainerFinnhubCrypto.ixx">
      <Filter>头文件\Data container\Finnhub</Filter>
    </ClCompile>
    <ClCompile Include="..\src\Data Container\ContainerFinnhubCryptoExchange.ixx">
      <Filter>头文件\Data container\Finnhub</Filter>
    </ClCompile>
    <ClCompile Include="..\src\Data Container\ContainerFinnhubEconomicCalendar.ixx">
      <Filter>头文件\Data container\Finnhub</Filter>
    </ClCompile>
    <ClCompile Include="..\src\Data Container\ContainerFinnhubForexExchange.ixx">
      <Filter>头文件\Data container\Finnhub</Filter>
    </ClCompile>
    <ClCompile Include="..\src\Data Container\ContainerFinnhubForexSymbol.ixx">
      <Filter>头文件\Data container\Finnhub</Filter>
    </ClCompile>
    <ClCompile Include="..\src\Data Container\ContainerFinnhubStock.ixx">
      <Filter>头文件\Data container\Finnhub</Filter>
    </ClCompile>
    <ClCompile Include="..\src\Data Container\ContainerFinnhubStockDayline.ixx">
      <Filter>头文件\Data container\Finnhub</Filter>
    </ClCompile>
    <ClCompile Include="..\src\Data Container\ContainerTiingoCryptoSymbol.ixx">
      <Filter>头文件\Data container\Tiingo</Filter>
    </ClCompile>
    <ClCompile Include="..\src\Data Container\ContainerTiingoFundamentalDefinition.ixx">
      <Filter>头文件\Data container\Tiingo</Filter>
    </ClCompile>
    <ClCompile Include="..\src\Data Container\ContainerTiingoIndustry.ixx">
      <Filter>头文件\Data container\Tiingo</Filter>
    </ClCompile>
    <ClCompile Include="..\src\Data Container\ContainerTiingoStock.ixx">
      <Filter>头文件\Data container\Tiingo</Filter>
    </ClCompile>
    <ClCompile Include="..\src\Data Container\ContainerTiingoStockDayLine.ixx">
      <Filter>头文件\Data container\Tiingo</Filter>
    </ClCompile>
    <ClCompile Include="..\src\Data Container\ContainerTiingoStockMonthLine.ixx">
      <Filter>头文件\Data container\Tiingo</Filter>
    </ClCompile>
    <ClCompile Include="..\src\Data Container\ContainerTiingoStockWeekLine.ixx">
      <Filter>头文件\Data container\Tiingo</Filter>
    </ClCompile>
    <ClCompile Include="..\src\Data Container\ContainerTiingoSymbol.ixx">
      <Filter>头文件\Data container\Tiingo</Filter>
    </ClCompile>
    <ClCompile Include="..\src\Data Container\ContainerCryptoDayLine.ixx">
      <Filter>头文件\Data container</Filter>
    </ClCompile>
    <ClCompile Include="..\src\Data Container\ContainerForexDayLine.ixx">
      <Filter>头文件\Data container</Filter>
    </ClCompile>
    <ClCompile Include="..\src\Data Container\ContainerNaicsIndustry.ixx">
      <Filter>头文件\Data container</Filter>
    </ClCompile>
    <ClCompile Include="..\src\Data Container\ContainerSICIndustry.ixx">
      <Filter>头文件\Data container</Filter>
    </ClCompile>
    <ClCompile Include="..\src\Data Container\ContainerStockExchange.ixx">
      <Filter>头文件\Data container</Filter>
    </ClCompile>
    <ClCompile Include="..\src\Data Container\ContainerStockSymbol.ixx">
      <Filter>头文件\Data container</Filter>
    </ClCompile>
    <ClCompile Include="..\src\Data Container\ContainerVirtualStock.ixx">
      <Filter>头文件\Data container</Filter>
    </ClCompile>
    <ClCompile Include="..\src\Data Container\VirtualContainer.ixx">
      <Filter>头文件\Data container</Filter>
    </ClCompile>
    <ClCompile Include="..\src\Data Source\AccessoryDataSource.ixx">
      <Filter>头文件\Data Source\Accessory</Filter>
    </ClCompile>
    <ClCompile Include="..\src\Data Source\EastMoneyDayLineDataSource.ixx">
      <Filter>头文件\Data Source\China market</Filter>
    </ClCompile>
    <ClCompile Include="..\src\Data Source\SinaRTDataSource.ixx">
      <Filter>头文件\Data Source\China market</Filter>
    </ClCompile>
    <ClCompile Include="..\src\Data Source\TengxunDayLineDataSource.ixx">
      <Filter>头文件\Data Source\China market</Filter>
    </ClCompile>
    <ClCompile Include="..\src\Data Source\TengxunRTDataSource.ixx">
      <Filter>头文件\Data Source\China market</Filter>
    </ClCompile>
    <ClCompile Include="..\src\Data Source\AlphaVantageDataSource.ixx">
      <Filter>头文件\Data Source\WorldMarket</Filter>
    </ClCompile>
    <ClCompile Include="..\src\Data Source\FinnhubDataSource.ixx">
      <Filter>头文件\Data Source\WorldMarket</Filter>
    </ClCompile>
    <ClCompile Include="..\src\Data Source\TiingoDataSource.ixx">
      <Filter>头文件\Data Source\WorldMarket</Filter>
    </ClCompile>
    <ClCompile Include="..\src\Data Source\InquireEngine.ixx">
      <Filter>头文件\Data Source</Filter>
    </ClCompile>
    <ClCompile Include="..\src\Data Source\InternetOption.ixx">
      <Filter>头文件\Data Source</Filter>
    </ClCompile>
    <ClCompile Include="..\src\Data Source\VirtualDataSource.ixx">
      <Filter>头文件\Data Source</Filter>
    </ClCompile>
    <ClCompile Include="..\src\Factory Product\AccessoryFactory.ixx">
      <Filter>头文件\Factory-Product\Accessory</Filter>
    </ClCompile>
    <ClCompile Include="..\src\Factory Product\ProductIndexNasdaq100Stocks.ixx">
      <Filter>头文件\Factory-Product\Accessory</Filter>
    </ClCompile>
    <ClCompile Include="..\src\Factory Product\AlphaVantageFactory.ixx">
      <Filter>头文件\Factory-Product\AlphaVantage</Filter>
    </ClCompile>
    <ClCompile Include="..\src\Factory Product\ProductAlphaVantage.ixx">
      <Filter>头文件\Factory-Product\AlphaVantage</Filter>
    </ClCompile>
    <ClCompile Include="..\src\Factory Product\ProductAlphaVantageStockDayLine.ixx">
      <Filter>头文件\Factory-Product\AlphaVantage</Filter>
    </ClCompile>
    <ClCompile Include="..\src\Factory Product\ProductAlphaVantageStockSplits.ixx">
      <Filter>头文件\Factory-Product\AlphaVantage</Filter>
    </ClCompile>
    <ClCompile Include="..\src\Factory Product\ProductEastmoneyDayline.ixx">
      <Filter>头文件\Factory-Product\ChinaMarket</Filter>
    </ClCompile>
    <ClCompile Include="..\src\Factory Product\ProductSinaRT.ixx">
      <Filter>头文件\Factory-Product\ChinaMarket</Filter>
    </ClCompile>
    <ClCompile Include="..\src\Factory Product\ProductTengxunDayLine.ixx">
      <Filter>头文件\Factory-Product\ChinaMarket</Filter>
    </ClCompile>
    <ClCompile Include="..\src\Factory Product\ProductTengxunRT.ixx">
      <Filter>头文件\Factory-Product\ChinaMarket</Filter>
    </ClCompile>
    <ClCompile Include="..\src\Factory Product\FinnhubFactory.ixx">
      <Filter>头文件\Factory-Product\Finnhub</Filter>
    </ClCompile>
    <ClCompile Include="..\src\Factory Product\ProductFinnhub.ixx">
      <Filter>头文件\Factory-Product\Finnhub</Filter>
    </ClCompile>
    <ClCompile Include="..\src\Factory Product\ProductFinnhubCompanyInsiderSentiment.ixx">
      <Filter>头文件\Factory-Product\Finnhub</Filter>
    </ClCompile>
    <ClCompile Include="..\src\Factory Product\ProductFinnhubCompanyInsiderTransaction.ixx">
      <Filter>头文件\Factory-Product\Finnhub</Filter>
    </ClCompile>
    <ClCompile Include="..\src\Factory Product\ProductFinnhubCompanyNews.ixx">
      <Filter>头文件\Factory-Product\Finnhub</Filter>
    </ClCompile>
    <ClCompile Include="..\src\Factory Product\ProductFinnhubCompanyPeer.ixx">
      <Filter>头文件\Factory-Product\Finnhub</Filter>
    </ClCompile>
    <ClCompile Include="..\src\Factory Product\ProductFinnhubCompanyProfile.ixx">
      <Filter>头文件\Factory-Product\Finnhub</Filter>
    </ClCompile>
    <ClCompile Include="..\src\Factory Product\ProductFinnhubCompanyProfileConcise.ixx">
      <Filter>头文件\Factory-Product\Finnhub</Filter>
    </ClCompile>
    <ClCompile Include="..\src\Factory Product\ProductFinnhubCompanySymbolChange.ixx">
      <Filter>头文件\Factory-Product\Finnhub</Filter>
    </ClCompile>
    <ClCompile Include="..\src\Factory Product\ProductFinnhubCryptoDayLine.ixx">
      <Filter>头文件\Factory-Product\Finnhub</Filter>
    </ClCompile>
    <ClCompile Include="..\src\Factory Product\ProductFinnhubCryptoExchange.ixx">
      <Filter>头文件\Factory-Product\Finnhub</Filter>
    </ClCompile>
    <ClCompile Include="..\src\Factory Product\ProductFinnhubCryptoSymbol.ixx">
      <Filter>头文件\Factory-Product\Finnhub</Filter>
    </ClCompile>
    <ClCompile Include="..\src\Factory Product\ProductFinnhubEconomicCalendar.ixx">
      <Filter>头文件\Factory-Product\Finnhub</Filter>
    </ClCompile>
    <ClCompile Include="..\src\Factory Product\ProductFinnhubEconomicCountryList.ixx">
      <Filter>头文件\Factory-Product\Finnhub</Filter>
    </ClCompile>
    <ClCompile Include="..\src\Factory Product\ProductFinnhubForexDayLine.ixx">
      <Filter>头文件\Factory-Product\Finnhub</Filter>
    </ClCompile>
    <ClCompile Include="..\src\Factory Product\ProductFinnhubForexExchange.ixx">
      <Filter>头文件\Factory-Product\Finnhub</Filter>
    </ClCompile>
    <ClCompile Include="..\src\Factory Product\ProductFinnhubForexSymbol.ixx">
      <Filter>头文件\Factory-Product\Finnhub</Filter>
    </ClCompile>
    <ClCompile Include="..\src\Factory Product\ProductFinnhubMarketHoliday.ixx">
      <Filter>头文件\Factory-Product\Finnhub</Filter>
    </ClCompile>
    <ClCompile Include="..\src\Factory Product\ProductFinnhubMarketStatus.ixx">
      <Filter>头文件\Factory-Product\Finnhub</Filter>
    </ClCompile>
    <ClCompile Include="..\src\Factory Product\ProductFinnhubSECFilings.ixx">
      <Filter>头文件\Factory-Product\Finnhub</Filter>
    </ClCompile>
    <ClCompile Include="..\src\Factory Product\ProductFinnhubStockDayLine.ixx">
      <Filter>头文件\Factory-Product\Finnhub</Filter>
    </ClCompile>
    <ClCompile Include="..\src\Factory Product\ProductFinnhubStockEstimatesEPSSurprise.ixx">
      <Filter>头文件\Factory-Product\Finnhub</Filter>
    </ClCompile>
    <ClCompile Include="..\src\Factory Product\ProductFinnhubStockPriceQuote.ixx">
      <Filter>头文件\Factory-Product\Finnhub</Filter>
    </ClCompile>
    <ClCompile Include="..\src\Factory Product\ProductFinnhubStockSymbol.ixx">
      <Filter>头文件\Factory-Product\Finnhub</Filter>
    </ClCompile>
    <ClCompile Include="..\src\Factory Product\ProductTiingo.ixx">
      <Filter>头文件\Factory-Product\Tiingo</Filter>
    </ClCompile>
    <ClCompile Include="..\src\Factory Product\ProductTiingoCryptoDayLine.ixx">
      <Filter>头文件\Factory-Product\Tiingo</Filter>
    </ClCompile>
    <ClCompile Include="..\src\Factory Product\ProductTiingoCryptoSymbol.ixx">
      <Filter>头文件\Factory-Product\Tiingo</Filter>
    </ClCompile>
    <ClCompile Include="..\src\Factory Product\ProductTiingoFinancialState.ixx">
      <Filter>头文件\Factory-Product\Tiingo</Filter>
    </ClCompile>
    <ClCompile Include="..\src\Factory Product\ProductTiingoForexDayLine.ixx">
      <Filter>头文件\Factory-Product\Tiingo</Filter>
    </ClCompile>
    <ClCompile Include="..\src\Factory Product\ProductTiingoFundamentalDefinition.ixx">
      <Filter>头文件\Factory-Product\Tiingo</Filter>
    </ClCompile>
    <ClCompile Include="..\src\Factory Product\ProductTiingoIEXTopOfBook.ixx">
      <Filter>头文件\Factory-Product\Tiingo</Filter>
    </ClCompile>
    <ClCompile Include="..\src\Factory Product\ProductTiingoMarketNews.ixx">
      <Filter>头文件\Factory-Product\Tiingo</Filter>
    </ClCompile>
    <ClCompile Include="..\src\Factory Product\ProductTiingoStockDailyMeta.ixx">
      <Filter>头文件\Factory-Product\Tiingo</Filter>
    </ClCompile>
    <ClCompile Include="..\src\Factory Product\ProductTiingoStockDayLine.ixx">
      <Filter>头文件\Factory-Product\Tiingo</Filter>
    </ClCompile>
    <ClCompile Include="..\src\Factory Product\ProductTiingoStockProfile.ixx">
      <Filter>头文件\Factory-Product\Tiingo</Filter>
    </ClCompile>
    <ClCompile Include="..\src\Factory Product\TiingoFactory.ixx">
      <Filter>头文件\Factory-Product\Tiingo</Filter>
    </ClCompile>
    <ClCompile Include="..\src\Factory Product\ProductDummy.ixx">
      <Filter>头文件\Factory-Product</Filter>
    </ClCompile>
    <ClCompile Include="..\src\Factory Product\TestWebData.ixx">
      <Filter>头文件\Factory-Product</Filter>
    </ClCompile>
    <ClCompile Include="..\src\Factory Product\VirtualDataFactory.ixx">
      <Filter>头文件\Factory-Product</Filter>
    </ClCompile>
    <ClCompile Include="..\src\Factory Product\VirtualWebProduct.ixx">
      <Filter>头文件\Factory-Product</Filter>
    </ClCompile>
    <ClCompile Include="..\src\Market\ChinaMarket.ixx">
      <Filter>头文件\Market</Filter>
    </ClCompile>
    <ClCompile Include="..\src\Market\MarketTask.ixx">
      <Filter>头文件\Market</Filter>
    </ClCompile>
    <ClCompile Include="..\src\Market\MarketTaskQueue.ixx">
      <Filter>头文件\Market</Filter>
    </ClCompile>
    <ClCompile Include="..\src\Market\VirtualMarket.ixx">
      <Filter>头文件\Market</Filter>
    </ClCompile>
    <ClCompile Include="..\src\Market\WorldMarket.ixx">
      <Filter>头文件\Market</Filter>
    </ClCompile>
    <ClCompile Include="..\src\Stock\FinnhubCrypto.ixx">
      <Filter>头文件\Stock\Finnhub</Filter>
    </ClCompile>
    <ClCompile Include="..\src\Stock\FinnhubForex.ixx">
      <Filter>头文件\Stock\Finnhub</Filter>
    </ClCompile>
    <ClCompile Include="..\src\Stock\FinnhubStock.ixx">
      <Filter>头文件\Stock\Finnhub</Filter>
    </ClCompile>
    <ClCompile Include="..\src\Stock\TiingoCrypto.ixx">
      <Filter>头文件\Stock\Tiingo</Filter>
    </ClCompile>
    <ClCompile Include="..\src\Stock\TiingoStock.ixx">
      <Filter>头文件\Stock\Tiingo</Filter>
    </ClCompile>
    <ClCompile Include="..\src\Stock\ChinaStock.ixx">
      <Filter>头文件\Stock</Filter>
    </ClCompile>
    <ClCompile Include="..\src\Stock\VirtualStock.ixx">
      <Filter>头文件\Stock</Filter>
    </ClCompile>
    <ClCompile Include="..\src\System\Inaccessible.ixx">
      <Filter>头文件\System</Filter>
    </ClCompile>
    <ClCompile Include="..\src\System\InaccessibleSymbol.ixx">
      <Filter>头文件\System</Filter>
    </ClCompile>
    <ClCompile Include="..\src\System\SystemConfiguration.ixx">
      <Filter>头文件\System</Filter>
    </ClCompile>
    <ClCompile Include="..\src\System\SystemConstantChinaMarket.ixx">
      <Filter>头文件\System</Filter>
    </ClCompile>
    <ClCompile Include="..\src\System\SystemData.ixx">
      <Filter>头文件\System</Filter>
    </ClCompile>
    <ClCompile Include="..\src\System\SystemMessage.ixx">
      <Filter>头文件\System</Filter>
    </ClCompile>
    <ClCompile Include="..\src\Type\America market\FinnhubCompanyNews.ixx">
      <Filter>头文件\Type\America market\Finnhub</Filter>
    </ClCompile>
    <ClCompile Include="..\src\Type\America market\FinnhubRecommendationTrends.ixx">
      <Filter>头文件\Type\America market\Finnhub</Filter>
    </ClCompile>
    <ClCompile Include="..\src\Type\America market\TiingoCandleLine.ixx">
      <Filter>头文件\Type\America market\Tiingo</Filter>
    </ClCompile>
    <ClCompile Include="..\src\Type\TiingoCompanyFinancialState.ixx">
      <Filter>头文件\Type\America market\Tiingo</Filter>
    </ClCompile>
    <ClCompile Include="..\src\Type\America market\TiingoFundamentalDefinition.ixx">
      <Filter>头文件\Type\America market\Tiingo</Filter>
    </ClCompile>
    <ClCompile Include="..\src\Type\America market\TiingoIEXTopOFBook.ixx">
      <Filter>头文件\Type\America market\Tiingo</Filter>
    </ClCompile>
    <ClCompile Include="..\src\Type\America market\TiingoIndustry.ixx">
      <Filter>头文件\Type\America market\Tiingo</Filter>
    </ClCompile>
    <ClCompile Include="..\src\Type\America market\TiingoMarketNews.ixx">
      <Filter>头文件\Type\America market\Tiingo</Filter>
    </ClCompile>
    <ClCompile Include="..\src\Type\America market\TiingoStockDailyMeta.ixx">
      <Filter>头文件\Type\America market\Tiingo</Filter>
    </ClCompile>
    <ClCompile Include="..\src\Type\America market\Country.ixx">
      <Filter>头文件\Type\America market</Filter>
    </ClCompile>
    <ClCompile Include="..\src\Type\America market\EconomicCalendar.ixx">
      <Filter>头文件\Type\America market</Filter>
    </ClCompile>
    <ClCompile Include="..\src\Type\America market\EPSSurprise.ixx">
      <Filter>头文件\Type\America market</Filter>
    </ClCompile>
    <ClCompile Include="..\src\Type\America market\FinnhubCompanySymbolChange.ixx">
      <Filter>头文件\Type\America market</Filter>
    </ClCompile>
    <ClCompile Include="..\src\Type\America market\InsiderSentiment.ixx">
      <Filter>头文件\Type\America market</Filter>
    </ClCompile>
    <ClCompile Include="..\src\Type\America market\InsiderTransaction.ixx">
      <Filter>头文件\Type\America market</Filter>
    </ClCompile>
    <ClCompile Include="..\src\Type\America market\MarketHoliday.ixx">
      <Filter>头文件\Type\America market</Filter>
    </ClCompile>
    <ClCompile Include="..\src\Type\America market\MarketStatus.ixx">
      <Filter>头文件\Type\America market</Filter>
    </ClCompile>
    <ClCompile Include="..\src\Type\America market\NaicsIndustry.ixx">
      <Filter>头文件\Type\America market</Filter>
    </ClCompile>
    <ClCompile Include="..\src\Type\SECFiling.ixx">
      <Filter>头文件\Type\America market</Filter>
    </ClCompile>
    <ClCompile Include="..\src\Type\China market\DayLine.ixx">
      <Filter>头文件\Type\China market</Filter>
    </ClCompile>
    <ClCompile Include="..\src\Type\China market\DayLineWebData.ixx">
      <Filter>头文件\Type\China market</Filter>
    </ClCompile>
    <ClCompile Include="..\src\Type\China market\MonthLine.ixx">
      <Filter>头文件\Type\China market</Filter>
    </ClCompile>
    <ClCompile Include="..\src\Type\China market\StockSection.ixx">
      <Filter>头文件\Type\China market</Filter>
    </ClCompile>
    <ClCompile Include="..\src\Type\China market\WebData.ixx">
      <Filter>头文件\Type\China market</Filter>
    </ClCompile>
    <ClCompile Include="..\src\Type\China market\WebRTData.ixx">
      <Filter>头文件\Type\China market</Filter>
    </ClCompile>
    <ClCompile Include="..\src\Type\China market\WeekLine.ixx">
      <Filter>头文件\Type\China market</Filter>
    </ClCompile>
    <ClCompile Include="..\src\Type\TechAnalysis\IndicatorBoll.ixx">
      <Filter>头文件\Type\TechAnalysis</Filter>
    </ClCompile>
    <ClCompile Include="..\src\Type\TechAnalysis\IndicatorKDJ.ixx">
      <Filter>头文件\Type\TechAnalysis</Filter>
    </ClCompile>
    <ClCompile Include="..\src\Type\TechAnalysis\IndicatorMACD.ixx">
      <Filter>头文件\Type\TechAnalysis</Filter>
    </ClCompile>
    <ClCompile Include="..\src\Type\TechAnalysis\IndicatorRSI.ixx">
      <Filter>头文件\Type\TechAnalysis</Filter>
    </ClCompile>
    <ClCompile Include="..\src\Type\TechAnalysis\MovingAverage.ixx">
      <Filter>头文件\Type\TechAnalysis</Filter>
    </ClCompile>
    <ClCompile Include="..\src\Type\America market\StockExchange.ixx">
      <Filter>头文件\Type</Filter>
    </ClCompile>
    <ClCompile Include="..\src\Type\StockSplit.ixx">
      <Filter>头文件\Type</Filter>
    </ClCompile>
    <ClCompile Include="..\src\Type\VirtualDataHistoryCandle.ixx">
      <Filter>头文件\Type</Filter>
    </ClCompile>
    <ClCompile Include="..\src\Type\VirtualHistoryCandle.ixx">
      <Filter>头文件\Type</Filter>
    </ClCompile>
    <ClCompile Include="..\src\WebSocket\FinnhubWebSocket.ixx">
      <Filter>头文件\Web Socket</Filter>
    </ClCompile>
    <ClCompile Include="..\src\WebSocket\TiingoCryptoWebSocket.ixx">
      <Filter>头文件\Web Socket</Filter>
    </ClCompile>
    <ClCompile Include="..\src\WebSocket\TiingoForexWebSocket.ixx">
      <Filter>头文件\Web Socket</Filter>
    </ClCompile>
    <ClCompile Include="..\src\WebSocket\TiingoIEXWebSocket.ixx">
      <Filter>头文件\Web Socket</Filter>
    </ClCompile>
    <ClCompile Include="..\src\WebSocket\VirtualWebSocket.ixx">
      <Filter>头文件\Web Socket</Filter>
    </ClCompile>
    <ClCompile Include="..\src\dataBaseConnector.ixx">
      <Filter>头文件</Filter>
    </ClCompile>
    <ClCompile Include="..\src\globedef.ixx">
      <Filter>头文件</Filter>
    </ClCompile>
    <ClCompile Include="..\src\log.ixx">
      <Filter>头文件</Filter>
    </ClCompile>
    <ClCompile Include="..\src\nlohmannJsonDeclaration.ixx">
      <Filter>头文件</Filter>
    </ClCompile>
    <ClCompile Include="..\src\StockMarketSQLTable.h">
      <Filter>头文件</Filter>
    </ClCompile>
    <ClCompile Include="..\src\SystempublicDeclaration.ixx">
      <Filter>头文件</Filter>
    </ClCompile>
    <ClCompile Include="..\src\Thread.ixx">
      <Filter>头文件</Filter>
    </ClCompile>
    <ClCompile Include="..\src\Type\CountableSemaphore.ixx">
      <Filter>头文件\Accessory</Filter>
    </ClCompile>
    <ClCompile Include="..\src\CharSetTransfer.ixx">
      <Filter>头文件\Accessory</Filter>
    </ClCompile>
    <ClCompile Include="..\src\FinnhubInquiryType.ixx">
      <Filter>头文件\Accessory</Filter>
    </ClCompile>
    <ClCompile Include="..\src\Type\America market\SICIndustry.ixx">
      <Filter>头文件\Type\America market\Finnhub</Filter>
    </ClCompile>
    <ClCompile Include="..\src\System\Initialization.ixx">
      <Filter>头文件\System</Filter>
    </ClCompile>
    <ClCompile Include="..\src\WebSocket\WebSocket.ixx">
      <Filter>头文件\Web Socket</Filter>
    </ClCompile>
    <ClCompile Include="..\src\Stock\Stock.ixx">
      <Filter>头文件\Stock</Filter>
    </ClCompile>
    <ClCompile Include="..\src\Type\HistoryCandle.ixx">
      <Filter>头文件\Type</Filter>
    </ClCompile>
  </ItemGroup>
</Project>