<?xml version="1.0" encoding="utf-8"?>
<Project ToolsVersion="4.0" xmlns="http://schemas.microsoft.com/developer/msbuild/2003">
  <ItemGroup>
    <Filter Include="dependency">
      <UniqueIdentifier>{5b11154d-daeb-45c5-866a-d0e89b85667b}</UniqueIdentifier>
    </Filter>
    <Filter Include="Test源文件">
      <UniqueIdentifier>{2ab98a78-c6ad-4adb-af4d-5d58250ca9b6}</UniqueIdentifier>
    </Filter>
    <Filter Include="Test源文件\全局函数">
      <UniqueIdentifier>{7bec1d02-ec36-408c-bc78-9ff482485a4c}</UniqueIdentifier>
    </Filter>
    <Filter Include="Test源文件\辅助检查函数">
      <UniqueIdentifier>{2655ee9b-65a4-47a2-99c9-ed331fd57b9d}</UniqueIdentifier>
    </Filter>
    <Filter Include="Test头文件">
      <UniqueIdentifier>{e95130e2-b771-4e91-b152-51fb6264d415}</UniqueIdentifier>
    </Filter>
    <Filter Include="Test源文件\Data Base">
      <UniqueIdentifier>{d6d8ef2e-9218-4538-a6d4-8797a72b801e}</UniqueIdentifier>
    </Filter>
    <Filter Include="Test源文件\Factory Product">
      <UniqueIdentifier>{6d8b6e28-d09f-4dda-be0f-331245a2b014}</UniqueIdentifier>
    </Filter>
    <Filter Include="Test源文件\Factory Product\Finnhub">
      <UniqueIdentifier>{6d527397-39d1-4594-b2a0-acec90a6ed58}</UniqueIdentifier>
    </Filter>
    <Filter Include="Test源文件\Factory Product\Tiingo">
      <UniqueIdentifier>{607675d2-4127-4216-9ae8-3d527fcd2960}</UniqueIdentifier>
    </Filter>
    <Filter Include="Test源文件\Factory Product\Quandl">
      <UniqueIdentifier>{01482b08-1aaf-4d80-aeb0-699ba08bccd1}</UniqueIdentifier>
    </Filter>
    <Filter Include="Test源文件\Template">
      <UniqueIdentifier>{f40c7b2e-813d-495c-87fa-36becac40cb8}</UniqueIdentifier>
    </Filter>
    <Filter Include="Test源文件\System">
      <UniqueIdentifier>{ef7927e9-9116-46fc-8d78-25a99432f2cb}</UniqueIdentifier>
    </Filter>
    <Filter Include="Test源文件\Market">
      <UniqueIdentifier>{a5ba619f-908d-4c88-99dc-3b03ae4a77ba}</UniqueIdentifier>
    </Filter>
    <Filter Include="Test源文件\Stock">
      <UniqueIdentifier>{262cc08f-c35f-42f0-a448-ee1f40b14ce3}</UniqueIdentifier>
    </Filter>
    <Filter Include="Test源文件\Type">
      <UniqueIdentifier>{01fcd690-ab08-4f2c-9d16-15bdb06cab0f}</UniqueIdentifier>
    </Filter>
    <Filter Include="Test源文件\Web Socket">
      <UniqueIdentifier>{055a2683-27ec-45c8-b80d-cc56bb7133ea}</UniqueIdentifier>
    </Filter>
    <Filter Include="Test源文件\Working thread">
      <UniqueIdentifier>{76775e13-a5cc-4f20-a5fc-048b57815a5f}</UniqueIdentifier>
    </Filter>
    <Filter Include="Test源文件\Type\China Market">
      <UniqueIdentifier>{9960a63c-2a89-412a-8a40-cab60f0c61e0}</UniqueIdentifier>
    </Filter>
    <Filter Include="Test源文件\Type\China Market\WebRTData">
      <UniqueIdentifier>{0109d643-78a6-465a-90a1-ddddc45a166c}</UniqueIdentifier>
    </Filter>
    <Filter Include="Test源文件\Type\China Market\NeteaseDayLineWebData">
      <UniqueIdentifier>{1362f335-5cd6-45f2-90d7-9701ae2fadef}</UniqueIdentifier>
    </Filter>
    <Filter Include="Test源文件\Type\World market">
      <UniqueIdentifier>{aa57c808-d631-4864-8035-44d3b5244a05}</UniqueIdentifier>
    </Filter>
    <Filter Include="Test源文件\Working thread\China market">
      <UniqueIdentifier>{4de9fd20-085b-4476-9c84-9c23e4c3d9e0}</UniqueIdentifier>
    </Filter>
    <Filter Include="Test源文件\Working thread\World market">
      <UniqueIdentifier>{2964517d-125b-4dcb-8de9-48e149432ddb}</UniqueIdentifier>
    </Filter>
    <Filter Include="Test源文件\Market\China market">
      <UniqueIdentifier>{e431dfb9-0605-40cf-9777-b0e7b6025fd0}</UniqueIdentifier>
    </Filter>
    <Filter Include="Test源文件\Market\World market">
      <UniqueIdentifier>{5579b2a4-256d-4f9b-92d8-10541b5cacf3}</UniqueIdentifier>
    </Filter>
    <Filter Include="Test源文件\Stock\China stock">
      <UniqueIdentifier>{0c1726c1-f49c-4f1c-8f29-eaad222aba21}</UniqueIdentifier>
    </Filter>
    <Filter Include="Test源文件\Stock\World stock">
      <UniqueIdentifier>{8f3801b1-e389-4d01-a3c9-53eb227b7b61}</UniqueIdentifier>
    </Filter>
    <Filter Include="Test源文件\Data Source">
      <UniqueIdentifier>{d40221f3-8292-408e-8c70-388a5df3f7a8}</UniqueIdentifier>
    </Filter>
    <Filter Include="Mock class">
      <UniqueIdentifier>{b1bffc53-3e6e-4ff3-b8f2-6d8ed4fa392e}</UniqueIdentifier>
    </Filter>
    <Filter Include="Mock class\Windows interface">
      <UniqueIdentifier>{175d2e97-b77f-48b4-8c0f-46f1dcea41e9}</UniqueIdentifier>
    </Filter>
    <Filter Include="Mock class\辅助类和函数">
      <UniqueIdentifier>{f56b161d-f342-4ef9-8a55-9ff0a1c80029}</UniqueIdentifier>
    </Filter>
    <Filter Include="Mock class\Working thread">
      <UniqueIdentifier>{ac58acf6-635d-40f5-ac88-424c7d21568b}</UniqueIdentifier>
    </Filter>
    <Filter Include="Mock class\Type">
      <UniqueIdentifier>{22725008-0c1a-4fa9-a116-49d02afebf1d}</UniqueIdentifier>
    </Filter>
    <Filter Include="Mock class\Type\China market">
      <UniqueIdentifier>{23aa7c02-c95a-4d59-a3b1-1ea064276804}</UniqueIdentifier>
    </Filter>
    <Filter Include="Mock class\Type\World market">
      <UniqueIdentifier>{c423a512-8365-477e-a24f-4de93c059604}</UniqueIdentifier>
    </Filter>
    <Filter Include="Mock class\Market">
      <UniqueIdentifier>{90e60b62-05df-412c-9d0b-7c785977ea03}</UniqueIdentifier>
    </Filter>
    <Filter Include="Mock class\Stock">
      <UniqueIdentifier>{f9c6dc70-4604-48f4-859a-3ab25e322ba7}</UniqueIdentifier>
    </Filter>
    <Filter Include="Test源文件\Windows interface">
      <UniqueIdentifier>{a4a49057-7948-4a2b-b695-24e24be21424}</UniqueIdentifier>
    </Filter>
    <Filter Include="Test源文件\Data Container">
      <UniqueIdentifier>{5e657f7e-5e8b-4b66-a363-4d14bd91127a}</UniqueIdentifier>
    </Filter>
    <Filter Include="Test源文件\Data Container\Chosen">
      <UniqueIdentifier>{554077ac-bba7-4a24-ba28-1986b6009468}</UniqueIdentifier>
    </Filter>
    <Filter Include="Test源文件\Data Container\Finnhub">
      <UniqueIdentifier>{d55b2075-9206-44c7-8f35-c9ca0c16a758}</UniqueIdentifier>
    </Filter>
    <Filter Include="Test源文件\Data Container\Tiingo">
      <UniqueIdentifier>{a44519eb-fe95-4d13-bf29-13a7814acb26}</UniqueIdentifier>
    </Filter>
    <Filter Include="Test源文件\Data Container\China Market">
      <UniqueIdentifier>{49e03dbc-d9a8-4511-b8d6-fc8faf29bba8}</UniqueIdentifier>
    </Filter>
    <Filter Include="Test源文件\Data Container\World Market">
      <UniqueIdentifier>{66a61544-f861-46ad-b7a6-e5ebe054f64d}</UniqueIdentifier>
    </Filter>
    <Filter Include="Test源文件\accessory">
      <UniqueIdentifier>{566c913d-459e-4291-9c8c-53a5a9848abf}</UniqueIdentifier>
    </Filter>
    <Filter Include="Mock class\Data Source">
      <UniqueIdentifier>{82e2d096-ccab-4633-8089-a29284861b2d}</UniqueIdentifier>
    </Filter>
    <Filter Include="Mock class\WebSocket">
      <UniqueIdentifier>{827eae04-a51b-40ea-95e7-e913b9681254}</UniqueIdentifier>
    </Filter>
  </ItemGroup>
  <ItemGroup>
    <ClCompile Include="main.cpp">
      <Filter>Test源文件</Filter>
    </ClCompile>
    <ClCompile Include="ThreadStatusTest.cpp">
      <Filter>Test源文件\accessory</Filter>
    </ClCompile>
    <ClCompile Include="ConvertToStringTest.cpp">
      <Filter>Test源文件\accessory</Filter>
    </ClCompile>
    <ClCompile Include="WebDataTest.cpp">
      <Filter>Test源文件\accessory</Filter>
    </ClCompile>
    <ClCompile Include="MockMainFrmTest.cpp">
      <Filter>Test源文件\Windows interface</Filter>
    </ClCompile>
    <ClCompile Include="NeteaseWebRTDataTest.cpp">
      <Filter>Test源文件\Type\China Market\WebRTData</Filter>
    </ClCompile>
    <ClCompile Include="WebRTDataTest.cpp">
      <Filter>Test源文件\Type\China Market\WebRTData</Filter>
    </ClCompile>
    <ClCompile Include="TengxunWebRTDataTest.cpp">
      <Filter>Test源文件\Type\China Market\WebRTData</Filter>
    </ClCompile>
    <ClCompile Include="PriorityQueueWebRTDataTest.cpp">
      <Filter>Test源文件\accessory</Filter>
    </ClCompile>
    <ClCompile Include="CallableFunctionTest.cpp">
      <Filter>Test源文件\全局函数</Filter>
    </ClCompile>
    <ClCompile Include="GeneralCheck.cpp">
      <Filter>Test源文件\辅助检查函数</Filter>
    </ClCompile>
    <ClCompile Include="SetInitializeTest.cpp">
      <Filter>Test源文件\Data Base</Filter>
    </ClCompile>
    <ClCompile Include="NeteaseDayLineWebDataTest.cpp">
      <Filter>Test源文件\Type\China Market\NeteaseDayLineWebData</Filter>
    </ClCompile>
    <ClCompile Include="NetEaseDayLineDataTest.cpp">
      <Filter>Test源文件\Type\China Market\NeteaseDayLineWebData</Filter>
    </ClCompile>
    <ClCompile Include="ProcessDayLineDataTest.cpp">
      <Filter>Test源文件\Type\China Market\NeteaseDayLineWebData</Filter>
    </ClCompile>
    <ClCompile Include="SystemDataTest.cpp">
      <Filter>Test源文件\System</Filter>
    </ClCompile>
    <ClCompile Include="ProductTiingoStockSymbolsTest.cpp">
      <Filter>Test源文件\Factory Product\Tiingo</Filter>
    </ClCompile>
    <ClCompile Include="ProductTiingoStockDayLineTest.cpp">
      <Filter>Test源文件\Factory Product\Tiingo</Filter>
    </ClCompile>
    <ClCompile Include="TiingoFactoryTest.cpp">
      <Filter>Test源文件\Factory Product\Tiingo</Filter>
    </ClCompile>
    <ClCompile Include="FinnhubFactoryTest.cpp">
      <Filter>Test源文件\Factory Product\Finnhub</Filter>
    </ClCompile>
    <ClCompile Include="FinnhubEconomicCountryListTest.cpp">
      <Filter>Test源文件\Factory Product\Finnhub</Filter>
    </ClCompile>
    <ClCompile Include="ProductFinnhubCryptoExchangeTest.cpp">
      <Filter>Test源文件\Factory Product\Finnhub</Filter>
    </ClCompile>
    <ClCompile Include="FinnhubForexExchangeTest.cpp">
      <Filter>Test源文件\Factory Product\Finnhub</Filter>
    </ClCompile>
    <ClCompile Include="ProductFinnhubCompanyInsiderTransactionTest.cpp">
      <Filter>Test源文件\Factory Product\Finnhub</Filter>
    </ClCompile>
    <ClCompile Include="ProductFinnhubCompanyPeerTest.cpp">
      <Filter>Test源文件\Factory Product\Finnhub</Filter>
    </ClCompile>
    <ClCompile Include="ProductFinnhubCompanyProfileTest.cpp">
      <Filter>Test源文件\Factory Product\Finnhub</Filter>
    </ClCompile>
    <ClCompile Include="ProductFinnhubCompanyProfileConciseTest.cpp">
      <Filter>Test源文件\Factory Product\Finnhub</Filter>
    </ClCompile>
    <ClCompile Include="ProductFinnhubStockSymbolTest.cpp">
      <Filter>Test源文件\Factory Product\Finnhub</Filter>
    </ClCompile>
    <ClCompile Include="ProductFinnhubCryptoDayLineTest.cpp">
      <Filter>Test源文件\Factory Product\Finnhub</Filter>
    </ClCompile>
    <ClCompile Include="ProductFinnhubCryptoSymbolTest.cpp">
      <Filter>Test源文件\Factory Product\Finnhub</Filter>
    </ClCompile>
    <ClCompile Include="FinnhubEconomicCalendarTest.cpp">
      <Filter>Test源文件\Factory Product\Finnhub</Filter>
    </ClCompile>
    <ClCompile Include="FinnhubForexDayLineTest.cpp">
      <Filter>Test源文件\Factory Product\Finnhub</Filter>
    </ClCompile>
    <ClCompile Include="ProductFinnhubForexSymbolTest.cpp">
      <Filter>Test源文件\Factory Product\Finnhub</Filter>
    </ClCompile>
    <ClCompile Include="FinnhubStockDayLineTest.cpp">
      <Filter>Test源文件\Factory Product\Finnhub</Filter>
    </ClCompile>
    <ClCompile Include="FinnhubStockEstimatesEPSSurpriseTest.cpp">
      <Filter>Test源文件\Factory Product\Finnhub</Filter>
    </ClCompile>
    <ClCompile Include="FinnhubStockPriceQuoteTest.cpp">
      <Filter>Test源文件\Factory Product\Finnhub</Filter>
    </ClCompile>
    <ClCompile Include="ProductTiingoCryptoSymbolTest.cpp">
      <Filter>Test源文件\Factory Product\Tiingo</Filter>
    </ClCompile>
    <ClCompile Include="ContainerTiingoCryptoSymbolTest.cpp">
      <Filter>Test源文件\Data Container\Tiingo</Filter>
    </ClCompile>
    <ClCompile Include="ContainerChinaStockTest.cpp">
      <Filter>Test源文件\Data Container\China Market</Filter>
    </ClCompile>
    <ClCompile Include="DataStockSymbolTest.cpp">
      <Filter>Test源文件\Data Container\China Market</Filter>
    </ClCompile>
    <ClCompile Include="DataCryptoDayLineTest.cpp">
      <Filter>Test源文件\Data Container\World Market</Filter>
    </ClCompile>
    <ClCompile Include="DataForexDayLineTest.cpp">
      <Filter>Test源文件\Data Container\World Market</Filter>
    </ClCompile>
    <ClCompile Include="DataWorldStockDayLineTest.cpp">
      <Filter>Test源文件\Data Container\World Market</Filter>
    </ClCompile>
    <ClCompile Include="DataChinaDayLineTest.cpp">
      <Filter>Test源文件\Data Container\China Market</Filter>
    </ClCompile>
    <ClCompile Include="DataChinaWeekLineTest.cpp">
      <Filter>Test源文件\Data Container\China Market</Filter>
    </ClCompile>
    <ClCompile Include="MockDataChinaDayLineTest.cpp">
      <Filter>Test源文件\Data Container\China Market</Filter>
    </ClCompile>
    <ClCompile Include="MockDataChinaWeekLineTest.cpp">
      <Filter>Test源文件\Data Container\China Market</Filter>
    </ClCompile>
    <ClCompile Include="TempplateMutexAccessQueueTest.cpp">
      <Filter>Test源文件\Template</Filter>
    </ClCompile>
    <ClCompile Include="ProductFinnhubCompanyBasicFinancialTest.cpp">
      <Filter>Test源文件\Factory Product\Finnhub</Filter>
    </ClCompile>
    <ClCompile Include="HighPerformanceCounterTest.cpp">
      <Filter>Test源文件\accessory</Filter>
    </ClCompile>
    <ClCompile Include="SystemConfigurationTest.cpp">
      <Filter>Test源文件\System</Filter>
    </ClCompile>
    <ClCompile Include="SystemMessageTest.cpp">
      <Filter>Test源文件\System</Filter>
    </ClCompile>
    <ClCompile Include="MockSystemMessageTest.cpp">
      <Filter>Test源文件\System</Filter>
    </ClCompile>
    <ClCompile Include="jsonParseTest.cpp">
      <Filter>Test源文件\accessory</Filter>
    </ClCompile>
    <ClCompile Include="TimeConvertTest.cpp">
      <Filter>Test源文件\accessory</Filter>
    </ClCompile>
    <ClCompile Include="ProductFinnhubCompanyInsiderSentimentTest.cpp">
      <Filter>Test源文件\Factory Product\Finnhub</Filter>
    </ClCompile>
    <ClCompile Include="InfoReportTest.cpp">
      <Filter>Test源文件\accessory</Filter>
    </ClCompile>
    <ClCompile Include="VirtualRecordsetTest.cpp">
      <Filter>Test源文件\Data Base</Filter>
    </ClCompile>
    <ClCompile Include="ChinaStockCodeConverterTest.cpp">
      <Filter>Test源文件\accessory</Filter>
    </ClCompile>
    <ClCompile Include="FinnhubINquiryTypeTest.cpp">
      <Filter>Test源文件\accessory</Filter>
    </ClCompile>
    <ClCompile Include="FinnhubCompanyNewsTest.cpp">
      <Filter>Test源文件\Factory Product\Finnhub</Filter>
    </ClCompile>
    <ClCompile Include="InaccessibleExchangesTest.cpp">
      <Filter>Test源文件\System</Filter>
    </ClCompile>
    <ClCompile Include="FinnhubProductTest.cpp">
      <Filter>Test源文件\Factory Product\Finnhub</Filter>
    </ClCompile>
    <ClCompile Include="DayLineTest.cpp">
      <Filter>Test源文件\Type\China Market</Filter>
    </ClCompile>
    <ClCompile Include="GuadanTest.cpp">
      <Filter>Test源文件\Type\China Market</Filter>
    </ClCompile>
    <ClCompile Include="OneDealTest.cpp">
      <Filter>Test源文件\Type\China Market</Filter>
    </ClCompile>
    <ClCompile Include="StockSectionTest.cpp">
      <Filter>Test源文件\Type\China Market</Filter>
    </ClCompile>
    <ClCompile Include="WeekLineTest.cpp">
      <Filter>Test源文件\Type\China Market</Filter>
    </ClCompile>
    <ClCompile Include="VirtualDataHistoryCandleExtendTest.cpp">
      <Filter>Test源文件\Type</Filter>
    </ClCompile>
    <ClCompile Include="VirtualHistoryCandleExtendTest.cpp">
      <Filter>Test源文件\Type</Filter>
    </ClCompile>
    <ClCompile Include="ThreadBuildDayLineRSOfDayTest.cpp">
      <Filter>Test源文件\Working thread\China market</Filter>
    </ClCompile>
    <ClCompile Include="ThreadCalculateRSTest.cpp">
      <Filter>Test源文件\Working thread\China market</Filter>
    </ClCompile>
    <ClCompile Include="ThreadChoice10RSStrongStockSetTest.cpp">
      <Filter>Test源文件\Working thread\China market</Filter>
    </ClCompile>
    <ClCompile Include="CompanyNewsTest.cpp">
      <Filter>Test源文件\Type\World market</Filter>
    </ClCompile>
    <ClCompile Include="CountryTest.cpp">
      <Filter>Test源文件\Type\World market</Filter>
    </ClCompile>
    <ClCompile Include="EconomicCalendarTest.cpp">
      <Filter>Test源文件\Type\World market</Filter>
    </ClCompile>
    <ClCompile Include="EPSSurpriseTest.cpp">
      <Filter>Test源文件\Type\World market</Filter>
    </ClCompile>
    <ClCompile Include="FinnhubCryptoSymbolTest.cpp">
      <Filter>Test源文件\Type\World market</Filter>
    </ClCompile>
    <ClCompile Include="FinnhubExchangeTest.cpp">
      <Filter>Test源文件\Type\World market</Filter>
    </ClCompile>
    <ClCompile Include="FinnhubForexSymbolTest.cpp">
      <Filter>Test源文件\Type\World market</Filter>
    </ClCompile>
    <ClCompile Include="FinnhubStockBasicFinancialsTest.cpp">
      <Filter>Test源文件\Type\World market</Filter>
    </ClCompile>
    <ClCompile Include="InsiderTransactionTest.cpp">
      <Filter>Test源文件\Type\World market</Filter>
    </ClCompile>
    <ClCompile Include="NaicsIndustryTest.cpp">
      <Filter>Test源文件\Type\World market</Filter>
    </ClCompile>
    <ClCompile Include="SICIndustryTest.cpp">
      <Filter>Test源文件\Type\World market</Filter>
    </ClCompile>
    <ClCompile Include="TiingoCryptoSymbolTest.cpp">
      <Filter>Test源文件\Type\World market</Filter>
    </ClCompile>
    <ClCompile Include="TiingoIndustryTest.cpp">
      <Filter>Test源文件\Type\World market</Filter>
    </ClCompile>
    <ClCompile Include="TiingoStockTest.cpp">
      <Filter>Test源文件\Type\World market</Filter>
    </ClCompile>
    <ClCompile Include="CheckNeteaseDayLineInquiryStrTest.cpp">
      <Filter>Test源文件\Market\China market</Filter>
    </ClCompile>
    <ClCompile Include="ChinaMarket_NeteaseDayLineTest.cpp">
      <Filter>Test源文件\Market\China market</Filter>
    </ClCompile>
    <ClCompile Include="ChinaMarketTest.cpp">
      <Filter>Test源文件\Market\China market</Filter>
    </ClCompile>
    <ClCompile Include="MockChinaMarketTest.cpp">
      <Filter>Test源文件\Market\China market</Filter>
    </ClCompile>
    <ClCompile Include="TaskDistributeNeteaseRTDataToProperStockTest.cpp">
      <Filter>Test源文件\Market\China market</Filter>
    </ClCompile>
    <ClCompile Include="TaskDistributeSinaRTDataToProperStockTest.cpp">
      <Filter>Test源文件\Market\China market</Filter>
    </ClCompile>
    <ClCompile Include="MockWorldMarketTest.cpp">
      <Filter>Test源文件\Market\World market</Filter>
    </ClCompile>
    <ClCompile Include="WorldMarketTest.cpp">
      <Filter>Test源文件\Market\World market</Filter>
    </ClCompile>
    <ClCompile Include="MockFinnhubCryptoSymbolTest.cpp">
      <Filter>Test源文件\Market\World market</Filter>
    </ClCompile>
    <ClCompile Include="MockFinnhubForexSymbolTest.cpp">
      <Filter>Test源文件\Market\World market</Filter>
    </ClCompile>
    <ClCompile Include="ProcessFinnhubWebDataTest.cpp">
      <Filter>Test源文件\Market\World market</Filter>
    </ClCompile>
    <ClCompile Include="ProcessTiingoWebDataTest.cpp">
      <Filter>Test源文件\Market\World market</Filter>
    </ClCompile>
    <ClCompile Include="VirtualMarketTest.cpp">
      <Filter>Test源文件\Market</Filter>
    </ClCompile>
    <ClCompile Include="AnalysisGuaDanTest.cpp">
      <Filter>Test源文件\Stock\China stock</Filter>
    </ClCompile>
    <ClCompile Include="CalculateHighLowTest.cpp">
      <Filter>Test源文件\Stock\China stock</Filter>
    </ClCompile>
    <ClCompile Include="CalculatingRTDataTest.cpp">
      <Filter>Test源文件\Stock\China stock</Filter>
    </ClCompile>
    <ClCompile Include="ChinaStockTest.cpp">
      <Filter>Test源文件\Stock\China stock</Filter>
    </ClCompile>
    <ClCompile Include="MockChinaStockTest.cpp">
      <Filter>Test源文件\Stock\China stock</Filter>
    </ClCompile>
    <ClCompile Include="MockWorldStockTest.cpp">
      <Filter>Test源文件\Stock\World stock</Filter>
    </ClCompile>
    <ClCompile Include="WorldStockTest.cpp">
      <Filter>Test源文件\Stock\World stock</Filter>
    </ClCompile>
    <ClCompile Include="JsonGetValueTest.cpp">
      <Filter>Test源文件\accessory</Filter>
    </ClCompile>
    <ClCompile Include="..\src\pch.cpp">
      <Filter>Test源文件</Filter>
    </ClCompile>
    <ClCompile Include="ContainerChoicedCryptoTest.cpp">
      <Filter>Test源文件\Data Container\Chosen</Filter>
    </ClCompile>
    <ClCompile Include="ContainerChoicedForexTest.cpp">
      <Filter>Test源文件\Data Container\Chosen</Filter>
    </ClCompile>
    <ClCompile Include="ContainerChoicedIEXTest.cpp">
      <Filter>Test源文件\Data Container\Chosen</Filter>
    </ClCompile>
    <ClCompile Include="MockFireBirdViewTest.cpp">
      <Filter>Test源文件\Windows interface</Filter>
    </ClCompile>
    <ClCompile Include="XferFinnhubInquiryTest.cpp">
      <Filter>Test源文件\System</Filter>
    </ClCompile>
    <ClCompile Include="FinnhubWebSocketTest.cpp">
      <Filter>Test源文件\Web Socket</Filter>
    </ClCompile>
    <ClCompile Include="TiingoCryptoWebSocketTest.cpp">
      <Filter>Test源文件\Web Socket</Filter>
    </ClCompile>
    <ClCompile Include="TiingoForexWebSocketTest.cpp">
      <Filter>Test源文件\Web Socket</Filter>
    </ClCompile>
    <ClCompile Include="TiingoIEXWebSocketTest.cpp">
      <Filter>Test源文件\Web Socket</Filter>
    </ClCompile>
    <ClCompile Include="ContainerWorldStockTest.cpp">
      <Filter>Test源文件\Data Container\World Market</Filter>
    </ClCompile>
    <ClCompile Include="ProductDummyTest.cpp">
      <Filter>Test源文件\Factory Product</Filter>
    </ClCompile>
    <ClCompile Include="ProductSinaRTTest.cpp">
      <Filter>Test源文件\Factory Product</Filter>
    </ClCompile>
    <ClCompile Include="ProductTengxunRTTest.cpp">
      <Filter>Test源文件\Factory Product</Filter>
    </ClCompile>
    <ClCompile Include="ProductNeteaseRTTest.cpp">
      <Filter>Test源文件\Factory Product</Filter>
    </ClCompile>
    <ClCompile Include="ContainerVirtualStockTest.cpp">
      <Filter>Test源文件\Data Container</Filter>
    </ClCompile>
    <ClCompile Include="NeteaseRTDataParserTest.cpp">
      <Filter>Test源文件\accessory</Filter>
    </ClCompile>
    <ClCompile Include="ProductNeteaseDayLineTest.cpp">
      <Filter>Test源文件\Factory Product</Filter>
    </ClCompile>
    <ClCompile Include="ProductTengxunDayLineTest.cpp">
      <Filter>Test源文件\Factory Product</Filter>
    </ClCompile>
    <ClCompile Include="VirtualDataSourceTest.cpp">
      <Filter>Test源文件\Data Source</Filter>
    </ClCompile>
    <ClCompile Include="MockVirtualDataSourceTest.cpp">
      <Filter>Test源文件\Data Source</Filter>
    </ClCompile>
    <ClCompile Include="MockTiingoDataSourceTest.cpp">
      <Filter>Test源文件\Data Source</Filter>
    </ClCompile>
    <ClCompile Include="MockQuandlDataSourceTest.cpp">
      <Filter>Test源文件\Data Source</Filter>
    </ClCompile>
    <ClCompile Include="MockNeteaseDayLineDataSourceTest.cpp">
      <Filter>Test源文件\Data Source</Filter>
    </ClCompile>
    <ClCompile Include="NeteaseDayLineDataSourceTest.cpp">
      <Filter>Test源文件\Data Source</Filter>
    </ClCompile>
    <ClCompile Include="MockNeteaseRTDataSourceTest.cpp">
      <Filter>Test源文件\Data Source</Filter>
    </ClCompile>
    <ClCompile Include="MockTengxunRTDataSourceTest.cpp">
      <Filter>Test源文件\Data Source</Filter>
    </ClCompile>
    <ClCompile Include="MockTengxunDayLineDataSourceTest.cpp">
      <Filter>Test源文件\Data Source</Filter>
    </ClCompile>
    <ClCompile Include="SinaRTDataSourceTest.cpp">
      <Filter>Test源文件\Data Source</Filter>
    </ClCompile>
    <ClCompile Include="MockSinaRTDataSourceTest.cpp">
      <Filter>Test源文件\Data Source</Filter>
    </ClCompile>
    <ClCompile Include="MockFinnhubDataSourceTest.cpp">
      <Filter>Test源文件\Data Source</Filter>
    </ClCompile>
    <ClCompile Include="FinnhubDataSourceTest.cpp">
      <Filter>Test源文件\Data Source</Filter>
    </ClCompile>
    <ClCompile Include="TiingoDataSourceTest.cpp">
      <Filter>Test源文件\Data Source</Filter>
    </ClCompile>
    <ClCompile Include="TengxunDayLineDataSourceTest.cpp">
      <Filter>Test源文件\Data Source</Filter>
    </ClCompile>
    <ClCompile Include="MockVirtualWebSocketTest.cpp">
      <Filter>Test源文件\Web Socket</Filter>
    </ClCompile>
    <ClCompile Include="TengxunRTDataSourceTest.cpp">
      <Filter>Test源文件\Data Source</Filter>
    </ClCompile>
    <ClCompile Include="VirtualWebProductTest.cpp">
      <Filter>Test源文件\Factory Product</Filter>
    </ClCompile>
    <ClCompile Include="ContainerFinnhubEconomicCalendarTest.cpp">
      <Filter>Test源文件\Data Container\Finnhub</Filter>
    </ClCompile>
  </ItemGroup>
  <ItemGroup>
    <ClInclude Include="EnvironmentSetUp.h">
      <Filter>Test源文件</Filter>
    </ClInclude>
    <ClInclude Include="MockMainFrm.h">
      <Filter>Mock class\Windows interface</Filter>
    </ClInclude>
    <ClInclude Include="MockFireBirdView.h">
      <Filter>Mock class\Windows interface</Filter>
    </ClInclude>
    <ClInclude Include="MockSystemMessage.h">
      <Filter>Mock class\辅助类和函数</Filter>
    </ClInclude>
    <ClInclude Include="GeneralCheck.h">
      <Filter>Test头文件</Filter>
    </ClInclude>
    <ClInclude Include="MockDataChinaDayLine.h">
      <Filter>Mock class\Type\China market</Filter>
    </ClInclude>
    <ClInclude Include="MockDataChinaWeekLine.h">
      <Filter>Mock class\Type\China market</Filter>
    </ClInclude>
    <ClInclude Include="MockWorldMarket.h">
      <Filter>Mock class\Market</Filter>
    </ClInclude>
    <ClInclude Include="MockChinaMarket.h">
      <Filter>Mock class\Market</Filter>
    </ClInclude>
    <ClInclude Include="MockChinaStock.h">
      <Filter>Mock class\Stock</Filter>
    </ClInclude>
    <ClInclude Include="MockWorldStock.h">
      <Filter>Mock class\Stock</Filter>
    </ClInclude>
    <ClInclude Include="MockFinnhubForexSymbol.h">
      <Filter>Mock class\Type\World market</Filter>
    </ClInclude>
    <ClInclude Include="MockFinnhubCryptoSymbol.h">
      <Filter>Mock class\Type\World market</Filter>
    </ClInclude>
    <ClInclude Include="MockVirtualDataSource.h">
      <Filter>Mock class\Data Source</Filter>
    </ClInclude>
    <ClInclude Include="MockTiingoDataSource.h">
      <Filter>Mock class\Data Source</Filter>
    </ClInclude>
    <ClInclude Include="MockQuandlDataSource.h">
      <Filter>Mock class\Data Source</Filter>
    </ClInclude>
    <ClInclude Include="MockNeteaseDayLineDataSource.h">
      <Filter>Mock class\Data Source</Filter>
    </ClInclude>
    <ClInclude Include="MockNeteaseRTDataSource.h">
      <Filter>Mock class\Data Source</Filter>
    </ClInclude>
    <ClInclude Include="MockTengxunRTDataSource.h">
      <Filter>Mock class\Data Source</Filter>
    </ClInclude>
    <ClInclude Include="MockTengxunDayLineDataSource.h">
      <Filter>Mock class\Data Source</Filter>
    </ClInclude>
    <ClInclude Include="MockSinaRTDataSource.h">
      <Filter>Mock class\Data Source</Filter>
    </ClInclude>
    <ClInclude Include="MockFinnhubDataSource.h">
      <Filter>Mock class\Data Source</Filter>
    </ClInclude>
    <ClInclude Include="MockVirtualWebSocket.h">
      <Filter>Mock class\WebSocket</Filter>
    </ClInclude>
  </ItemGroup>
</Project>