<?xml version="1.0" encoding="utf-8"?>
<Project ToolsVersion="4.0" xmlns="http://schemas.microsoft.com/developer/msbuild/2003">
  <ItemGroup>
    <Filter Include="dependency">
      <UniqueIdentifier>{5b11154d-daeb-45c5-866a-d0e89b85667b}</UniqueIdentifier>
    </Filter>
    <Filter Include="Test源文件">
      <UniqueIdentifier>{2ab98a78-c6ad-4adb-af4d-5d58250ca9b6}</UniqueIdentifier>
    </Filter>
    <Filter Include="Test源文件\数据库">
      <UniqueIdentifier>{4de35834-a737-4d99-87e9-8b8bceb44dc3}</UniqueIdentifier>
    </Filter>
    <Filter Include="Test源文件\辅助类和函数">
      <UniqueIdentifier>{566c913d-459e-4291-9c8c-53a5a9848abf}</UniqueIdentifier>
    </Filter>
    <Filter Include="Test源文件\Windows界面">
      <UniqueIdentifier>{a4a49057-7948-4a2b-b695-24e24be21424}</UniqueIdentifier>
    </Filter>
    <Filter Include="Test源文件\工作线程">
      <UniqueIdentifier>{226f4191-deca-4101-8419-583cc71eb53b}</UniqueIdentifier>
    </Filter>
    <Filter Include="Test源文件\Crweber.com">
      <UniqueIdentifier>{78892de7-5339-4475-a1f3-fadecb405f9b}</UniqueIdentifier>
    </Filter>
    <Filter Include="Test源文件\Poten Daily Briefing">
      <UniqueIdentifier>{e62e6340-eb5f-4b31-8ba1-6618bc393d32}</UniqueIdentifier>
    </Filter>
    <Filter Include="Test源文件\基类">
      <UniqueIdentifier>{b76a2824-01a9-4d35-9c1f-4f852315de8a}</UniqueIdentifier>
    </Filter>
    <Filter Include="Test源文件\China Stock Market">
      <UniqueIdentifier>{fb29c2c6-610d-402f-96f6-c35bc477ffc9}</UniqueIdentifier>
    </Filter>
    <Filter Include="Test源文件\网络数据提取器">
      <UniqueIdentifier>{c25ec651-9279-4da1-a0a9-bd73cdca6c5c}</UniqueIdentifier>
    </Filter>
    <Filter Include="Test源文件\China Stock Market\实现类">
      <UniqueIdentifier>{27c6973c-ec73-41f0-b043-4d04d6e6b343}</UniqueIdentifier>
    </Filter>
    <Filter Include="Test源文件\China Stock Market\实现类\RTData">
      <UniqueIdentifier>{0109d643-78a6-465a-90a1-ddddc45a166c}</UniqueIdentifier>
    </Filter>
    <Filter Include="Test源文件\China Stock Market\网络通信">
      <UniqueIdentifier>{9ad59fd7-ab56-494b-8c6a-b7f5b4e8014a}</UniqueIdentifier>
    </Filter>
    <Filter Include="Test源文件\China Stock Market\Stock">
      <UniqueIdentifier>{0c83be19-9f25-4eab-b2a9-a61810981f64}</UniqueIdentifier>
    </Filter>
    <Filter Include="Mock类">
      <UniqueIdentifier>{b1bffc53-3e6e-4ff3-b8f2-6d8ed4fa392e}</UniqueIdentifier>
    </Filter>
  </ItemGroup>
  <ItemGroup>
    <ClCompile Include="pch.cpp">
      <Filter>Test源文件</Filter>
    </ClCompile>
    <ClCompile Include="DayLineTest.cpp">
      <Filter>Test源文件\China Stock Market\实现类</Filter>
    </ClCompile>
    <ClCompile Include="main.cpp">
      <Filter>Test源文件</Filter>
    </ClCompile>
    <ClCompile Include="NetEaseDayLineDataTest.cpp">
      <Filter>Test源文件\China Stock Market\实现类</Filter>
    </ClCompile>
    <ClCompile Include="SystemMessageTest.cpp">
      <Filter>Test源文件\辅助类和函数</Filter>
    </ClCompile>
    <ClCompile Include="RTDataTest.cpp">
      <Filter>Test源文件\China Stock Market\实现类\RTData</Filter>
    </ClCompile>
    <ClCompile Include="TengxunRTDataTest.cpp">
      <Filter>Test源文件\China Stock Market\实现类\RTData</Filter>
    </ClCompile>
    <ClCompile Include="NeteaseRTDataTest.cpp">
      <Filter>Test源文件\China Stock Market\实现类\RTData</Filter>
    </ClCompile>
    <ClCompile Include="ThreadStatusTest.cpp">
      <Filter>Test源文件\辅助类和函数</Filter>
    </ClCompile>
    <ClCompile Include="AccessoryTest.cpp">
      <Filter>Test源文件\辅助类和函数</Filter>
    </ClCompile>
    <ClCompile Include="CrweberIndexTest.cpp">
      <Filter>Test源文件\Crweber.com</Filter>
    </ClCompile>
    <ClCompile Include="AnalysisGuaDanTest.cpp">
      <Filter>Test源文件\China Stock Market\Stock</Filter>
    </ClCompile>
    <ClCompile Include="CalculatingRTDataTest.cpp">
      <Filter>Test源文件\China Stock Market\Stock</Filter>
    </ClCompile>
    <ClCompile Include="ProcessDayLineDataTest.cpp">
      <Filter>Test源文件\China Stock Market\Stock</Filter>
    </ClCompile>
    <ClCompile Include="ChinaMarketTest.cpp">
      <Filter>Test源文件\China Stock Market</Filter>
    </ClCompile>
    <ClCompile Include="PotenDailyBriefingTest.cpp">
      <Filter>Test源文件\Poten Daily Briefing</Filter>
    </ClCompile>
    <ClCompile Include="NeteaseDayLineWebInquiryTest.cpp">
      <Filter>Test源文件\China Stock Market\网络通信</Filter>
    </ClCompile>
    <ClCompile Include="SinaRTWebInquiryTest.cpp">
      <Filter>Test源文件\China Stock Market\网络通信</Filter>
    </ClCompile>
    <ClCompile Include="TengxunRTWebInquiryTest.cpp">
      <Filter>Test源文件\China Stock Market\网络通信</Filter>
    </ClCompile>
    <ClCompile Include="ChinaMarket_NeteaseDayLineTest.cpp">
      <Filter>Test源文件\China Stock Market</Filter>
    </ClCompile>
    <ClCompile Include="ChinaStockTest.cpp">
      <Filter>Test源文件\China Stock Market\Stock</Filter>
    </ClCompile>
    <ClCompile Include="CrweberIndexMarketTest.cpp">
      <Filter>Test源文件\Crweber.com</Filter>
    </ClCompile>
    <ClCompile Include="PotenDailyBriefingMarketTest.cpp">
      <Filter>Test源文件\Poten Daily Briefing</Filter>
    </ClCompile>
    <ClCompile Include="VirtualMarketTest.cpp">
      <Filter>Test源文件\基类</Filter>
    </ClCompile>
    <ClCompile Include="VirtualWebInquiryTest.cpp">
      <Filter>Test源文件\基类</Filter>
    </ClCompile>
    <ClCompile Include="PriorityQueueRTDataTest.cpp">
      <Filter>Test源文件\辅助类和函数</Filter>
    </ClCompile>
    <ClCompile Include="QueueRTDataTest.cpp">
      <Filter>Test源文件\辅助类和函数</Filter>
    </ClCompile>
    <ClCompile Include="QueueWebDataTest.cpp">
      <Filter>Test源文件\辅助类和函数</Filter>
    </ClCompile>
    <ClCompile Include="CrweberIndexWebInquiryTest.cpp">
      <Filter>Test源文件\Crweber.com</Filter>
    </ClCompile>
    <ClCompile Include="PotenDailyBriefingWebInquiryTest.cpp">
      <Filter>Test源文件\Poten Daily Briefing</Filter>
    </ClCompile>
    <ClCompile Include="RTDataContainerTest.cpp">
      <Filter>Test源文件\辅助类和函数</Filter>
    </ClCompile>
    <ClCompile Include="WebDataTest.cpp">
      <Filter>Test源文件\辅助类和函数</Filter>
    </ClCompile>
    <ClCompile Include="WebInquirerTest.cpp">
      <Filter>Test源文件\网络数据提取器</Filter>
    </ClCompile>
    <ClCompile Include="CheckNeteaseDayLineInquiryStrTest.cpp">
      <Filter>Test源文件\China Stock Market</Filter>
    </ClCompile>
    <ClCompile Include="NeteaseRTWebInquiryTest.cpp">
      <Filter>Test源文件\China Stock Market\网络通信</Filter>
    </ClCompile>
    <ClCompile Include="TaskDistributeSinaRTDataToProperStockTest.cpp">
      <Filter>Test源文件\China Stock Market</Filter>
    </ClCompile>
    <ClCompile Include="SemaphoreTest.cpp">
      <Filter>Test源文件\辅助类和函数</Filter>
    </ClCompile>
    <ClCompile Include="$(MSBuildThisFileDirectory)..\..\lib\native\src\gtest\gtest-all.cc" />
    <ClCompile Include="$(MSBuildThisFileDirectory)..\..\lib\native\src\gmock\gmock-all.cc" />
  </ItemGroup>
  <ItemGroup>
    <ClInclude Include="EnvironmentSetUp.h">
      <Filter>Test源文件</Filter>
    </ClInclude>
    <ClInclude Include="MockVirtualWebInquiry.h">
      <Filter>Mock类</Filter>
    </ClInclude>
    <ClInclude Include="MockSinaRTWebInquiry.h">
      <Filter>Mock类</Filter>
    </ClInclude>
    <ClInclude Include="MockNeteaseRTWebInquiry.h">
      <Filter>Mock类</Filter>
    </ClInclude>
    <ClInclude Include="MockTengxunRTWebInquiry.h">
      <Filter>Mock类</Filter>
    </ClInclude>
    <ClInclude Include="MockNeteaseDayLineWebInquiry.h">
      <Filter>Mock类</Filter>
    </ClInclude>
    <ClInclude Include="MockChinaStock.h">
      <Filter>Mock类</Filter>
    </ClInclude>
    <ClInclude Include="MockPotenDailyBriefingWebInquiry.h">
      <Filter>Mock类</Filter>
    </ClInclude>
    <ClInclude Include="MockCrweberIndexWebInquiry.h">
      <Filter>Mock类</Filter>
    </ClInclude>
  </ItemGroup>
  <ItemGroup>
    <None Include="packages.config" />
  </ItemGroup>
  <ItemGroup>
    <Object Include="..\StockAnalysis\x64\Debug\Accessory.obj">
      <Filter>dependency</Filter>
    </Object>
    <Object Include="..\StockAnalysis\x64\Debug\ChildFrm.obj">
      <Filter>dependency</Filter>
    </Object>
    <Object Include="..\StockAnalysis\x64\Debug\ChinaMarket.obj">
      <Filter>dependency</Filter>
    </Object>
    <Object Include="..\StockAnalysis\x64\Debug\ChinaStock.obj">
      <Filter>dependency</Filter>
    </Object>
    <Object Include="..\StockAnalysis\x64\Debug\CrweberIndex.obj">
      <Filter>dependency</Filter>
    </Object>
    <Object Include="..\StockAnalysis\x64\Debug\CrweberIndexMarket.obj">
      <Filter>dependency</Filter>
    </Object>
    <Object Include="..\StockAnalysis\x64\Debug\CrweberIndexWebInquiry.obj">
      <Filter>dependency</Filter>
    </Object>
    <Object Include="..\StockAnalysis\x64\Debug\DayLine.obj">
      <Filter>dependency</Filter>
    </Object>
    <Object Include="..\StockAnalysis\x64\Debug\globedef.obj">
      <Filter>dependency</Filter>
    </Object>
    <Object Include="..\StockAnalysis\x64\Debug\MainFrm.obj">
      <Filter>dependency</Filter>
    </Object>
    <Object Include="..\StockAnalysis\x64\Debug\NeteaseDayLineWebInquiry.obj">
      <Filter>dependency</Filter>
    </Object>
    <Object Include="..\StockAnalysis\x64\Debug\NeteaseRTWebInquiry.obj">
      <Filter>dependency</Filter>
    </Object>
    <Object Include="..\StockAnalysis\x64\Debug\OneDeal.obj">
      <Filter>dependency</Filter>
    </Object>
    <Object Include="..\StockAnalysis\x64\Debug\OutputWnd.obj">
      <Filter>dependency</Filter>
    </Object>
    <Object Include="..\StockAnalysis\x64\Debug\PotenDailyBriefing.obj">
      <Filter>dependency</Filter>
    </Object>
    <Object Include="..\StockAnalysis\x64\Debug\PotenDailyBriefingMarket.obj">
      <Filter>dependency</Filter>
    </Object>
    <Object Include="..\StockAnalysis\x64\Debug\PotenDailyBriefingWebInquiry.obj">
      <Filter>dependency</Filter>
    </Object>
    <Object Include="..\StockAnalysis\x64\Debug\PriorityQueueRTData.obj">
      <Filter>dependency</Filter>
    </Object>
    <Object Include="..\StockAnalysis\x64\Debug\QueueRTData.obj">
      <Filter>dependency</Filter>
    </Object>
    <Object Include="..\StockAnalysis\x64\Debug\QueueWebData.obj">
      <Filter>dependency</Filter>
    </Object>
    <Object Include="..\StockAnalysis\x64\Debug\RTData.obj">
      <Filter>dependency</Filter>
    </Object>
    <Object Include="..\StockAnalysis\x64\Debug\RTDataContainer.obj">
      <Filter>dependency</Filter>
    </Object>
    <Object Include="..\StockAnalysis\x64\Debug\SetChoicedStock.obj">
      <Filter>dependency</Filter>
    </Object>
    <Object Include="..\StockAnalysis\x64\Debug\SetCrweberIndex.obj">
      <Filter>dependency</Filter>
    </Object>
    <Object Include="..\StockAnalysis\x64\Debug\SetDayLine.obj">
      <Filter>dependency</Filter>
    </Object>
    <Object Include="..\StockAnalysis\x64\Debug\SetDayLineInfo.obj">
      <Filter>dependency</Filter>
    </Object>
    <Object Include="..\StockAnalysis\x64\Debug\SetDayLineToday.obj">
      <Filter>dependency</Filter>
    </Object>
    <Object Include="..\StockAnalysis\x64\Debug\SetOption.obj">
      <Filter>dependency</Filter>
    </Object>
    <Object Include="..\StockAnalysis\x64\Debug\SetPotenDailyBriefing.obj">
      <Filter>dependency</Filter>
    </Object>
    <Object Include="..\StockAnalysis\x64\Debug\SetRealTimeData.obj">
      <Filter>dependency</Filter>
    </Object>
    <Object Include="..\StockAnalysis\x64\Debug\SetStockCode.obj">
      <Filter>dependency</Filter>
    </Object>
    <Object Include="..\StockAnalysis\x64\Debug\SinaRTWebInquiry.obj">
      <Filter>dependency</Filter>
    </Object>
    <Object Include="..\StockAnalysis\x64\Debug\stdafx.obj">
      <Filter>dependency</Filter>
    </Object>
    <Object Include="..\StockAnalysis\x64\Debug\StockAnalysis.obj">
      <Filter>dependency</Filter>
    </Object>
    <Object Include="..\StockAnalysis\x64\Debug\StockAnalysisDoc.obj">
      <Filter>dependency</Filter>
    </Object>
    <Object Include="..\StockAnalysis\x64\Debug\StockAnalysisView.obj">
      <Filter>dependency</Filter>
    </Object>
    <Object Include="..\StockAnalysis\x64\Debug\SystemMessage.obj">
      <Filter>dependency</Filter>
    </Object>
    <Object Include="..\StockAnalysis\x64\Debug\TengxunRTWebInquiry.obj">
      <Filter>dependency</Filter>
    </Object>
    <Object Include="..\StockAnalysis\x64\Debug\ThreadCalculateDayLineRS.obj">
      <Filter>dependency</Filter>
    </Object>
    <Object Include="..\StockAnalysis\x64\Debug\ThreadLoadDayLine.obj">
      <Filter>dependency</Filter>
    </Object>
    <Object Include="..\StockAnalysis\x64\Debug\ThreadMaintainDayLineDB.obj">
      <Filter>dependency</Filter>
    </Object>
    <Object Include="..\StockAnalysis\x64\Debug\ThreadProcessCurrentTradeDayStock.obj">
      <Filter>dependency</Filter>
    </Object>
    <Object Include="..\StockAnalysis\x64\Debug\ThreadReadCrweberIndex.obj">
      <Filter>dependency</Filter>
    </Object>
    <Object Include="..\StockAnalysis\x64\Debug\ThreadReadNeteaseDayLine.obj">
      <Filter>dependency</Filter>
    </Object>
    <Object Include="..\StockAnalysis\x64\Debug\ThreadReadNeteaseRTData.obj">
      <Filter>dependency</Filter>
    </Object>
    <Object Include="..\StockAnalysis\x64\Debug\ThreadReadPotenDailyBriefing.obj">
      <Filter>dependency</Filter>
    </Object>
    <Object Include="..\StockAnalysis\x64\Debug\ThreadReadSinaRTData.obj">
      <Filter>dependency</Filter>
    </Object>
    <Object Include="..\StockAnalysis\x64\Debug\ThreadReadTengxunRTData.obj">
      <Filter>dependency</Filter>
    </Object>
    <Object Include="..\StockAnalysis\x64\Debug\ThreadSaveDayLine.obj">
      <Filter>dependency</Filter>
    </Object>
    <Object Include="..\StockAnalysis\x64\Debug\ThreadSaveRTData.obj">
      <Filter>dependency</Filter>
    </Object>
    <Object Include="..\StockAnalysis\x64\Debug\ThreadSaveTempRTData.obj">
      <Filter>dependency</Filter>
    </Object>
    <Object Include="..\StockAnalysis\x64\Debug\ThreadStatus.obj">
      <Filter>dependency</Filter>
    </Object>
    <Object Include="..\StockAnalysis\x64\Debug\ThreadUpdateStockCodeDB.obj">
      <Filter>dependency</Filter>
    </Object>
    <Object Include="..\StockAnalysis\x64\Debug\VirtualMarket.obj">
      <Filter>dependency</Filter>
    </Object>
    <Object Include="..\StockAnalysis\x64\Debug\VirtualWebInquiry.obj">
      <Filter>dependency</Filter>
    </Object>
    <Object Include="..\StockAnalysis\x64\Debug\WebInquirer.obj">
      <Filter>dependency</Filter>
    </Object>
  </ItemGroup>
</Project>