<?xml version="1.0" encoding="utf-8"?>
<Project ToolsVersion="4.0" xmlns="http://schemas.microsoft.com/developer/msbuild/2003">
  <ItemGroup>
    <Filter Include="dependency">
      <UniqueIdentifier>{5b11154d-daeb-45c5-866a-d0e89b85667b}</UniqueIdentifier>
    </Filter>
    <Filter Include="Test源文件">
      <UniqueIdentifier>{2ab98a78-c6ad-4adb-af4d-5d58250ca9b6}</UniqueIdentifier>
    </Filter>
    <Filter Include="Test源文件\数据库">
      <UniqueIdentifier>{4de35834-a737-4d99-87e9-8b8bceb44dc3}</UniqueIdentifier>
    </Filter>
    <Filter Include="Test源文件\辅助类和函数">
      <UniqueIdentifier>{566c913d-459e-4291-9c8c-53a5a9848abf}</UniqueIdentifier>
    </Filter>
    <Filter Include="Test源文件\Windows界面">
      <UniqueIdentifier>{a4a49057-7948-4a2b-b695-24e24be21424}</UniqueIdentifier>
    </Filter>
    <Filter Include="Test源文件\工作线程">
      <UniqueIdentifier>{226f4191-deca-4101-8419-583cc71eb53b}</UniqueIdentifier>
    </Filter>
    <Filter Include="Test源文件\Crweber.com">
      <UniqueIdentifier>{78892de7-5339-4475-a1f3-fadecb405f9b}</UniqueIdentifier>
    </Filter>
    <Filter Include="Test源文件\Poten Daily Briefing">
      <UniqueIdentifier>{e62e6340-eb5f-4b31-8ba1-6618bc393d32}</UniqueIdentifier>
    </Filter>
    <Filter Include="Test源文件\基类">
      <UniqueIdentifier>{b76a2824-01a9-4d35-9c1f-4f852315de8a}</UniqueIdentifier>
    </Filter>
    <Filter Include="Test源文件\China Stock Market">
      <UniqueIdentifier>{fb29c2c6-610d-402f-96f6-c35bc477ffc9}</UniqueIdentifier>
    </Filter>
    <Filter Include="Test源文件\网络数据提取器">
      <UniqueIdentifier>{c25ec651-9279-4da1-a0a9-bd73cdca6c5c}</UniqueIdentifier>
    </Filter>
    <Filter Include="Test源文件\China Stock Market\实现类">
      <UniqueIdentifier>{27c6973c-ec73-41f0-b043-4d04d6e6b343}</UniqueIdentifier>
    </Filter>
    <Filter Include="Test源文件\China Stock Market\实现类\RTData">
      <UniqueIdentifier>{0109d643-78a6-465a-90a1-ddddc45a166c}</UniqueIdentifier>
    </Filter>
    <Filter Include="Test源文件\China Stock Market\网络通信">
      <UniqueIdentifier>{9ad59fd7-ab56-494b-8c6a-b7f5b4e8014a}</UniqueIdentifier>
    </Filter>
    <Filter Include="Test源文件\China Stock Market\Stock">
      <UniqueIdentifier>{0c83be19-9f25-4eab-b2a9-a61810981f64}</UniqueIdentifier>
    </Filter>
    <Filter Include="Mock类">
      <UniqueIdentifier>{b1bffc53-3e6e-4ff3-b8f2-6d8ed4fa392e}</UniqueIdentifier>
    </Filter>
    <Filter Include="Mock类\网络数据提取器">
      <UniqueIdentifier>{4523166a-02cf-4735-ae79-bd9f4e85502c}</UniqueIdentifier>
    </Filter>
    <Filter Include="Mock类\China Stock Market">
      <UniqueIdentifier>{ef6d2c8c-73e6-485a-a1c2-2a5848bd3cab}</UniqueIdentifier>
    </Filter>
    <Filter Include="Mock类\China Stock Market\网络通信">
      <UniqueIdentifier>{de8581bb-ebe1-4325-bc8f-bbf11dda7374}</UniqueIdentifier>
    </Filter>
    <Filter Include="Mock类\Windows界面">
      <UniqueIdentifier>{175d2e97-b77f-48b4-8c0f-46f1dcea41e9}</UniqueIdentifier>
    </Filter>
    <Filter Include="Mock类\Crweber.com Market">
      <UniqueIdentifier>{253b04cc-ce14-4a05-af1b-4137b2b72a99}</UniqueIdentifier>
    </Filter>
    <Filter Include="Mock类\Poten Daily Briefing Market">
      <UniqueIdentifier>{a1e3d884-a3f1-493e-89e1-3231ef62d7aa}</UniqueIdentifier>
    </Filter>
    <Filter Include="Mock类\基类">
      <UniqueIdentifier>{eb36a23a-1556-486c-91ef-c7a08d65a00b}</UniqueIdentifier>
    </Filter>
    <Filter Include="Mock类\辅助类和函数">
      <UniqueIdentifier>{f56b161d-f342-4ef9-8a55-9ff0a1c80029}</UniqueIdentifier>
    </Filter>
    <Filter Include="Mock类\China Stock Market\工作线程">
      <UniqueIdentifier>{d5a11f7e-be69-45b6-be45-b364b6ba2be0}</UniqueIdentifier>
    </Filter>
    <Filter Include="Test源文件\China Stock Market\工作线程">
      <UniqueIdentifier>{0f58af1b-b4fa-46ff-9a0b-cb69b0f4ff3a}</UniqueIdentifier>
    </Filter>
  </ItemGroup>
  <ItemGroup>
    <ClCompile Include="pch.cpp">
      <Filter>Test源文件</Filter>
    </ClCompile>
    <ClCompile Include="DayLineTest.cpp">
      <Filter>Test源文件\China Stock Market\实现类</Filter>
    </ClCompile>
    <ClCompile Include="main.cpp">
      <Filter>Test源文件</Filter>
    </ClCompile>
    <ClCompile Include="NetEaseDayLineDataTest.cpp">
      <Filter>Test源文件\China Stock Market\实现类</Filter>
    </ClCompile>
    <ClCompile Include="SystemMessageTest.cpp">
      <Filter>Test源文件\辅助类和函数</Filter>
    </ClCompile>
    <ClCompile Include="RTDataTest.cpp">
      <Filter>Test源文件\China Stock Market\实现类\RTData</Filter>
    </ClCompile>
    <ClCompile Include="TengxunRTDataTest.cpp">
      <Filter>Test源文件\China Stock Market\实现类\RTData</Filter>
    </ClCompile>
    <ClCompile Include="NeteaseRTDataTest.cpp">
      <Filter>Test源文件\China Stock Market\实现类\RTData</Filter>
    </ClCompile>
    <ClCompile Include="ThreadStatusTest.cpp">
      <Filter>Test源文件\辅助类和函数</Filter>
    </ClCompile>
    <ClCompile Include="AccessoryTest.cpp">
      <Filter>Test源文件\辅助类和函数</Filter>
    </ClCompile>
    <ClCompile Include="CrweberIndexTest.cpp">
      <Filter>Test源文件\Crweber.com</Filter>
    </ClCompile>
    <ClCompile Include="AnalysisGuaDanTest.cpp">
      <Filter>Test源文件\China Stock Market\Stock</Filter>
    </ClCompile>
    <ClCompile Include="CalculatingRTDataTest.cpp">
      <Filter>Test源文件\China Stock Market\Stock</Filter>
    </ClCompile>
    <ClCompile Include="ProcessDayLineDataTest.cpp">
      <Filter>Test源文件\China Stock Market\Stock</Filter>
    </ClCompile>
    <ClCompile Include="ChinaMarketTest.cpp">
      <Filter>Test源文件\China Stock Market</Filter>
    </ClCompile>
    <ClCompile Include="PotenDailyBriefingTest.cpp">
      <Filter>Test源文件\Poten Daily Briefing</Filter>
    </ClCompile>
    <ClCompile Include="NeteaseDayLineWebInquiryTest.cpp">
      <Filter>Test源文件\China Stock Market\网络通信</Filter>
    </ClCompile>
    <ClCompile Include="SinaRTWebInquiryTest.cpp">
      <Filter>Test源文件\China Stock Market\网络通信</Filter>
    </ClCompile>
    <ClCompile Include="TengxunRTWebInquiryTest.cpp">
      <Filter>Test源文件\China Stock Market\网络通信</Filter>
    </ClCompile>
    <ClCompile Include="ChinaMarket_NeteaseDayLineTest.cpp">
      <Filter>Test源文件\China Stock Market</Filter>
    </ClCompile>
    <ClCompile Include="CrweberIndexMarketTest.cpp">
      <Filter>Test源文件\Crweber.com</Filter>
    </ClCompile>
    <ClCompile Include="PotenDailyBriefingMarketTest.cpp">
      <Filter>Test源文件\Poten Daily Briefing</Filter>
    </ClCompile>
    <ClCompile Include="VirtualMarketTest.cpp">
      <Filter>Test源文件\基类</Filter>
    </ClCompile>
    <ClCompile Include="VirtualWebInquiryTest.cpp">
      <Filter>Test源文件\基类</Filter>
    </ClCompile>
    <ClCompile Include="PriorityQueueRTDataTest.cpp">
      <Filter>Test源文件\辅助类和函数</Filter>
    </ClCompile>
    <ClCompile Include="QueueRTDataTest.cpp">
      <Filter>Test源文件\辅助类和函数</Filter>
    </ClCompile>
    <ClCompile Include="QueueWebDataTest.cpp">
      <Filter>Test源文件\辅助类和函数</Filter>
    </ClCompile>
    <ClCompile Include="CrweberIndexWebInquiryTest.cpp">
      <Filter>Test源文件\Crweber.com</Filter>
    </ClCompile>
    <ClCompile Include="PotenDailyBriefingWebInquiryTest.cpp">
      <Filter>Test源文件\Poten Daily Briefing</Filter>
    </ClCompile>
    <ClCompile Include="RTDataContainerTest.cpp">
      <Filter>Test源文件\辅助类和函数</Filter>
    </ClCompile>
    <ClCompile Include="WebDataTest.cpp">
      <Filter>Test源文件\辅助类和函数</Filter>
    </ClCompile>
    <ClCompile Include="WebInquirerTest.cpp">
      <Filter>Test源文件\网络数据提取器</Filter>
    </ClCompile>
    <ClCompile Include="CheckNeteaseDayLineInquiryStrTest.cpp">
      <Filter>Test源文件\China Stock Market</Filter>
    </ClCompile>
    <ClCompile Include="NeteaseRTWebInquiryTest.cpp">
      <Filter>Test源文件\China Stock Market\网络通信</Filter>
    </ClCompile>
    <ClCompile Include="TaskDistributeSinaRTDataToProperStockTest.cpp">
      <Filter>Test源文件\China Stock Market</Filter>
    </ClCompile>
    <ClCompile Include="SemaphoreTest.cpp">
      <Filter>Test源文件\辅助类和函数</Filter>
    </ClCompile>
    <ClCompile Include="$(MSBuildThisFileDirectory)..\..\lib\native\src\gtest\gtest-all.cc" />
    <ClCompile Include="$(MSBuildThisFileDirectory)..\..\lib\native\src\gmock\gmock-all.cc" />
    <ClCompile Include="StockAnalysisViewTest.cpp">
      <Filter>Test源文件\Windows界面</Filter>
    </ClCompile>
    <ClCompile Include="ChinaStockTest.cpp">
      <Filter>Test源文件\China Stock Market\Stock</Filter>
    </ClCompile>
    <ClCompile Include="..\StockAnalysis\source\Accessory.cpp">
      <Filter>dependency</Filter>
    </ClCompile>
    <ClCompile Include="..\StockAnalysis\source\ChinaMarket.cpp">
      <Filter>dependency</Filter>
    </ClCompile>
    <ClCompile Include="..\StockAnalysis\source\ChinaStock.cpp">
      <Filter>dependency</Filter>
    </ClCompile>
    <ClCompile Include="..\StockAnalysis\source\CrweberIndex.cpp">
      <Filter>dependency</Filter>
    </ClCompile>
    <ClCompile Include="..\StockAnalysis\source\CrweberIndexMarket.cpp">
      <Filter>dependency</Filter>
    </ClCompile>
    <ClCompile Include="..\StockAnalysis\source\CrweberIndexWebInquiry.cpp">
      <Filter>dependency</Filter>
    </ClCompile>
    <ClCompile Include="..\StockAnalysis\source\DayLine.cpp">
      <Filter>dependency</Filter>
    </ClCompile>
    <ClCompile Include="..\StockAnalysis\source\globedef.cpp">
      <Filter>dependency</Filter>
    </ClCompile>
    <ClCompile Include="..\StockAnalysis\source\Guadan.cpp">
      <Filter>dependency</Filter>
    </ClCompile>
    <ClCompile Include="..\StockAnalysis\source\NeteaseDayLineWebInquiry.cpp">
      <Filter>dependency</Filter>
    </ClCompile>
    <ClCompile Include="..\StockAnalysis\source\NeteaseRTWebInquiry.cpp">
      <Filter>dependency</Filter>
    </ClCompile>
    <ClCompile Include="..\StockAnalysis\source\OneDeal.cpp">
      <Filter>dependency</Filter>
    </ClCompile>
    <ClCompile Include="..\StockAnalysis\source\PotenDailyBriefing.cpp">
      <Filter>dependency</Filter>
    </ClCompile>
    <ClCompile Include="..\StockAnalysis\source\PotenDailyBriefingMarket.cpp">
      <Filter>dependency</Filter>
    </ClCompile>
    <ClCompile Include="..\StockAnalysis\source\PotenDailyBriefingWebInquiry.cpp">
      <Filter>dependency</Filter>
    </ClCompile>
    <ClCompile Include="..\StockAnalysis\source\PriorityQueueRTData.cpp">
      <Filter>dependency</Filter>
    </ClCompile>
    <ClCompile Include="..\StockAnalysis\source\QueueRTData.cpp">
      <Filter>dependency</Filter>
    </ClCompile>
    <ClCompile Include="..\StockAnalysis\source\QueueWebData.cpp">
      <Filter>dependency</Filter>
    </ClCompile>
    <ClCompile Include="..\StockAnalysis\source\RTData.cpp">
      <Filter>dependency</Filter>
    </ClCompile>
    <ClCompile Include="..\StockAnalysis\source\RTDataContainer.cpp">
      <Filter>dependency</Filter>
    </ClCompile>
    <ClCompile Include="..\StockAnalysis\source\SetChoicedStock.cpp">
      <Filter>dependency</Filter>
    </ClCompile>
    <ClCompile Include="..\StockAnalysis\source\SetCrweberIndex.cpp">
      <Filter>dependency</Filter>
    </ClCompile>
    <ClCompile Include="..\StockAnalysis\source\SetDayLineToday.cpp">
      <Filter>dependency</Filter>
    </ClCompile>
    <ClCompile Include="..\StockAnalysis\source\SetOption.cpp">
      <Filter>dependency</Filter>
    </ClCompile>
    <ClCompile Include="..\StockAnalysis\source\SetPotenDailyBriefing.cpp">
      <Filter>dependency</Filter>
    </ClCompile>
    <ClCompile Include="..\StockAnalysis\source\SetRealTimeData.cpp">
      <Filter>dependency</Filter>
    </ClCompile>
    <ClCompile Include="..\StockAnalysis\source\SetStockCode.cpp">
      <Filter>dependency</Filter>
    </ClCompile>
    <ClCompile Include="..\StockAnalysis\source\SinaRTWebInquiry.cpp">
      <Filter>dependency</Filter>
    </ClCompile>
    <ClCompile Include="..\StockAnalysis\source\SystemMessage.cpp">
      <Filter>dependency</Filter>
    </ClCompile>
    <ClCompile Include="..\StockAnalysis\source\TengxunRTWebInquiry.cpp">
      <Filter>dependency</Filter>
    </ClCompile>
    <ClCompile Include="..\StockAnalysis\source\ThreadCalculateDayLineRS.cpp">
      <Filter>dependency</Filter>
    </ClCompile>
    <ClCompile Include="..\StockAnalysis\source\ThreadLoadDayLine.cpp">
      <Filter>dependency</Filter>
    </ClCompile>
    <ClCompile Include="..\StockAnalysis\source\ThreadMaintainDayLineDB.cpp">
      <Filter>dependency</Filter>
    </ClCompile>
    <ClCompile Include="..\StockAnalysis\source\ThreadProcessCurrentTradeDayStock.cpp">
      <Filter>dependency</Filter>
    </ClCompile>
    <ClCompile Include="..\StockAnalysis\source\ThreadReadCrweberIndex.cpp">
      <Filter>dependency</Filter>
    </ClCompile>
    <ClCompile Include="..\StockAnalysis\source\ThreadReadNeteaseDayLine.cpp">
      <Filter>dependency</Filter>
    </ClCompile>
    <ClCompile Include="..\StockAnalysis\source\ThreadReadNeteaseRTData.cpp">
      <Filter>dependency</Filter>
    </ClCompile>
    <ClCompile Include="..\StockAnalysis\source\ThreadReadPotenDailyBriefing.cpp">
      <Filter>dependency</Filter>
    </ClCompile>
    <ClCompile Include="..\StockAnalysis\source\ThreadReadSinaRTData.cpp">
      <Filter>dependency</Filter>
    </ClCompile>
    <ClCompile Include="..\StockAnalysis\source\ThreadReadTengxunRTData.cpp">
      <Filter>dependency</Filter>
    </ClCompile>
    <ClCompile Include="..\StockAnalysis\source\ThreadSaveDayLine.cpp">
      <Filter>dependency</Filter>
    </ClCompile>
    <ClCompile Include="..\StockAnalysis\source\ThreadSaveRTData.cpp">
      <Filter>dependency</Filter>
    </ClCompile>
    <ClCompile Include="..\StockAnalysis\source\ThreadSaveTempRTData.cpp">
      <Filter>dependency</Filter>
    </ClCompile>
    <ClCompile Include="..\StockAnalysis\source\ThreadStatus.cpp">
      <Filter>dependency</Filter>
    </ClCompile>
    <ClCompile Include="..\StockAnalysis\source\ThreadUpdateStockCodeDB.cpp">
      <Filter>dependency</Filter>
    </ClCompile>
    <ClCompile Include="..\StockAnalysis\source\VirtualMarket.cpp">
      <Filter>dependency</Filter>
    </ClCompile>
    <ClCompile Include="..\StockAnalysis\source\VirtualWebInquiry.cpp">
      <Filter>dependency</Filter>
    </ClCompile>
    <ClCompile Include="..\StockAnalysis\source\WebInquirer.cpp">
      <Filter>dependency</Filter>
    </ClCompile>
    <ClCompile Include="..\StockAnalysis\ChildFrm.cpp">
      <Filter>dependency</Filter>
    </ClCompile>
    <ClCompile Include="..\StockAnalysis\MainFrm.cpp">
      <Filter>dependency</Filter>
    </ClCompile>
    <ClCompile Include="..\StockAnalysis\OutputWnd.cpp">
      <Filter>dependency</Filter>
    </ClCompile>
    <ClCompile Include="..\StockAnalysis\stdafx.cpp">
      <Filter>dependency</Filter>
    </ClCompile>
    <ClCompile Include="..\StockAnalysis\StockAnalysis.cpp">
      <Filter>dependency</Filter>
    </ClCompile>
    <ClCompile Include="..\StockAnalysis\StockAnalysisDoc.cpp">
      <Filter>dependency</Filter>
    </ClCompile>
    <ClCompile Include="..\StockAnalysis\StockAnalysisView.cpp">
      <Filter>dependency</Filter>
    </ClCompile>
    <ClCompile Include="ChinaStockMockTest.cpp">
      <Filter>Test源文件\China Stock Market\Stock</Filter>
    </ClCompile>
    <ClCompile Include="ChinaMarketMockTest.cpp">
      <Filter>Test源文件\China Stock Market</Filter>
    </ClCompile>
    <ClCompile Include="MainFrmMockTest.cpp">
      <Filter>Test源文件\Windows界面</Filter>
    </ClCompile>
    <ClCompile Include="SystemMessageMockTest.cpp">
      <Filter>Test源文件\辅助类和函数</Filter>
    </ClCompile>
    <ClCompile Include="ThreadReadPotenDailyBriefingTest.cpp">
      <Filter>Test源文件\Poten Daily Briefing</Filter>
    </ClCompile>
    <ClCompile Include="ThreadReadCrweberIndexTest.cpp">
      <Filter>Test源文件\Crweber.com</Filter>
    </ClCompile>
    <ClCompile Include="ThreadReadNeteaseRTDataTest.cpp">
      <Filter>Test源文件\China Stock Market\工作线程</Filter>
    </ClCompile>
    <ClCompile Include="ThreadReadSinaRTDataTest.cpp">
      <Filter>Test源文件\China Stock Market\工作线程</Filter>
    </ClCompile>
    <ClCompile Include="ThreadReadNeteaseDayLineTest.cpp">
      <Filter>Test源文件\China Stock Market\工作线程</Filter>
    </ClCompile>
    <ClCompile Include="ThreadReadTengxunRTDataTest.cpp">
      <Filter>Test源文件\China Stock Market\工作线程</Filter>
    </ClCompile>
    <ClCompile Include="PotenDailyBriefingMarketMockTest.cpp">
      <Filter>Test源文件\Poten Daily Briefing</Filter>
    </ClCompile>
    <ClCompile Include="..\StockAnalysis\source\ThreadChoice10RSStrongSTockSet.cpp">
      <Filter>dependency</Filter>
    </ClCompile>
    <ClCompile Include="..\StockAnalysis\source\SetDayLineBasicInfo.cpp">
      <Filter>dependency</Filter>
    </ClCompile>
    <ClCompile Include="..\StockAnalysis\source\SetDayLineExtendInfo.cpp">
      <Filter>dependency</Filter>
    </ClCompile>
    <ClCompile Include="..\StockAnalysis\source\SetRSStrong1Stock.cpp">
      <Filter>dependency</Filter>
    </ClCompile>
    <ClCompile Include="..\StockAnalysis\source\SetRSStrong2Stcok.cpp">
      <Filter>dependency</Filter>
    </ClCompile>
    <ClCompile Include="ThreadChoice10RSStrongStockSetTest.cpp">
      <Filter>Test源文件\China Stock Market\工作线程</Filter>
    </ClCompile>
  </ItemGroup>
  <ItemGroup>
    <ClInclude Include="EnvironmentSetUp.h">
      <Filter>Test源文件</Filter>
    </ClInclude>
    <ClInclude Include="MockNeteaseDayLineWebInquiry.h">
      <Filter>Mock类\China Stock Market\网络通信</Filter>
    </ClInclude>
    <ClInclude Include="MockNeteaseRTWebInquiry.h">
      <Filter>Mock类\China Stock Market\网络通信</Filter>
    </ClInclude>
    <ClInclude Include="MockSinaRTWebInquiry.h">
      <Filter>Mock类\China Stock Market\网络通信</Filter>
    </ClInclude>
    <ClInclude Include="MockTengxunRTWebInquiry.h">
      <Filter>Mock类\China Stock Market\网络通信</Filter>
    </ClInclude>
    <ClInclude Include="MockChinaMarket.h">
      <Filter>Mock类\China Stock Market</Filter>
    </ClInclude>
    <ClInclude Include="MockChinaStock.h">
      <Filter>Mock类\China Stock Market</Filter>
    </ClInclude>
    <ClInclude Include="MockCrweberIndexWebInquiry.h">
      <Filter>Mock类\Crweber.com Market</Filter>
    </ClInclude>
    <ClInclude Include="MockPotenDailyBriefingWebInquiry.h">
      <Filter>Mock类\Poten Daily Briefing Market</Filter>
    </ClInclude>
    <ClInclude Include="MockMainFrm.h">
      <Filter>Mock类\Windows界面</Filter>
    </ClInclude>
    <ClInclude Include="MockVirtualWebInquiry.h">
      <Filter>Mock类\基类</Filter>
    </ClInclude>
    <ClInclude Include="MockStockAnalysisView.h">
      <Filter>Mock类\Windows界面</Filter>
    </ClInclude>
    <ClInclude Include="..\StockAnalysis\source\Accessory.h">
      <Filter>dependency</Filter>
    </ClInclude>
    <ClInclude Include="..\StockAnalysis\source\ChinaMarket.h">
      <Filter>dependency</Filter>
    </ClInclude>
    <ClInclude Include="..\StockAnalysis\source\ChinaStock.h">
      <Filter>dependency</Filter>
    </ClInclude>
    <ClInclude Include="..\StockAnalysis\source\CrweberIndex.h">
      <Filter>dependency</Filter>
    </ClInclude>
    <ClInclude Include="..\StockAnalysis\source\CrweberIndexMarket.h">
      <Filter>dependency</Filter>
    </ClInclude>
    <ClInclude Include="..\StockAnalysis\source\CrweberIndexWebInquiry.h">
      <Filter>dependency</Filter>
    </ClInclude>
    <ClInclude Include="..\StockAnalysis\source\DayLine.h">
      <Filter>dependency</Filter>
    </ClInclude>
    <ClInclude Include="..\StockAnalysis\source\globedef.h">
      <Filter>dependency</Filter>
    </ClInclude>
    <ClInclude Include="..\StockAnalysis\source\Guadan.h">
      <Filter>dependency</Filter>
    </ClInclude>
    <ClInclude Include="..\StockAnalysis\source\NeteaseDayLineWebInquiry.h">
      <Filter>dependency</Filter>
    </ClInclude>
    <ClInclude Include="..\StockAnalysis\source\NeteaseRTWebInquiry.h">
      <Filter>dependency</Filter>
    </ClInclude>
    <ClInclude Include="..\StockAnalysis\source\OneDeal.h">
      <Filter>dependency</Filter>
    </ClInclude>
    <ClInclude Include="..\StockAnalysis\source\PotenDailyBriefing.h">
      <Filter>dependency</Filter>
    </ClInclude>
    <ClInclude Include="..\StockAnalysis\source\PotenDailyBriefingMarket.h">
      <Filter>dependency</Filter>
    </ClInclude>
    <ClInclude Include="..\StockAnalysis\source\PotenDailyBriefingWebInquiry.h">
      <Filter>dependency</Filter>
    </ClInclude>
    <ClInclude Include="..\StockAnalysis\source\PriorityQueueRTData.h">
      <Filter>dependency</Filter>
    </ClInclude>
    <ClInclude Include="..\StockAnalysis\source\QueueRTData.h">
      <Filter>dependency</Filter>
    </ClInclude>
    <ClInclude Include="..\StockAnalysis\source\QueueWebData.h">
      <Filter>dependency</Filter>
    </ClInclude>
    <ClInclude Include="..\StockAnalysis\source\RTData.h">
      <Filter>dependency</Filter>
    </ClInclude>
    <ClInclude Include="..\StockAnalysis\source\RTDataContainer.h">
      <Filter>dependency</Filter>
    </ClInclude>
    <ClInclude Include="..\StockAnalysis\source\Semaphore.h">
      <Filter>dependency</Filter>
    </ClInclude>
    <ClInclude Include="..\StockAnalysis\source\SetChoicedStock.h">
      <Filter>dependency</Filter>
    </ClInclude>
    <ClInclude Include="..\StockAnalysis\source\SetCrweberIndex.h">
      <Filter>dependency</Filter>
    </ClInclude>
    <ClInclude Include="..\StockAnalysis\source\SetDayLineToday.h">
      <Filter>dependency</Filter>
    </ClInclude>
    <ClInclude Include="..\StockAnalysis\source\SetOption.h">
      <Filter>dependency</Filter>
    </ClInclude>
    <ClInclude Include="..\StockAnalysis\source\SetPotenDailyBriefing.h">
      <Filter>dependency</Filter>
    </ClInclude>
    <ClInclude Include="..\StockAnalysis\source\SetRealTimeData.h">
      <Filter>dependency</Filter>
    </ClInclude>
    <ClInclude Include="..\StockAnalysis\source\SetStockCode.h">
      <Filter>dependency</Filter>
    </ClInclude>
    <ClInclude Include="..\StockAnalysis\source\SinaRTWebInquiry.h">
      <Filter>dependency</Filter>
    </ClInclude>
    <ClInclude Include="..\StockAnalysis\source\SystemMessage.h">
      <Filter>dependency</Filter>
    </ClInclude>
    <ClInclude Include="..\StockAnalysis\source\TengxunRTWebInquiry.h">
      <Filter>dependency</Filter>
    </ClInclude>
    <ClInclude Include="..\StockAnalysis\source\Thread.h">
      <Filter>dependency</Filter>
    </ClInclude>
    <ClInclude Include="..\StockAnalysis\source\ThreadStatus.h">
      <Filter>dependency</Filter>
    </ClInclude>
    <ClInclude Include="..\StockAnalysis\source\VirtualMarket.h">
      <Filter>dependency</Filter>
    </ClInclude>
    <ClInclude Include="..\StockAnalysis\source\VirtualWebInquiry.h">
      <Filter>dependency</Filter>
    </ClInclude>
    <ClInclude Include="..\StockAnalysis\source\WebData.h">
      <Filter>dependency</Filter>
    </ClInclude>
    <ClInclude Include="..\StockAnalysis\source\WebInquirer.h">
      <Filter>dependency</Filter>
    </ClInclude>
    <ClInclude Include="..\StockAnalysis\ChildFrm.h">
      <Filter>dependency</Filter>
    </ClInclude>
    <ClInclude Include="..\StockAnalysis\MainFrm.h">
      <Filter>dependency</Filter>
    </ClInclude>
    <ClInclude Include="..\StockAnalysis\OutputWnd.h">
      <Filter>dependency</Filter>
    </ClInclude>
    <ClInclude Include="..\StockAnalysis\resource.h">
      <Filter>dependency</Filter>
    </ClInclude>
    <ClInclude Include="..\StockAnalysis\stdafx.h">
      <Filter>dependency</Filter>
    </ClInclude>
    <ClInclude Include="..\StockAnalysis\StockAnalysis.h">
      <Filter>dependency</Filter>
    </ClInclude>
    <ClInclude Include="..\StockAnalysis\StockAnalysisDoc.h">
      <Filter>dependency</Filter>
    </ClInclude>
    <ClInclude Include="..\StockAnalysis\StockAnalysisView.h">
      <Filter>dependency</Filter>
    </ClInclude>
    <ClInclude Include="..\StockAnalysis\targetver.h">
      <Filter>dependency</Filter>
    </ClInclude>
    <ClInclude Include="MockSystemMessage.h">
      <Filter>Mock类\辅助类和函数</Filter>
    </ClInclude>
    <ClInclude Include="MockPotenDailyBriefingMarket.h">
      <Filter>Mock类\Poten Daily Briefing Market</Filter>
    </ClInclude>
    <ClInclude Include="..\StockAnalysis\source\SetDayLineBasicInfo.h">
      <Filter>dependency</Filter>
    </ClInclude>
    <ClInclude Include="..\StockAnalysis\source\SetDayLineExtendInfo.h">
      <Filter>dependency</Filter>
    </ClInclude>
    <ClInclude Include="..\StockAnalysis\source\SetRSStrong1Stock.h">
      <Filter>dependency</Filter>
    </ClInclude>
    <ClInclude Include="..\StockAnalysis\source\SetRSStrong2Stock.h">
      <Filter>dependency</Filter>
    </ClInclude>
  </ItemGroup>
  <ItemGroup>
    <None Include="packages.config" />
  </ItemGroup>
</Project>